
Microsoft Visual Studio Solution File, Format Version 12.00
# Visual Studio 2012
Project("{FAE04EC0-301F-11D3-BF4B-00C04F79EFBC}") = "ReactiveUI", "ReactiveUI\ReactiveUI_Net45.csproj", "{292A477B-BB94-43C1-984E-E177EF9FEDB7}"
EndProject
Project("{FAE04EC0-301F-11D3-BF4B-00C04F79EFBC}") = "ReactiveUI.Tests", "ReactiveUI.Tests\ReactiveUI.Tests_Net45.csproj", "{6FBDE6EA-2202-4A70-8EE4-7BA6D515952E}"
EndProject
Project("{2150E333-8FDC-42A3-9474-1A3956D46DE8}") = "Solution Items", "Solution Items", "{BD9762CF-E104-481C-96A6-26E624B86283}"
	ProjectSection(SolutionItems) = preProject
		Local.testsettings = Local.testsettings
		ReactiveUI.vsmdi = ReactiveUI.vsmdi
		TraceAndTestImpact.testsettings = TraceAndTestImpact.testsettings
	EndProjectSection
EndProject
Project("{FAE04EC0-301F-11D3-BF4B-00C04F79EFBC}") = "ReactiveUI.Blend", "ReactiveUI.Blend\ReactiveUI.Blend_Net45.csproj", "{3870EA63-AFDF-4D49-B4D6-8299506E67B4}"
EndProject
Project("{FAE04EC0-301F-11D3-BF4B-00C04F79EFBC}") = "PerfConsoleRunner", "PerfConsoleRunner\PerfConsoleRunner_Net45.csproj", "{DBC5FEB0-8535-4D77-AA1B-BA8957253996}"
EndProject
Project("{FAE04EC0-301F-11D3-BF4B-00C04F79EFBC}") = "ReactiveUI.Xaml", "ReactiveUI.Xaml\ReactiveUI.Xaml_Net45.csproj", "{761AC9BA-4A9C-440C-9B6C-2569978F0610}"
EndProject
Project("{FAE04EC0-301F-11D3-BF4B-00C04F79EFBC}") = "ReactiveUI.Testing", "ReactiveUI.Testing\ReactiveUI.Testing_Net45.csproj", "{E1F2AD19-276E-4D05-A41A-89AA133CECFC}"
EndProject
Project("{FAE04EC0-301F-11D3-BF4B-00C04F79EFBC}") = "ReactiveUI.Routing", "ReactiveUI.Routing\ReactiveUI.Routing_Net45.csproj", "{67038157-092E-4D72-BAF4-049EB1532264}"
EndProject
Project("{FAE04EC0-301F-11D3-BF4B-00C04F79EFBC}") = "ReactiveUI.Routing.Tests", "ReactiveUI.Routing.Tests\ReactiveUI.Routing.Tests_Net45.csproj", "{7584D9EF-E24C-4A60-B617-C42CB1EA606E}"
EndProject
Project("{FAE04EC0-301F-11D3-BF4B-00C04F79EFBC}") = "ReactiveUI.NLog", "ReactiveUI.NLog\ReactiveUI.NLog_Net45.csproj", "{168E460F-6ABC-40AE-B1F4-1712C91952D9}"
EndProject
Global
	GlobalSection(TestCaseManagementSettings) = postSolution
		CategoryFile = ReactiveUI.vsmdi
	EndGlobalSection
	GlobalSection(SolutionConfigurationPlatforms) = preSolution
		Debug|Any CPU = Debug|Any CPU
		Debug|Mixed Platforms = Debug|Mixed Platforms
		Debug|x86 = Debug|x86
		Release|Any CPU = Release|Any CPU
		Release|Mixed Platforms = Release|Mixed Platforms
		Release|x86 = Release|x86
	EndGlobalSection
	GlobalSection(ProjectConfigurationPlatforms) = postSolution
		{292A477B-BB94-43C1-984E-E177EF9FEDB7}.Debug|Any CPU.ActiveCfg = Debug|Any CPU
		{292A477B-BB94-43C1-984E-E177EF9FEDB7}.Debug|Any CPU.Build.0 = Debug|Any CPU
		{292A477B-BB94-43C1-984E-E177EF9FEDB7}.Debug|Mixed Platforms.ActiveCfg = Debug|Any CPU
		{292A477B-BB94-43C1-984E-E177EF9FEDB7}.Debug|Mixed Platforms.Build.0 = Debug|Any CPU
		{292A477B-BB94-43C1-984E-E177EF9FEDB7}.Debug|x86.ActiveCfg = Debug|Any CPU
		{292A477B-BB94-43C1-984E-E177EF9FEDB7}.Release|Any CPU.ActiveCfg = Release|Any CPU
		{292A477B-BB94-43C1-984E-E177EF9FEDB7}.Release|Any CPU.Build.0 = Release|Any CPU
		{292A477B-BB94-43C1-984E-E177EF9FEDB7}.Release|Mixed Platforms.ActiveCfg = Release|Any CPU
		{292A477B-BB94-43C1-984E-E177EF9FEDB7}.Release|Mixed Platforms.Build.0 = Release|Any CPU
		{292A477B-BB94-43C1-984E-E177EF9FEDB7}.Release|x86.ActiveCfg = Release|Any CPU
		{6FBDE6EA-2202-4A70-8EE4-7BA6D515952E}.Debug|Any CPU.ActiveCfg = Debug|Any CPU
		{6FBDE6EA-2202-4A70-8EE4-7BA6D515952E}.Debug|Any CPU.Build.0 = Debug|Any CPU
		{6FBDE6EA-2202-4A70-8EE4-7BA6D515952E}.Debug|Mixed Platforms.ActiveCfg = Debug|Any CPU
		{6FBDE6EA-2202-4A70-8EE4-7BA6D515952E}.Debug|Mixed Platforms.Build.0 = Debug|Any CPU
		{6FBDE6EA-2202-4A70-8EE4-7BA6D515952E}.Debug|x86.ActiveCfg = Debug|Any CPU
		{6FBDE6EA-2202-4A70-8EE4-7BA6D515952E}.Release|Any CPU.ActiveCfg = Release|Any CPU
		{6FBDE6EA-2202-4A70-8EE4-7BA6D515952E}.Release|Any CPU.Build.0 = Release|Any CPU
		{6FBDE6EA-2202-4A70-8EE4-7BA6D515952E}.Release|Mixed Platforms.ActiveCfg = Release|Any CPU
		{6FBDE6EA-2202-4A70-8EE4-7BA6D515952E}.Release|Mixed Platforms.Build.0 = Release|Any CPU
		{6FBDE6EA-2202-4A70-8EE4-7BA6D515952E}.Release|x86.ActiveCfg = Release|Any CPU
		{3870EA63-AFDF-4D49-B4D6-8299506E67B4}.Debug|Any CPU.ActiveCfg = Debug|Any CPU
		{3870EA63-AFDF-4D49-B4D6-8299506E67B4}.Debug|Any CPU.Build.0 = Debug|Any CPU
		{3870EA63-AFDF-4D49-B4D6-8299506E67B4}.Debug|Mixed Platforms.ActiveCfg = Debug|Any CPU
		{3870EA63-AFDF-4D49-B4D6-8299506E67B4}.Debug|Mixed Platforms.Build.0 = Debug|Any CPU
		{3870EA63-AFDF-4D49-B4D6-8299506E67B4}.Debug|x86.ActiveCfg = Debug|Any CPU
		{3870EA63-AFDF-4D49-B4D6-8299506E67B4}.Release|Any CPU.ActiveCfg = Release|Any CPU
		{3870EA63-AFDF-4D49-B4D6-8299506E67B4}.Release|Any CPU.Build.0 = Release|Any CPU
		{3870EA63-AFDF-4D49-B4D6-8299506E67B4}.Release|Mixed Platforms.ActiveCfg = Release|Any CPU
		{3870EA63-AFDF-4D49-B4D6-8299506E67B4}.Release|Mixed Platforms.Build.0 = Release|Any CPU
		{3870EA63-AFDF-4D49-B4D6-8299506E67B4}.Release|x86.ActiveCfg = Release|Any CPU
		{DBC5FEB0-8535-4D77-AA1B-BA8957253996}.Debug|Any CPU.ActiveCfg = Debug|x86
		{DBC5FEB0-8535-4D77-AA1B-BA8957253996}.Debug|Mixed Platforms.ActiveCfg = Debug|x86
		{DBC5FEB0-8535-4D77-AA1B-BA8957253996}.Debug|Mixed Platforms.Build.0 = Debug|x86
		{DBC5FEB0-8535-4D77-AA1B-BA8957253996}.Debug|x86.ActiveCfg = Debug|x86
		{DBC5FEB0-8535-4D77-AA1B-BA8957253996}.Debug|x86.Build.0 = Debug|x86
		{DBC5FEB0-8535-4D77-AA1B-BA8957253996}.Release|Any CPU.ActiveCfg = Release|x86
		{DBC5FEB0-8535-4D77-AA1B-BA8957253996}.Release|Mixed Platforms.ActiveCfg = Release|x86
		{DBC5FEB0-8535-4D77-AA1B-BA8957253996}.Release|Mixed Platforms.Build.0 = Release|x86
		{DBC5FEB0-8535-4D77-AA1B-BA8957253996}.Release|x86.ActiveCfg = Release|x86
		{DBC5FEB0-8535-4D77-AA1B-BA8957253996}.Release|x86.Build.0 = Release|x86
		{761AC9BA-4A9C-440C-9B6C-2569978F0610}.Debug|Any CPU.ActiveCfg = Debug|Any CPU
		{761AC9BA-4A9C-440C-9B6C-2569978F0610}.Debug|Any CPU.Build.0 = Debug|Any CPU
		{761AC9BA-4A9C-440C-9B6C-2569978F0610}.Debug|Mixed Platforms.ActiveCfg = Debug|Any CPU
		{761AC9BA-4A9C-440C-9B6C-2569978F0610}.Debug|Mixed Platforms.Build.0 = Debug|Any CPU
		{761AC9BA-4A9C-440C-9B6C-2569978F0610}.Debug|x86.ActiveCfg = Debug|Any CPU
		{761AC9BA-4A9C-440C-9B6C-2569978F0610}.Release|Any CPU.ActiveCfg = Release|Any CPU
		{761AC9BA-4A9C-440C-9B6C-2569978F0610}.Release|Any CPU.Build.0 = Release|Any CPU
		{761AC9BA-4A9C-440C-9B6C-2569978F0610}.Release|Mixed Platforms.ActiveCfg = Release|Any CPU
		{761AC9BA-4A9C-440C-9B6C-2569978F0610}.Release|Mixed Platforms.Build.0 = Release|Any CPU
		{761AC9BA-4A9C-440C-9B6C-2569978F0610}.Release|x86.ActiveCfg = Release|Any CPU
		{E1F2AD19-276E-4D05-A41A-89AA133CECFC}.Debug|Any CPU.ActiveCfg = Debug|Any CPU
		{E1F2AD19-276E-4D05-A41A-89AA133CECFC}.Debug|Any CPU.Build.0 = Debug|Any CPU
		{E1F2AD19-276E-4D05-A41A-89AA133CECFC}.Debug|Mixed Platforms.ActiveCfg = Debug|Any CPU
		{E1F2AD19-276E-4D05-A41A-89AA133CECFC}.Debug|Mixed Platforms.Build.0 = Debug|Any CPU
		{E1F2AD19-276E-4D05-A41A-89AA133CECFC}.Debug|x86.ActiveCfg = Debug|Any CPU
		{E1F2AD19-276E-4D05-A41A-89AA133CECFC}.Release|Any CPU.ActiveCfg = Release|Any CPU
		{E1F2AD19-276E-4D05-A41A-89AA133CECFC}.Release|Any CPU.Build.0 = Release|Any CPU
		{E1F2AD19-276E-4D05-A41A-89AA133CECFC}.Release|Mixed Platforms.ActiveCfg = Release|Any CPU
		{E1F2AD19-276E-4D05-A41A-89AA133CECFC}.Release|Mixed Platforms.Build.0 = Release|Any CPU
		{E1F2AD19-276E-4D05-A41A-89AA133CECFC}.Release|x86.ActiveCfg = Release|Any CPU
		{67038157-092E-4D72-BAF4-049EB1532264}.Debug|Any CPU.ActiveCfg = Debug|Any CPU
		{67038157-092E-4D72-BAF4-049EB1532264}.Debug|Any CPU.Build.0 = Debug|Any CPU
		{67038157-092E-4D72-BAF4-049EB1532264}.Debug|Mixed Platforms.ActiveCfg = Debug|Any CPU
		{67038157-092E-4D72-BAF4-049EB1532264}.Debug|Mixed Platforms.Build.0 = Debug|Any CPU
		{67038157-092E-4D72-BAF4-049EB1532264}.Debug|x86.ActiveCfg = Debug|Any CPU
		{67038157-092E-4D72-BAF4-049EB1532264}.Release|Any CPU.ActiveCfg = Release|Any CPU
		{67038157-092E-4D72-BAF4-049EB1532264}.Release|Any CPU.Build.0 = Release|Any CPU
		{67038157-092E-4D72-BAF4-049EB1532264}.Release|Mixed Platforms.ActiveCfg = Release|Any CPU
		{67038157-092E-4D72-BAF4-049EB1532264}.Release|Mixed Platforms.Build.0 = Release|Any CPU
		{67038157-092E-4D72-BAF4-049EB1532264}.Release|x86.ActiveCfg = Release|Any CPU
		{7584D9EF-E24C-4A60-B617-C42CB1EA606E}.Debug|Any CPU.ActiveCfg = Debug|Any CPU
		{7584D9EF-E24C-4A60-B617-C42CB1EA606E}.Debug|Any CPU.Build.0 = Debug|Any CPU
		{7584D9EF-E24C-4A60-B617-C42CB1EA606E}.Debug|Mixed Platforms.ActiveCfg = Debug|Any CPU
		{7584D9EF-E24C-4A60-B617-C42CB1EA606E}.Debug|Mixed Platforms.Build.0 = Debug|Any CPU
		{7584D9EF-E24C-4A60-B617-C42CB1EA606E}.Debug|x86.ActiveCfg = Debug|Any CPU
		{7584D9EF-E24C-4A60-B617-C42CB1EA606E}.Release|Any CPU.ActiveCfg = Release|Any CPU
		{7584D9EF-E24C-4A60-B617-C42CB1EA606E}.Release|Any CPU.Build.0 = Release|Any CPU
		{7584D9EF-E24C-4A60-B617-C42CB1EA606E}.Release|Mixed Platforms.ActiveCfg = Release|Any CPU
		{7584D9EF-E24C-4A60-B617-C42CB1EA606E}.Release|Mixed Platforms.Build.0 = Release|Any CPU
		{7584D9EF-E24C-4A60-B617-C42CB1EA606E}.Release|x86.ActiveCfg = Release|Any CPU
		{168E460F-6ABC-40AE-B1F4-1712C91952D9}.Debug|Any CPU.ActiveCfg = Debug|Any CPU
		{168E460F-6ABC-40AE-B1F4-1712C91952D9}.Debug|Any CPU.Build.0 = Debug|Any CPU
		{168E460F-6ABC-40AE-B1F4-1712C91952D9}.Debug|Mixed Platforms.ActiveCfg = Debug|Any CPU
		{168E460F-6ABC-40AE-B1F4-1712C91952D9}.Debug|Mixed Platforms.Build.0 = Debug|Any CPU
		{168E460F-6ABC-40AE-B1F4-1712C91952D9}.Debug|x86.ActiveCfg = Debug|Any CPU
		{168E460F-6ABC-40AE-B1F4-1712C91952D9}.Release|Any CPU.ActiveCfg = Release|Any CPU
		{168E460F-6ABC-40AE-B1F4-1712C91952D9}.Release|Any CPU.Build.0 = Release|Any CPU
		{168E460F-6ABC-40AE-B1F4-1712C91952D9}.Release|Mixed Platforms.ActiveCfg = Release|Any CPU
		{168E460F-6ABC-40AE-B1F4-1712C91952D9}.Release|Mixed Platforms.Build.0 = Release|Any CPU
		{168E460F-6ABC-40AE-B1F4-1712C91952D9}.Release|x86.ActiveCfg = Release|Any CPU
	EndGlobalSection
	GlobalSection(SolutionProperties) = preSolution
		HideSolutionNode = FALSE
	EndGlobalSection
EndGlobal
