
Microsoft Visual Studio Solution File, Format Version 12.00
# Visual Studio 2012
Project("{FAE04EC0-301F-11D3-BF4B-00C04F79EFBC}") = "ReactiveUI_WP8", "ReactiveUI\ReactiveUI_WP8.csproj", "{884D2D0B-65CE-40CB-AE45-B1F45C4ECE76}"
EndProject
Project("{FAE04EC0-301F-11D3-BF4B-00C04F79EFBC}") = "ReactiveUI.Xaml_WP8", "ReactiveUI.Xaml\ReactiveUI.Xaml_WP8.csproj", "{F9459904-F785-4255-866A-A619787CB895}"
EndProject
Project("{FAE04EC0-301F-11D3-BF4B-00C04F79EFBC}") = "ReactiveUI.Blend_WP8", "ReactiveUI.Blend\ReactiveUI.Blend_WP8.csproj", "{685E862E-AA12-4D05-AD27-61AB2D71E411}"
EndProject
Project("{FAE04EC0-301F-11D3-BF4B-00C04F79EFBC}") = "ReactiveUI.NLog_WP8", "ReactiveUI.NLog\ReactiveUI.NLog_WP8.csproj", "{584F60B1-C425-4D17-B90A-8C2AB1EC78D7}"
EndProject
Project("{FAE04EC0-301F-11D3-BF4B-00C04F79EFBC}") = "ReactiveUI.Routing_WP8", "ReactiveUI.Routing\ReactiveUI.Routing_WP8.csproj", "{9F70B056-893E-487D-8DD1-C012C4440618}"
EndProject
Project("{FAE04EC0-301F-11D3-BF4B-00C04F79EFBC}") = "ReactiveUI.Testing_WP8", "ReactiveUI.Testing\ReactiveUI.Testing_WP8.csproj", "{987AD32C-C854-4350-B427-059924717484}"
EndProject
Global
	GlobalSection(SolutionConfigurationPlatforms) = preSolution
		Debug|Any CPU = Debug|Any CPU
		Debug|ARM = Debug|ARM
		Debug|x86 = Debug|x86
		Release|Any CPU = Release|Any CPU
		Release|ARM = Release|ARM
		Release|x86 = Release|x86
	EndGlobalSection
	GlobalSection(ProjectConfigurationPlatforms) = postSolution
		{884D2D0B-65CE-40CB-AE45-B1F45C4ECE76}.Debug|Any CPU.ActiveCfg = Debug|Any CPU
		{884D2D0B-65CE-40CB-AE45-B1F45C4ECE76}.Debug|Any CPU.Build.0 = Debug|Any CPU
		{884D2D0B-65CE-40CB-AE45-B1F45C4ECE76}.Debug|ARM.ActiveCfg = Debug|ARM
		{884D2D0B-65CE-40CB-AE45-B1F45C4ECE76}.Debug|ARM.Build.0 = Debug|ARM
		{884D2D0B-65CE-40CB-AE45-B1F45C4ECE76}.Debug|x86.ActiveCfg = Debug|x86
		{884D2D0B-65CE-40CB-AE45-B1F45C4ECE76}.Debug|x86.Build.0 = Debug|x86
		{884D2D0B-65CE-40CB-AE45-B1F45C4ECE76}.Release|Any CPU.ActiveCfg = Release|Any CPU
		{884D2D0B-65CE-40CB-AE45-B1F45C4ECE76}.Release|Any CPU.Build.0 = Release|Any CPU
		{884D2D0B-65CE-40CB-AE45-B1F45C4ECE76}.Release|ARM.ActiveCfg = Release|ARM
		{884D2D0B-65CE-40CB-AE45-B1F45C4ECE76}.Release|ARM.Build.0 = Release|ARM
		{884D2D0B-65CE-40CB-AE45-B1F45C4ECE76}.Release|x86.ActiveCfg = Release|x86
		{884D2D0B-65CE-40CB-AE45-B1F45C4ECE76}.Release|x86.Build.0 = Release|x86
		{F9459904-F785-4255-866A-A619787CB895}.Debug|Any CPU.ActiveCfg = Debug|Any CPU
		{F9459904-F785-4255-866A-A619787CB895}.Debug|Any CPU.Build.0 = Debug|Any CPU
		{F9459904-F785-4255-866A-A619787CB895}.Debug|ARM.ActiveCfg = Debug|ARM
		{F9459904-F785-4255-866A-A619787CB895}.Debug|ARM.Build.0 = Debug|ARM
		{F9459904-F785-4255-866A-A619787CB895}.Debug|x86.ActiveCfg = Debug|x86
		{F9459904-F785-4255-866A-A619787CB895}.Debug|x86.Build.0 = Debug|x86
		{F9459904-F785-4255-866A-A619787CB895}.Release|Any CPU.ActiveCfg = Release|Any CPU
		{F9459904-F785-4255-866A-A619787CB895}.Release|Any CPU.Build.0 = Release|Any CPU
		{F9459904-F785-4255-866A-A619787CB895}.Release|ARM.ActiveCfg = Release|ARM
		{F9459904-F785-4255-866A-A619787CB895}.Release|ARM.Build.0 = Release|ARM
		{F9459904-F785-4255-866A-A619787CB895}.Release|x86.ActiveCfg = Release|x86
		{F9459904-F785-4255-866A-A619787CB895}.Release|x86.Build.0 = Release|x86
		{685E862E-AA12-4D05-AD27-61AB2D71E411}.Debug|Any CPU.ActiveCfg = Debug|Any CPU
		{685E862E-AA12-4D05-AD27-61AB2D71E411}.Debug|Any CPU.Build.0 = Debug|Any CPU
		{685E862E-AA12-4D05-AD27-61AB2D71E411}.Debug|ARM.ActiveCfg = Debug|ARM
		{685E862E-AA12-4D05-AD27-61AB2D71E411}.Debug|ARM.Build.0 = Debug|ARM
		{685E862E-AA12-4D05-AD27-61AB2D71E411}.Debug|x86.ActiveCfg = Debug|x86
		{685E862E-AA12-4D05-AD27-61AB2D71E411}.Debug|x86.Build.0 = Debug|x86
		{685E862E-AA12-4D05-AD27-61AB2D71E411}.Release|Any CPU.ActiveCfg = Release|Any CPU
		{685E862E-AA12-4D05-AD27-61AB2D71E411}.Release|Any CPU.Build.0 = Release|Any CPU
		{685E862E-AA12-4D05-AD27-61AB2D71E411}.Release|ARM.ActiveCfg = Release|ARM
		{685E862E-AA12-4D05-AD27-61AB2D71E411}.Release|ARM.Build.0 = Release|ARM
		{685E862E-AA12-4D05-AD27-61AB2D71E411}.Release|x86.ActiveCfg = Release|x86
		{685E862E-AA12-4D05-AD27-61AB2D71E411}.Release|x86.Build.0 = Release|x86
		{584F60B1-C425-4D17-B90A-8C2AB1EC78D7}.Debug|Any CPU.ActiveCfg = Debug|Any CPU
		{584F60B1-C425-4D17-B90A-8C2AB1EC78D7}.Debug|Any CPU.Build.0 = Debug|Any CPU
		{584F60B1-C425-4D17-B90A-8C2AB1EC78D7}.Debug|ARM.ActiveCfg = Debug|ARM
		{584F60B1-C425-4D17-B90A-8C2AB1EC78D7}.Debug|ARM.Build.0 = Debug|ARM
		{584F60B1-C425-4D17-B90A-8C2AB1EC78D7}.Debug|x86.ActiveCfg = Debug|x86
		{584F60B1-C425-4D17-B90A-8C2AB1EC78D7}.Debug|x86.Build.0 = Debug|x86
		{584F60B1-C425-4D17-B90A-8C2AB1EC78D7}.Release|Any CPU.ActiveCfg = Release|Any CPU
		{584F60B1-C425-4D17-B90A-8C2AB1EC78D7}.Release|Any CPU.Build.0 = Release|Any CPU
		{584F60B1-C425-4D17-B90A-8C2AB1EC78D7}.Release|ARM.ActiveCfg = Release|ARM
		{584F60B1-C425-4D17-B90A-8C2AB1EC78D7}.Release|ARM.Build.0 = Release|ARM
		{584F60B1-C425-4D17-B90A-8C2AB1EC78D7}.Release|x86.ActiveCfg = Release|x86
		{584F60B1-C425-4D17-B90A-8C2AB1EC78D7}.Release|x86.Build.0 = Release|x86
		{9F70B056-893E-487D-8DD1-C012C4440618}.Debug|Any CPU.ActiveCfg = Debug|Any CPU
		{9F70B056-893E-487D-8DD1-C012C4440618}.Debug|Any CPU.Build.0 = Debug|Any CPU
		{9F70B056-893E-487D-8DD1-C012C4440618}.Debug|ARM.ActiveCfg = Debug|ARM
		{9F70B056-893E-487D-8DD1-C012C4440618}.Debug|ARM.Build.0 = Debug|ARM
		{9F70B056-893E-487D-8DD1-C012C4440618}.Debug|x86.ActiveCfg = Debug|x86
		{9F70B056-893E-487D-8DD1-C012C4440618}.Debug|x86.Build.0 = Debug|x86
		{9F70B056-893E-487D-8DD1-C012C4440618}.Release|Any CPU.ActiveCfg = Release|Any CPU
		{9F70B056-893E-487D-8DD1-C012C4440618}.Release|Any CPU.Build.0 = Release|Any CPU
		{9F70B056-893E-487D-8DD1-C012C4440618}.Release|ARM.ActiveCfg = Release|ARM
		{9F70B056-893E-487D-8DD1-C012C4440618}.Release|ARM.Build.0 = Release|ARM
		{9F70B056-893E-487D-8DD1-C012C4440618}.Release|x86.ActiveCfg = Release|x86
		{9F70B056-893E-487D-8DD1-C012C4440618}.Release|x86.Build.0 = Release|x86
		{987AD32C-C854-4350-B427-059924717484}.Debug|Any CPU.ActiveCfg = Debug|Any CPU
		{987AD32C-C854-4350-B427-059924717484}.Debug|Any CPU.Build.0 = Debug|Any CPU
		{987AD32C-C854-4350-B427-059924717484}.Debug|ARM.ActiveCfg = Debug|ARM
		{987AD32C-C854-4350-B427-059924717484}.Debug|ARM.Build.0 = Debug|ARM
		{987AD32C-C854-4350-B427-059924717484}.Debug|x86.ActiveCfg = Debug|x86
		{987AD32C-C854-4350-B427-059924717484}.Debug|x86.Build.0 = Debug|x86
		{987AD32C-C854-4350-B427-059924717484}.Release|Any CPU.ActiveCfg = Release|Any CPU
		{987AD32C-C854-4350-B427-059924717484}.Release|Any CPU.Build.0 = Release|Any CPU
		{987AD32C-C854-4350-B427-059924717484}.Release|ARM.ActiveCfg = Release|ARM
		{987AD32C-C854-4350-B427-059924717484}.Release|ARM.Build.0 = Release|ARM
		{987AD32C-C854-4350-B427-059924717484}.Release|x86.ActiveCfg = Release|x86
		{987AD32C-C854-4350-B427-059924717484}.Release|x86.Build.0 = Release|x86
	EndGlobalSection
	GlobalSection(SolutionProperties) = preSolution
		HideSolutionNode = FALSE
	EndGlobalSection
EndGlobal
