
Microsoft Visual Studio Solution File, Format Version 11.00
# Visual Studio 2010
Project("{FAE04EC0-301F-11D3-BF4B-00C04F79EFBC}") = "ReactiveUI_Mono", "ReactiveUI\ReactiveUI_Mono.csproj", "{292A477B-BB94-43C1-984E-E177EF9FEDB7}"
EndProject
Project("{2150E333-8FDC-42A3-9474-1A3956D46DE8}") = "Solution Items", "Solution Items", "{BD9762CF-E104-481C-96A6-26E624B86283}"
	ProjectSection(SolutionItems) = preProject
		Local.testsettings = Local.testsettings
		ReactiveUI.vsmdi = ReactiveUI.vsmdi
		TraceAndTestImpact.testsettings = TraceAndTestImpact.testsettings
	EndProjectSection
EndProject
Project("{FAE04EC0-301F-11D3-BF4B-00C04F79EFBC}") = "ReactiveUI.Xaml_Mono", "ReactiveUI.Xaml\ReactiveUI.Xaml_Mono.csproj", "{761AC9BA-4A9C-440C-9B6C-2569978F0610}"
EndProject
Project("{FAE04EC0-301F-11D3-BF4B-00C04F79EFBC}") = "ReactiveUI.Routing_Mono", "ReactiveUI.Routing\ReactiveUI.Routing_Mono.csproj", "{67038157-092E-4D72-BAF4-049EB1532264}"
EndProject
Project("{FAE04EC0-301F-11D3-BF4B-00C04F79EFBC}") = "ReactiveUI.Gtk_Mono", "ReactiveUI.Gtk\ReactiveUI.Gtk_Mono.csproj", "{482DE1CC-A08C-49F7-AB36-445DC9724482}"
EndProject
Project("{FAE04EC0-301F-11D3-BF4B-00C04F79EFBC}") = "ReactiveUI.Cocoa", "ReactiveUI.Cocoa\ReactiveUI.Cocoa.csproj", "{0913BF79-061F-4667-ADF9-8E6CDA6D1213}"
EndProject
Project("{FAE04EC0-301F-11D3-BF4B-00C04F79EFBC}") = "ReactiveUI.NLog_Mono", "ReactiveUI.NLog\ReactiveUI.NLog_Mono.csproj", "{67038157-092E-4D72-BAF4-949EB1532264}"
EndProject
Project("{FAE04EC0-301F-11D3-BF4B-00C04F79EFBC}") = "XamarinMacPlayground", "XamarinMacPlayground\XamarinMacPlayground.csproj", "{F59E041D-0598-43FD-A6D5-52A25BAB8158}"
EndProject
Global
	GlobalSection(SolutionConfigurationPlatforms) = preSolution
		Debug|Any CPU = Debug|Any CPU
		Debug|Mixed Platforms = Debug|Mixed Platforms
		Debug|x86 = Debug|x86
		Release|Any CPU = Release|Any CPU
		Release|Mixed Platforms = Release|Mixed Platforms
		Release|x86 = Release|x86
		AppStore|Any CPU = AppStore|Any CPU
	EndGlobalSection
	GlobalSection(ProjectConfigurationPlatforms) = postSolution
		{0913BF79-061F-4667-ADF9-8E6CDA6D1213}.AppStore|Any CPU.ActiveCfg = AppStore|Any CPU
		{0913BF79-061F-4667-ADF9-8E6CDA6D1213}.AppStore|Any CPU.Build.0 = AppStore|Any CPU
		{0913BF79-061F-4667-ADF9-8E6CDA6D1213}.Debug|Any CPU.ActiveCfg = Debug|Any CPU
		{0913BF79-061F-4667-ADF9-8E6CDA6D1213}.Debug|Any CPU.Build.0 = Debug|Any CPU
		{0913BF79-061F-4667-ADF9-8E6CDA6D1213}.Debug|Mixed Platforms.ActiveCfg = Debug|Any CPU
		{0913BF79-061F-4667-ADF9-8E6CDA6D1213}.Debug|Mixed Platforms.Build.0 = Debug|Any CPU
		{0913BF79-061F-4667-ADF9-8E6CDA6D1213}.Debug|x86.ActiveCfg = Debug|Any CPU
		{0913BF79-061F-4667-ADF9-8E6CDA6D1213}.Debug|x86.Build.0 = Debug|Any CPU
		{0913BF79-061F-4667-ADF9-8E6CDA6D1213}.Release|Any CPU.ActiveCfg = Release|Any CPU
		{0913BF79-061F-4667-ADF9-8E6CDA6D1213}.Release|Any CPU.Build.0 = Release|Any CPU
		{0913BF79-061F-4667-ADF9-8E6CDA6D1213}.Release|Mixed Platforms.ActiveCfg = Release|Any CPU
		{0913BF79-061F-4667-ADF9-8E6CDA6D1213}.Release|Mixed Platforms.Build.0 = Release|Any CPU
		{0913BF79-061F-4667-ADF9-8E6CDA6D1213}.Release|x86.ActiveCfg = Release|Any CPU
		{0913BF79-061F-4667-ADF9-8E6CDA6D1213}.Release|x86.Build.0 = Release|Any CPU
		{292A477B-BB94-43C1-984E-E177EF9FEDB7}.AppStore|Any CPU.ActiveCfg = Debug|Any CPU
		{292A477B-BB94-43C1-984E-E177EF9FEDB7}.AppStore|Any CPU.Build.0 = Debug|Any CPU
		{292A477B-BB94-43C1-984E-E177EF9FEDB7}.Debug|Any CPU.ActiveCfg = Debug|Any CPU
		{292A477B-BB94-43C1-984E-E177EF9FEDB7}.Debug|Any CPU.Build.0 = Debug|Any CPU
		{292A477B-BB94-43C1-984E-E177EF9FEDB7}.Debug|Mixed Platforms.ActiveCfg = Debug|Any CPU
		{292A477B-BB94-43C1-984E-E177EF9FEDB7}.Debug|Mixed Platforms.Build.0 = Debug|Any CPU
		{292A477B-BB94-43C1-984E-E177EF9FEDB7}.Debug|x86.ActiveCfg = Debug|Any CPU
		{292A477B-BB94-43C1-984E-E177EF9FEDB7}.Debug|x86.Build.0 = Debug|Any CPU
		{292A477B-BB94-43C1-984E-E177EF9FEDB7}.Release|Any CPU.ActiveCfg = Release|Any CPU
		{292A477B-BB94-43C1-984E-E177EF9FEDB7}.Release|Any CPU.Build.0 = Release|Any CPU
		{292A477B-BB94-43C1-984E-E177EF9FEDB7}.Release|Mixed Platforms.ActiveCfg = Release|Any CPU
		{292A477B-BB94-43C1-984E-E177EF9FEDB7}.Release|Mixed Platforms.Build.0 = Release|Any CPU
		{292A477B-BB94-43C1-984E-E177EF9FEDB7}.Release|x86.ActiveCfg = Release|Any CPU
		{292A477B-BB94-43C1-984E-E177EF9FEDB7}.Release|x86.Build.0 = Release|Any CPU
		{482DE1CC-A08C-49F7-AB36-445DC9724482}.AppStore|Any CPU.ActiveCfg = Debug|Any CPU
		{482DE1CC-A08C-49F7-AB36-445DC9724482}.AppStore|Any CPU.Build.0 = Debug|Any CPU
		{482DE1CC-A08C-49F7-AB36-445DC9724482}.Debug|Any CPU.ActiveCfg = Debug|Any CPU
		{482DE1CC-A08C-49F7-AB36-445DC9724482}.Debug|Any CPU.Build.0 = Debug|Any CPU
		{482DE1CC-A08C-49F7-AB36-445DC9724482}.Debug|Mixed Platforms.ActiveCfg = Debug|Any CPU
		{482DE1CC-A08C-49F7-AB36-445DC9724482}.Debug|Mixed Platforms.Build.0 = Debug|Any CPU
		{482DE1CC-A08C-49F7-AB36-445DC9724482}.Debug|x86.ActiveCfg = Debug|Any CPU
		{482DE1CC-A08C-49F7-AB36-445DC9724482}.Debug|x86.Build.0 = Debug|Any CPU
		{482DE1CC-A08C-49F7-AB36-445DC9724482}.Release|Any CPU.ActiveCfg = Release|Any CPU
		{482DE1CC-A08C-49F7-AB36-445DC9724482}.Release|Any CPU.Build.0 = Release|Any CPU
		{482DE1CC-A08C-49F7-AB36-445DC9724482}.Release|Mixed Platforms.ActiveCfg = Release|Any CPU
		{482DE1CC-A08C-49F7-AB36-445DC9724482}.Release|Mixed Platforms.Build.0 = Release|Any CPU
		{482DE1CC-A08C-49F7-AB36-445DC9724482}.Release|x86.ActiveCfg = Release|Any CPU
		{482DE1CC-A08C-49F7-AB36-445DC9724482}.Release|x86.Build.0 = Release|Any CPU
		{67038157-092E-4D72-BAF4-049EB1532264}.AppStore|Any CPU.ActiveCfg = Debug|Any CPU
		{67038157-092E-4D72-BAF4-049EB1532264}.AppStore|Any CPU.Build.0 = Debug|Any CPU
		{67038157-092E-4D72-BAF4-049EB1532264}.Debug|Any CPU.ActiveCfg = Debug|Any CPU
		{67038157-092E-4D72-BAF4-049EB1532264}.Debug|Any CPU.Build.0 = Debug|Any CPU
		{67038157-092E-4D72-BAF4-049EB1532264}.Debug|Mixed Platforms.ActiveCfg = Debug|Any CPU
		{67038157-092E-4D72-BAF4-049EB1532264}.Debug|Mixed Platforms.Build.0 = Debug|Any CPU
		{67038157-092E-4D72-BAF4-049EB1532264}.Debug|x86.ActiveCfg = Debug|Any CPU
		{67038157-092E-4D72-BAF4-049EB1532264}.Debug|x86.Build.0 = Debug|Any CPU
		{67038157-092E-4D72-BAF4-049EB1532264}.Release|Any CPU.ActiveCfg = Release|Any CPU
		{67038157-092E-4D72-BAF4-049EB1532264}.Release|Any CPU.Build.0 = Release|Any CPU
		{67038157-092E-4D72-BAF4-049EB1532264}.Release|Mixed Platforms.ActiveCfg = Release|Any CPU
		{67038157-092E-4D72-BAF4-049EB1532264}.Release|Mixed Platforms.Build.0 = Release|Any CPU
		{67038157-092E-4D72-BAF4-049EB1532264}.Release|x86.ActiveCfg = Release|Any CPU
		{67038157-092E-4D72-BAF4-049EB1532264}.Release|x86.Build.0 = Release|Any CPU
		{67038157-092E-4D72-BAF4-949EB1532264}.AppStore|Any CPU.ActiveCfg = Debug|Any CPU
		{67038157-092E-4D72-BAF4-949EB1532264}.AppStore|Any CPU.Build.0 = Debug|Any CPU
		{67038157-092E-4D72-BAF4-949EB1532264}.Debug|Any CPU.ActiveCfg = Debug|Any CPU
		{67038157-092E-4D72-BAF4-949EB1532264}.Debug|Any CPU.Build.0 = Debug|Any CPU
		{67038157-092E-4D72-BAF4-949EB1532264}.Debug|Mixed Platforms.ActiveCfg = Debug|Any CPU
		{67038157-092E-4D72-BAF4-949EB1532264}.Debug|Mixed Platforms.Build.0 = Debug|Any CPU
		{67038157-092E-4D72-BAF4-949EB1532264}.Debug|x86.ActiveCfg = Debug|Any CPU
		{67038157-092E-4D72-BAF4-949EB1532264}.Debug|x86.Build.0 = Debug|Any CPU
		{67038157-092E-4D72-BAF4-949EB1532264}.Release|Any CPU.ActiveCfg = Release|Any CPU
		{67038157-092E-4D72-BAF4-949EB1532264}.Release|Any CPU.Build.0 = Release|Any CPU
		{67038157-092E-4D72-BAF4-949EB1532264}.Release|Mixed Platforms.ActiveCfg = Release|Any CPU
		{67038157-092E-4D72-BAF4-949EB1532264}.Release|Mixed Platforms.Build.0 = Release|Any CPU
		{67038157-092E-4D72-BAF4-949EB1532264}.Release|x86.ActiveCfg = Release|Any CPU
		{67038157-092E-4D72-BAF4-949EB1532264}.Release|x86.Build.0 = Release|Any CPU
		{761AC9BA-4A9C-440C-9B6C-2569978F0610}.AppStore|Any CPU.ActiveCfg = Debug|Any CPU
		{761AC9BA-4A9C-440C-9B6C-2569978F0610}.AppStore|Any CPU.Build.0 = Debug|Any CPU
		{761AC9BA-4A9C-440C-9B6C-2569978F0610}.Debug|Any CPU.ActiveCfg = Debug|Any CPU
		{761AC9BA-4A9C-440C-9B6C-2569978F0610}.Debug|Any CPU.Build.0 = Debug|Any CPU
		{761AC9BA-4A9C-440C-9B6C-2569978F0610}.Debug|Mixed Platforms.ActiveCfg = Debug|Any CPU
		{761AC9BA-4A9C-440C-9B6C-2569978F0610}.Debug|Mixed Platforms.Build.0 = Debug|Any CPU
		{761AC9BA-4A9C-440C-9B6C-2569978F0610}.Debug|x86.ActiveCfg = Debug|Any CPU
		{761AC9BA-4A9C-440C-9B6C-2569978F0610}.Debug|x86.Build.0 = Debug|Any CPU
		{761AC9BA-4A9C-440C-9B6C-2569978F0610}.Release|Any CPU.ActiveCfg = Release|Any CPU
		{761AC9BA-4A9C-440C-9B6C-2569978F0610}.Release|Any CPU.Build.0 = Release|Any CPU
		{761AC9BA-4A9C-440C-9B6C-2569978F0610}.Release|Mixed Platforms.ActiveCfg = Release|Any CPU
		{761AC9BA-4A9C-440C-9B6C-2569978F0610}.Release|Mixed Platforms.Build.0 = Release|Any CPU
		{761AC9BA-4A9C-440C-9B6C-2569978F0610}.Release|x86.ActiveCfg = Release|Any CPU
		{761AC9BA-4A9C-440C-9B6C-2569978F0610}.Release|x86.Build.0 = Release|Any CPU
		{F59E041D-0598-43FD-A6D5-52A25BAB8158}.AppStore|Any CPU.ActiveCfg = AppStore|Any CPU
		{F59E041D-0598-43FD-A6D5-52A25BAB8158}.AppStore|Any CPU.Build.0 = AppStore|Any CPU
		{F59E041D-0598-43FD-A6D5-52A25BAB8158}.Debug|Any CPU.ActiveCfg = Debug|Any CPU
		{F59E041D-0598-43FD-A6D5-52A25BAB8158}.Debug|Any CPU.Build.0 = Debug|Any CPU
		{F59E041D-0598-43FD-A6D5-52A25BAB8158}.Debug|Mixed Platforms.ActiveCfg = Debug|Any CPU
		{F59E041D-0598-43FD-A6D5-52A25BAB8158}.Debug|Mixed Platforms.Build.0 = Debug|Any CPU
		{F59E041D-0598-43FD-A6D5-52A25BAB8158}.Debug|x86.ActiveCfg = Debug|Any CPU
		{F59E041D-0598-43FD-A6D5-52A25BAB8158}.Debug|x86.Build.0 = Debug|Any CPU
		{F59E041D-0598-43FD-A6D5-52A25BAB8158}.Release|Any CPU.ActiveCfg = Release|Any CPU
		{F59E041D-0598-43FD-A6D5-52A25BAB8158}.Release|Any CPU.Build.0 = Release|Any CPU
		{F59E041D-0598-43FD-A6D5-52A25BAB8158}.Release|Mixed Platforms.ActiveCfg = Release|Any CPU
		{F59E041D-0598-43FD-A6D5-52A25BAB8158}.Release|Mixed Platforms.Build.0 = Release|Any CPU
		{F59E041D-0598-43FD-A6D5-52A25BAB8158}.Release|x86.ActiveCfg = Release|Any CPU
		{F59E041D-0598-43FD-A6D5-52A25BAB8158}.Release|x86.Build.0 = Release|Any CPU
	EndGlobalSection
	GlobalSection(NestedProjects) = preSolution
	EndGlobalSection
	GlobalSection(MonoDevelopProperties) = preSolution
		StartupItem = XamarinMacPlayground\XamarinMacPlayground.csproj
		Policies = $0
		$0.TextStylePolicy = $1
		$1.FileWidth = 120
		$1.inheritsSet = VisualStudio
		$1.inheritsScope = text/plain
		$1.scope = text/x-csharp
		$0.CSharpFormattingPolicy = $2
		$2.IndentSwitchBody = True
		$2.AnonymousMethodBraceStyle = NextLine
		$2.PropertyBraceStyle = NextLine
		$2.PropertyGetBraceStyle = NextLine
		$2.PropertySetBraceStyle = NextLine
		$2.EventBraceStyle = NextLine
		$2.EventAddBraceStyle = NextLine
		$2.EventRemoveBraceStyle = NextLine
		$2.StatementBraceStyle = NextLine
		$2.ArrayInitializerBraceStyle = NextLine
		$2.BeforeMethodDeclarationParentheses = False
		$2.BeforeMethodCallParentheses = False
		$2.BeforeConstructorDeclarationParentheses = False
		$2.BeforeDelegateDeclarationParentheses = False
		$2.NewParentheses = False
		$2.inheritsSet = Mono
		$2.inheritsScope = text/x-csharp
		$2.scope = text/x-csharp
		$0.StandardHeader = $3
		$3.Text = 
		$3.IncludeInNewFiles = True
		$0.NameConventionPolicy = $4
		$4.Rules = $5
		$5.NamingRule = $6
		$6.Name = Namespaces
		$6.AffectedEntity = Namespace
		$6.VisibilityMask = VisibilityMask
		$6.NamingStyle = PascalCase
		$6.IncludeInstanceMembers = True
		$6.IncludeStaticEntities = True
		$5.NamingRule = $7
		$7.Name = Types
		$7.AffectedEntity = Class, Struct, Enum, Delegate
		$7.VisibilityMask = Public
		$7.NamingStyle = PascalCase
		$7.IncludeInstanceMembers = True
		$7.IncludeStaticEntities = True
		$5.NamingRule = $8
		$8.Name = Interfaces
		$8.RequiredPrefixes = $9
		$9.String = I
		$8.AffectedEntity = Interface
		$8.VisibilityMask = Public
		$8.NamingStyle = PascalCase
		$8.IncludeInstanceMembers = True
		$8.IncludeStaticEntities = True
		$5.NamingRule = $10
		$10.Name = Attributes
		$10.RequiredSuffixes = $11
		$11.String = Attribute
		$10.AffectedEntity = CustomAttributes
		$10.VisibilityMask = Public
		$10.NamingStyle = PascalCase
		$10.IncludeInstanceMembers = True
		$10.IncludeStaticEntities = True
		$5.NamingRule = $12
		$12.Name = Event Arguments
		$12.RequiredSuffixes = $13
		$13.String = EventArgs
		$12.AffectedEntity = CustomEventArgs
		$12.VisibilityMask = Public
		$12.NamingStyle = PascalCase
		$12.IncludeInstanceMembers = True
		$12.IncludeStaticEntities = True
		$5.NamingRule = $14
		$14.Name = Exceptions
		$14.RequiredSuffixes = $15
		$15.String = Exception
		$14.AffectedEntity = CustomExceptions
		$14.VisibilityMask = VisibilityMask
		$14.NamingStyle = PascalCase
		$14.IncludeInstanceMembers = True
		$14.IncludeStaticEntities = True
		$5.NamingRule = $16
		$16.Name = Methods
		$16.AffectedEntity = Methods
		$16.VisibilityMask = Protected, Public
		$16.NamingStyle = PascalCase
		$16.IncludeInstanceMembers = True
		$16.IncludeStaticEntities = True
		$5.NamingRule = $17
		$17.Name = Static Readonly Fields
		$17.AffectedEntity = ReadonlyField
		$17.VisibilityMask = Protected, Public
		$17.NamingStyle = PascalCase
		$17.IncludeInstanceMembers = False
		$17.IncludeStaticEntities = True
		$5.NamingRule = $18
		$18.Name = Fields
		$18.AffectedEntity = Field
		$18.VisibilityMask = Protected, Public
		$18.NamingStyle = PascalCase
		$18.IncludeInstanceMembers = True
		$18.IncludeStaticEntities = True
		$5.NamingRule = $19
		$19.Name = ReadOnly Fields
		$19.AffectedEntity = ReadonlyField
		$19.VisibilityMask = Protected, Public
		$19.NamingStyle = PascalCase
		$19.IncludeInstanceMembers = True
		$19.IncludeStaticEntities = False
		$5.NamingRule = $20
		$20.Name = Constant Fields
		$20.AffectedEntity = ConstantField
		$20.VisibilityMask = Protected, Public
		$20.NamingStyle = PascalCase
		$20.IncludeInstanceMembers = True
		$20.IncludeStaticEntities = True
		$5.NamingRule = $21
		$21.Name = Properties
		$21.AffectedEntity = Property
		$21.VisibilityMask = Protected, Public
		$21.NamingStyle = PascalCase
		$21.IncludeInstanceMembers = True
		$21.IncludeStaticEntities = True
		$5.NamingRule = $22
		$22.Name = Events
		$22.AffectedEntity = Event
		$22.VisibilityMask = Protected, Public
		$22.NamingStyle = PascalCase
		$22.IncludeInstanceMembers = True
		$22.IncludeStaticEntities = True
		$5.NamingRule = $23
		$23.Name = Enum Members
		$23.AffectedEntity = EnumMember
		$23.VisibilityMask = VisibilityMask
		$23.NamingStyle = PascalCase
		$23.IncludeInstanceMembers = True
		$23.IncludeStaticEntities = True
		$5.NamingRule = $24
		$24.Name = Parameters
		$24.AffectedEntity = Parameter
		$24.VisibilityMask = VisibilityMask
		$24.NamingStyle = CamelCase
		$24.IncludeInstanceMembers = True
		$24.IncludeStaticEntities = True
		$5.NamingRule = $25
		$25.Name = Type Parameters
		$25.RequiredPrefixes = $26
		$26.String = T
		$25.AffectedEntity = TypeParameter
		$25.VisibilityMask = VisibilityMask
		$25.NamingStyle = PascalCase
		$25.IncludeInstanceMembers = True
		$25.IncludeStaticEntities = True
	EndGlobalSection
	GlobalSection(TestCaseManagementSettings) = postSolution
		CategoryFile = ReactiveUI.vsmdi
	EndGlobalSection
	GlobalSection(SolutionProperties) = preSolution
		HideSolutionNode = FALSE
	EndGlobalSection
EndGlobal
