Microsoft Visual Studio Solution File, Format Version 12.00
# Visual Studio 2012
Project("{FAE04EC0-301F-11D3-BF4B-00C04F79EFBC}") = "ReactiveUI.Tests_Net45", "ReactiveUI.Tests\ReactiveUI.Tests_Net45.csproj", "{6FBDE6EA-2202-4A70-8EE4-7BA6D515952E}"
EndProject
Project("{2150E333-8FDC-42A3-9474-1A3956D46DE8}") = "Solution Items", "Solution Items", "{BD9762CF-E104-481C-96A6-26E624B86283}"
	ProjectSection(SolutionItems) = preProject
		Local.testsettings = Local.testsettings
		ReactiveUI.vsmdi = ReactiveUI.vsmdi
		TraceAndTestImpact.testsettings = TraceAndTestImpact.testsettings
	EndProjectSection
EndProject
Project("{FAE04EC0-301F-11D3-BF4B-00C04F79EFBC}") = "ReactiveUI.Xaml_WP8", "ReactiveUI.Platforms\ReactiveUI.Xaml_WP8.csproj", "{F9459904-F785-4255-866A-A619787CB895}"
EndProject
Project("{FAE04EC0-301F-11D3-BF4B-00C04F79EFBC}") = "ReactiveUI.Xaml_WinRT", "ReactiveUI.Platforms\ReactiveUI.Xaml_WinRT.csproj", "{689EC7C5-2D81-4124-929E-397B330CC358}"
EndProject
Project("{FAE04EC0-301F-11D3-BF4B-00C04F79EFBC}") = "ReactiveUI.Xaml_Net45", "ReactiveUI.Platforms\ReactiveUI.Xaml_Net45.csproj", "{1CE2D235-8072-4649-BA5A-CFB1AF8776E0}"
EndProject
Project("{FAE04EC0-301F-11D3-BF4B-00C04F79EFBC}") = "ReactiveUI.Testing_WP8", "ReactiveUI.Testing\ReactiveUI.Testing_WP8.csproj", "{987AD32C-C854-4350-B427-059924717484}"
EndProject
Project("{FAE04EC0-301F-11D3-BF4B-00C04F79EFBC}") = "ReactiveUI.Testing_Net45", "ReactiveUI.Testing\ReactiveUI.Testing_Net45.csproj", "{DD99FD0F-82F6-4C30-930E-4A1D0DF01D65}"
EndProject
Project("{FAE04EC0-301F-11D3-BF4B-00C04F79EFBC}") = "ReactiveUI.NLog_WP8", "ReactiveUI.NLog\ReactiveUI.NLog_WP8.csproj", "{584F60B1-C425-4D17-B90A-8C2AB1EC78D7}"
EndProject
Project("{FAE04EC0-301F-11D3-BF4B-00C04F79EFBC}") = "ReactiveUI.NLog_Net45", "ReactiveUI.NLog\ReactiveUI.NLog_Net45.csproj", "{08D3606B-EE79-43EE-8382-72A1091F1F30}"
EndProject
Project("{FAE04EC0-301F-11D3-BF4B-00C04F79EFBC}") = "ReactiveUI.Blend_WP8", "ReactiveUI.Blend\ReactiveUI.Blend_WP8.csproj", "{685E862E-AA12-4D05-AD27-61AB2D71E411}"
EndProject
Project("{FAE04EC0-301F-11D3-BF4B-00C04F79EFBC}") = "ReactiveUI.Blend_Net45", "ReactiveUI.Blend\ReactiveUI.Blend_Net45.csproj", "{7866B5B1-5457-43A2-976A-E784EB10F2DA}"
EndProject
Project("{FAE04EC0-301F-11D3-BF4B-00C04F79EFBC}") = "ReactiveUI.Mobile_WinRT", "ReactiveUI.Mobile\ReactiveUI.Mobile_WinRT.csproj", "{30540F2B-0F4C-40A0-B3B6-FFDDFA09D8FD}"
EndProject
Project("{FAE04EC0-301F-11D3-BF4B-00C04F79EFBC}") = "ReactiveUI.Mobile_WP8", "ReactiveUI.Mobile\ReactiveUI.Mobile_WP8.csproj", "{B90F3D02-1E3A-4DD7-8E00-30F28B6DCC1E}"
EndProject
Project("{FAE04EC0-301F-11D3-BF4B-00C04F79EFBC}") = "MobileSample-WP8", "MobileSample-WP8\MobileSample-WP8.csproj", "{B5708000-73EE-43A2-9830-454C74B037F1}"
EndProject
Project("{FAE04EC0-301F-11D3-BF4B-00C04F79EFBC}") = "MobileSample-WinRT", "MobileSample-WinRT\MobileSample-WinRT.csproj", "{E8C81219-761C-4749-B997-23E171B58D14}"
EndProject
Project("{FAE04EC0-301F-11D3-BF4B-00C04F79EFBC}") = "ReactiveUI", "ReactiveUI\ReactiveUI.csproj", "{464CB812-F99F-401B-BE4C-E8F0515CD19D}"
EndProject
Project("{FAE04EC0-301F-11D3-BF4B-00C04F79EFBC}") = "ReactiveUI.Events_Net45", "ReactiveUI.Events\ReactiveUI.Events_Net45.csproj", "{600998C4-54DD-4755-BFA8-6F44544D8E2E}"
EndProject
Project("{FAE04EC0-301F-11D3-BF4B-00C04F79EFBC}") = "ReactiveUI.Events_WinRT", "ReactiveUI.Events\ReactiveUI.Events_WinRT.csproj", "{689EC7CA-2D81-4124-929E-397B330CC358}"
EndProject
Project("{FAE04EC0-301F-11D3-BF4B-00C04F79EFBC}") = "ReactiveUI.Events_WP8", "ReactiveUI.Events\ReactiveUI.Events_WP8.csproj", "{A9459904-F785-4255-866A-A619787CB895}"
EndProject
Project("{FAE04EC0-301F-11D3-BF4B-00C04F79EFBC}") = "RxUIViewModelGenerator", "RxUIViewModelGenerator\RxUIViewModelGenerator.csproj", "{EE7D7FD6-4475-4D1F-A000-9D684F8EC3C7}"
EndProject
Project("{FAE04EC0-301F-11D3-BF4B-00C04F79EFBC}") = "ReactiveUI_Monodroid", "ReactiveUI\ReactiveUI_Monodroid.csproj", "{F92A477B-BB94-43C1-984E-E177EF9FEDB7}"
EndProject
Project("{FAE04EC0-301F-11D3-BF4B-00C04F79EFBC}") = "ReactiveUI_Monotouch", "ReactiveUI\ReactiveUI_Monotouch.csproj", "{9091337A-9E94-4DBD-801E-05E1FDA78FFC}"
EndProject
Project("{FAE04EC0-301F-11D3-BF4B-00C04F79EFBC}") = "ReactiveUI.Android", "ReactiveUI.Platforms\ReactiveUI.Android.csproj", "{F5A6E11B-B074-4A0B-B937-267D840E31DF}"
EndProject
Project("{FAE04EC0-301F-11D3-BF4B-00C04F79EFBC}") = "ReactiveUI.Cocoa_Monotouch", "ReactiveUI.Platforms\ReactiveUI.Cocoa_Monotouch.csproj", "{9091337A-9E94-4DBD-801E-15E1FDA78FFC}"
EndProject
Project("{FAE04EC0-301F-11D3-BF4B-00C04F79EFBC}") = "ReactiveUI.Mobile_Monodroid", "ReactiveUI.Mobile\ReactiveUI.Mobile_Monodroid.csproj", "{A92E477B-BB94-43C1-984E-E177EF9FEDB1}"
EndProject
Project("{FAE04EC0-301F-11D3-BF4B-00C04F79EFBC}") = "ReactiveUI.Mobile_Monotouch", "ReactiveUI.Mobile\ReactiveUI.Mobile_Monotouch.csproj", "{9091337A-9E94-4DBD-801E-15E10DB72FFC}"
EndProject
Project("{FAE04EC0-301F-11D3-BF4B-00C04F79EFBC}") = "ReactiveUI.Events_Monodroid", "ReactiveUI.Events\ReactiveUI.Events_Monodroid.csproj", "{A120F2EC-F343-47BD-9BD3-7572C1E58433}"
EndProject
Global
	GlobalSection(TestCaseManagementSettings) = postSolution
		CategoryFile = ReactiveUI.vsmdi
	EndGlobalSection
	GlobalSection(SolutionConfigurationPlatforms) = preSolution
		Ad-Hoc|Any CPU = Ad-Hoc|Any CPU
		Ad-Hoc|ARM = Ad-Hoc|ARM
		Ad-Hoc|iPhone = Ad-Hoc|iPhone
		Ad-Hoc|iPhoneSimulator = Ad-Hoc|iPhoneSimulator
		Ad-Hoc|Mixed Platforms = Ad-Hoc|Mixed Platforms
		Ad-Hoc|x64 = Ad-Hoc|x64
		Ad-Hoc|x86 = Ad-Hoc|x86
		AppStore|Any CPU = AppStore|Any CPU
		AppStore|ARM = AppStore|ARM
		AppStore|iPhone = AppStore|iPhone
		AppStore|iPhoneSimulator = AppStore|iPhoneSimulator
		AppStore|Mixed Platforms = AppStore|Mixed Platforms
		AppStore|x64 = AppStore|x64
		AppStore|x86 = AppStore|x86
		Debug|Any CPU = Debug|Any CPU
		Debug|ARM = Debug|ARM
		Debug|iPhone = Debug|iPhone
		Debug|iPhoneSimulator = Debug|iPhoneSimulator
		Debug|Mixed Platforms = Debug|Mixed Platforms
		Debug|x64 = Debug|x64
		Debug|x86 = Debug|x86
		Release|Any CPU = Release|Any CPU
		Release|ARM = Release|ARM
		Release|iPhone = Release|iPhone
		Release|iPhoneSimulator = Release|iPhoneSimulator
		Release|Mixed Platforms = Release|Mixed Platforms
		Release|x64 = Release|x64
		Release|x86 = Release|x86
	EndGlobalSection
	GlobalSection(ProjectConfigurationPlatforms) = postSolution
		{6FBDE6EA-2202-4A70-8EE4-7BA6D515952E}.Ad-Hoc|Any CPU.ActiveCfg = Release|Any CPU
		{6FBDE6EA-2202-4A70-8EE4-7BA6D515952E}.Ad-Hoc|Any CPU.Build.0 = Release|Any CPU
		{6FBDE6EA-2202-4A70-8EE4-7BA6D515952E}.Ad-Hoc|ARM.ActiveCfg = Release|Any CPU
		{6FBDE6EA-2202-4A70-8EE4-7BA6D515952E}.Ad-Hoc|iPhone.ActiveCfg = Release|Any CPU
		{6FBDE6EA-2202-4A70-8EE4-7BA6D515952E}.Ad-Hoc|iPhoneSimulator.ActiveCfg = Release|Any CPU
		{6FBDE6EA-2202-4A70-8EE4-7BA6D515952E}.Ad-Hoc|Mixed Platforms.ActiveCfg = Release|Any CPU
		{6FBDE6EA-2202-4A70-8EE4-7BA6D515952E}.Ad-Hoc|Mixed Platforms.Build.0 = Release|Any CPU
		{6FBDE6EA-2202-4A70-8EE4-7BA6D515952E}.Ad-Hoc|x64.ActiveCfg = Release|Any CPU
		{6FBDE6EA-2202-4A70-8EE4-7BA6D515952E}.Ad-Hoc|x86.ActiveCfg = Release|Any CPU
		{6FBDE6EA-2202-4A70-8EE4-7BA6D515952E}.AppStore|Any CPU.ActiveCfg = Release|Any CPU
		{6FBDE6EA-2202-4A70-8EE4-7BA6D515952E}.AppStore|Any CPU.Build.0 = Release|Any CPU
		{6FBDE6EA-2202-4A70-8EE4-7BA6D515952E}.AppStore|ARM.ActiveCfg = Release|Any CPU
		{6FBDE6EA-2202-4A70-8EE4-7BA6D515952E}.AppStore|iPhone.ActiveCfg = Release|Any CPU
		{6FBDE6EA-2202-4A70-8EE4-7BA6D515952E}.AppStore|iPhoneSimulator.ActiveCfg = Release|Any CPU
		{6FBDE6EA-2202-4A70-8EE4-7BA6D515952E}.AppStore|Mixed Platforms.ActiveCfg = Release|Any CPU
		{6FBDE6EA-2202-4A70-8EE4-7BA6D515952E}.AppStore|Mixed Platforms.Build.0 = Release|Any CPU
		{6FBDE6EA-2202-4A70-8EE4-7BA6D515952E}.AppStore|x64.ActiveCfg = Release|Any CPU
		{6FBDE6EA-2202-4A70-8EE4-7BA6D515952E}.AppStore|x86.ActiveCfg = Release|Any CPU
		{6FBDE6EA-2202-4A70-8EE4-7BA6D515952E}.Debug|Any CPU.ActiveCfg = Debug|Any CPU
		{6FBDE6EA-2202-4A70-8EE4-7BA6D515952E}.Debug|Any CPU.Build.0 = Debug|Any CPU
		{6FBDE6EA-2202-4A70-8EE4-7BA6D515952E}.Debug|ARM.ActiveCfg = Debug|Any CPU
		{6FBDE6EA-2202-4A70-8EE4-7BA6D515952E}.Debug|iPhone.ActiveCfg = Debug|Any CPU
		{6FBDE6EA-2202-4A70-8EE4-7BA6D515952E}.Debug|iPhoneSimulator.ActiveCfg = Debug|Any CPU
		{6FBDE6EA-2202-4A70-8EE4-7BA6D515952E}.Debug|Mixed Platforms.ActiveCfg = Debug|Any CPU
		{6FBDE6EA-2202-4A70-8EE4-7BA6D515952E}.Debug|Mixed Platforms.Build.0 = Debug|Any CPU
		{6FBDE6EA-2202-4A70-8EE4-7BA6D515952E}.Debug|x64.ActiveCfg = Debug|Any CPU
		{6FBDE6EA-2202-4A70-8EE4-7BA6D515952E}.Debug|x86.ActiveCfg = Debug|Any CPU
		{6FBDE6EA-2202-4A70-8EE4-7BA6D515952E}.Release|Any CPU.ActiveCfg = Release|Any CPU
		{6FBDE6EA-2202-4A70-8EE4-7BA6D515952E}.Release|Any CPU.Build.0 = Release|Any CPU
		{6FBDE6EA-2202-4A70-8EE4-7BA6D515952E}.Release|ARM.ActiveCfg = Release|Any CPU
		{6FBDE6EA-2202-4A70-8EE4-7BA6D515952E}.Release|iPhone.ActiveCfg = Release|Any CPU
		{6FBDE6EA-2202-4A70-8EE4-7BA6D515952E}.Release|iPhoneSimulator.ActiveCfg = Release|Any CPU
		{6FBDE6EA-2202-4A70-8EE4-7BA6D515952E}.Release|Mixed Platforms.ActiveCfg = Release|Any CPU
		{6FBDE6EA-2202-4A70-8EE4-7BA6D515952E}.Release|Mixed Platforms.Build.0 = Release|Any CPU
		{6FBDE6EA-2202-4A70-8EE4-7BA6D515952E}.Release|x64.ActiveCfg = Release|Any CPU
		{6FBDE6EA-2202-4A70-8EE4-7BA6D515952E}.Release|x86.ActiveCfg = Release|Any CPU
		{F9459904-F785-4255-866A-A619787CB895}.Ad-Hoc|Any CPU.ActiveCfg = Release|Any CPU
		{F9459904-F785-4255-866A-A619787CB895}.Ad-Hoc|Any CPU.Build.0 = Release|Any CPU
		{F9459904-F785-4255-866A-A619787CB895}.Ad-Hoc|ARM.ActiveCfg = Release|ARM
		{F9459904-F785-4255-866A-A619787CB895}.Ad-Hoc|ARM.Build.0 = Release|ARM
		{F9459904-F785-4255-866A-A619787CB895}.Ad-Hoc|iPhone.ActiveCfg = Release|Any CPU
		{F9459904-F785-4255-866A-A619787CB895}.Ad-Hoc|iPhoneSimulator.ActiveCfg = Release|Any CPU
		{F9459904-F785-4255-866A-A619787CB895}.Ad-Hoc|Mixed Platforms.ActiveCfg = Release|x86
		{F9459904-F785-4255-866A-A619787CB895}.Ad-Hoc|Mixed Platforms.Build.0 = Release|x86
		{F9459904-F785-4255-866A-A619787CB895}.Ad-Hoc|x64.ActiveCfg = Release|Any CPU
		{F9459904-F785-4255-866A-A619787CB895}.Ad-Hoc|x86.ActiveCfg = Release|x86
		{F9459904-F785-4255-866A-A619787CB895}.Ad-Hoc|x86.Build.0 = Release|x86
		{F9459904-F785-4255-866A-A619787CB895}.AppStore|Any CPU.ActiveCfg = Release|Any CPU
		{F9459904-F785-4255-866A-A619787CB895}.AppStore|Any CPU.Build.0 = Release|Any CPU
		{F9459904-F785-4255-866A-A619787CB895}.AppStore|ARM.ActiveCfg = Release|ARM
		{F9459904-F785-4255-866A-A619787CB895}.AppStore|ARM.Build.0 = Release|ARM
		{F9459904-F785-4255-866A-A619787CB895}.AppStore|iPhone.ActiveCfg = Release|Any CPU
		{F9459904-F785-4255-866A-A619787CB895}.AppStore|iPhoneSimulator.ActiveCfg = Release|Any CPU
		{F9459904-F785-4255-866A-A619787CB895}.AppStore|Mixed Platforms.ActiveCfg = Release|x86
		{F9459904-F785-4255-866A-A619787CB895}.AppStore|Mixed Platforms.Build.0 = Release|x86
		{F9459904-F785-4255-866A-A619787CB895}.AppStore|x64.ActiveCfg = Release|Any CPU
		{F9459904-F785-4255-866A-A619787CB895}.AppStore|x86.ActiveCfg = Release|x86
		{F9459904-F785-4255-866A-A619787CB895}.AppStore|x86.Build.0 = Release|x86
		{F9459904-F785-4255-866A-A619787CB895}.Debug|Any CPU.ActiveCfg = Debug|Any CPU
		{F9459904-F785-4255-866A-A619787CB895}.Debug|Any CPU.Build.0 = Debug|Any CPU
		{F9459904-F785-4255-866A-A619787CB895}.Debug|ARM.ActiveCfg = Debug|ARM
		{F9459904-F785-4255-866A-A619787CB895}.Debug|ARM.Build.0 = Debug|ARM
		{F9459904-F785-4255-866A-A619787CB895}.Debug|iPhone.ActiveCfg = Debug|Any CPU
		{F9459904-F785-4255-866A-A619787CB895}.Debug|iPhoneSimulator.ActiveCfg = Debug|Any CPU
		{F9459904-F785-4255-866A-A619787CB895}.Debug|Mixed Platforms.ActiveCfg = Debug|x86
		{F9459904-F785-4255-866A-A619787CB895}.Debug|Mixed Platforms.Build.0 = Debug|x86
		{F9459904-F785-4255-866A-A619787CB895}.Debug|x64.ActiveCfg = Debug|Any CPU
		{F9459904-F785-4255-866A-A619787CB895}.Debug|x86.ActiveCfg = Debug|x86
		{F9459904-F785-4255-866A-A619787CB895}.Debug|x86.Build.0 = Debug|x86
		{F9459904-F785-4255-866A-A619787CB895}.Release|Any CPU.ActiveCfg = Release|Any CPU
		{F9459904-F785-4255-866A-A619787CB895}.Release|Any CPU.Build.0 = Release|Any CPU
		{F9459904-F785-4255-866A-A619787CB895}.Release|ARM.ActiveCfg = Release|ARM
		{F9459904-F785-4255-866A-A619787CB895}.Release|ARM.Build.0 = Release|ARM
		{F9459904-F785-4255-866A-A619787CB895}.Release|iPhone.ActiveCfg = Release|Any CPU
		{F9459904-F785-4255-866A-A619787CB895}.Release|iPhoneSimulator.ActiveCfg = Release|Any CPU
		{F9459904-F785-4255-866A-A619787CB895}.Release|Mixed Platforms.ActiveCfg = Release|Any CPU
		{F9459904-F785-4255-866A-A619787CB895}.Release|Mixed Platforms.Build.0 = Release|Any CPU
		{F9459904-F785-4255-866A-A619787CB895}.Release|x64.ActiveCfg = Release|Any CPU
		{F9459904-F785-4255-866A-A619787CB895}.Release|x86.ActiveCfg = Release|x86
		{F9459904-F785-4255-866A-A619787CB895}.Release|x86.Build.0 = Release|x86
		{689EC7C5-2D81-4124-929E-397B330CC358}.Ad-Hoc|Any CPU.ActiveCfg = Release|Any CPU
		{689EC7C5-2D81-4124-929E-397B330CC358}.Ad-Hoc|Any CPU.Build.0 = Release|Any CPU
		{689EC7C5-2D81-4124-929E-397B330CC358}.Ad-Hoc|ARM.ActiveCfg = Release|Any CPU
		{689EC7C5-2D81-4124-929E-397B330CC358}.Ad-Hoc|iPhone.ActiveCfg = Release|Any CPU
		{689EC7C5-2D81-4124-929E-397B330CC358}.Ad-Hoc|iPhoneSimulator.ActiveCfg = Release|Any CPU
		{689EC7C5-2D81-4124-929E-397B330CC358}.Ad-Hoc|Mixed Platforms.ActiveCfg = Release|Any CPU
		{689EC7C5-2D81-4124-929E-397B330CC358}.Ad-Hoc|Mixed Platforms.Build.0 = Release|Any CPU
		{689EC7C5-2D81-4124-929E-397B330CC358}.Ad-Hoc|x64.ActiveCfg = Release|Any CPU
		{689EC7C5-2D81-4124-929E-397B330CC358}.Ad-Hoc|x86.ActiveCfg = Release|Any CPU
		{689EC7C5-2D81-4124-929E-397B330CC358}.AppStore|Any CPU.ActiveCfg = Release|Any CPU
		{689EC7C5-2D81-4124-929E-397B330CC358}.AppStore|Any CPU.Build.0 = Release|Any CPU
		{689EC7C5-2D81-4124-929E-397B330CC358}.AppStore|ARM.ActiveCfg = Release|Any CPU
		{689EC7C5-2D81-4124-929E-397B330CC358}.AppStore|iPhone.ActiveCfg = Release|Any CPU
		{689EC7C5-2D81-4124-929E-397B330CC358}.AppStore|iPhoneSimulator.ActiveCfg = Release|Any CPU
		{689EC7C5-2D81-4124-929E-397B330CC358}.AppStore|Mixed Platforms.ActiveCfg = Release|Any CPU
		{689EC7C5-2D81-4124-929E-397B330CC358}.AppStore|Mixed Platforms.Build.0 = Release|Any CPU
		{689EC7C5-2D81-4124-929E-397B330CC358}.AppStore|x64.ActiveCfg = Release|Any CPU
		{689EC7C5-2D81-4124-929E-397B330CC358}.AppStore|x86.ActiveCfg = Release|Any CPU
		{689EC7C5-2D81-4124-929E-397B330CC358}.Debug|Any CPU.ActiveCfg = Debug|Any CPU
		{689EC7C5-2D81-4124-929E-397B330CC358}.Debug|Any CPU.Build.0 = Debug|Any CPU
		{689EC7C5-2D81-4124-929E-397B330CC358}.Debug|ARM.ActiveCfg = Debug|Any CPU
		{689EC7C5-2D81-4124-929E-397B330CC358}.Debug|iPhone.ActiveCfg = Debug|Any CPU
		{689EC7C5-2D81-4124-929E-397B330CC358}.Debug|iPhoneSimulator.ActiveCfg = Debug|Any CPU
		{689EC7C5-2D81-4124-929E-397B330CC358}.Debug|Mixed Platforms.ActiveCfg = Debug|Any CPU
		{689EC7C5-2D81-4124-929E-397B330CC358}.Debug|Mixed Platforms.Build.0 = Debug|Any CPU
		{689EC7C5-2D81-4124-929E-397B330CC358}.Debug|x64.ActiveCfg = Debug|Any CPU
		{689EC7C5-2D81-4124-929E-397B330CC358}.Debug|x86.ActiveCfg = Debug|Any CPU
		{689EC7C5-2D81-4124-929E-397B330CC358}.Release|Any CPU.ActiveCfg = Release|Any CPU
		{689EC7C5-2D81-4124-929E-397B330CC358}.Release|Any CPU.Build.0 = Release|Any CPU
		{689EC7C5-2D81-4124-929E-397B330CC358}.Release|ARM.ActiveCfg = Release|Any CPU
		{689EC7C5-2D81-4124-929E-397B330CC358}.Release|iPhone.ActiveCfg = Release|Any CPU
		{689EC7C5-2D81-4124-929E-397B330CC358}.Release|iPhoneSimulator.ActiveCfg = Release|Any CPU
		{689EC7C5-2D81-4124-929E-397B330CC358}.Release|Mixed Platforms.ActiveCfg = Release|Any CPU
		{689EC7C5-2D81-4124-929E-397B330CC358}.Release|Mixed Platforms.Build.0 = Release|Any CPU
		{689EC7C5-2D81-4124-929E-397B330CC358}.Release|x64.ActiveCfg = Release|Any CPU
		{689EC7C5-2D81-4124-929E-397B330CC358}.Release|x86.ActiveCfg = Release|Any CPU
		{1CE2D235-8072-4649-BA5A-CFB1AF8776E0}.Ad-Hoc|Any CPU.ActiveCfg = Release|Any CPU
		{1CE2D235-8072-4649-BA5A-CFB1AF8776E0}.Ad-Hoc|Any CPU.Build.0 = Release|Any CPU
		{1CE2D235-8072-4649-BA5A-CFB1AF8776E0}.Ad-Hoc|ARM.ActiveCfg = Release|Any CPU
		{1CE2D235-8072-4649-BA5A-CFB1AF8776E0}.Ad-Hoc|iPhone.ActiveCfg = Release|Any CPU
		{1CE2D235-8072-4649-BA5A-CFB1AF8776E0}.Ad-Hoc|iPhoneSimulator.ActiveCfg = Release|Any CPU
		{1CE2D235-8072-4649-BA5A-CFB1AF8776E0}.Ad-Hoc|Mixed Platforms.ActiveCfg = Release|Any CPU
		{1CE2D235-8072-4649-BA5A-CFB1AF8776E0}.Ad-Hoc|Mixed Platforms.Build.0 = Release|Any CPU
		{1CE2D235-8072-4649-BA5A-CFB1AF8776E0}.Ad-Hoc|x64.ActiveCfg = Release|Any CPU
		{1CE2D235-8072-4649-BA5A-CFB1AF8776E0}.Ad-Hoc|x86.ActiveCfg = Release|Any CPU
		{1CE2D235-8072-4649-BA5A-CFB1AF8776E0}.AppStore|Any CPU.ActiveCfg = Release|Any CPU
		{1CE2D235-8072-4649-BA5A-CFB1AF8776E0}.AppStore|Any CPU.Build.0 = Release|Any CPU
		{1CE2D235-8072-4649-BA5A-CFB1AF8776E0}.AppStore|ARM.ActiveCfg = Release|Any CPU
		{1CE2D235-8072-4649-BA5A-CFB1AF8776E0}.AppStore|iPhone.ActiveCfg = Release|Any CPU
		{1CE2D235-8072-4649-BA5A-CFB1AF8776E0}.AppStore|iPhoneSimulator.ActiveCfg = Release|Any CPU
		{1CE2D235-8072-4649-BA5A-CFB1AF8776E0}.AppStore|Mixed Platforms.ActiveCfg = Release|Any CPU
		{1CE2D235-8072-4649-BA5A-CFB1AF8776E0}.AppStore|Mixed Platforms.Build.0 = Release|Any CPU
		{1CE2D235-8072-4649-BA5A-CFB1AF8776E0}.AppStore|x64.ActiveCfg = Release|Any CPU
		{1CE2D235-8072-4649-BA5A-CFB1AF8776E0}.AppStore|x86.ActiveCfg = Release|Any CPU
		{1CE2D235-8072-4649-BA5A-CFB1AF8776E0}.Debug|Any CPU.ActiveCfg = Debug|Any CPU
		{1CE2D235-8072-4649-BA5A-CFB1AF8776E0}.Debug|Any CPU.Build.0 = Debug|Any CPU
		{1CE2D235-8072-4649-BA5A-CFB1AF8776E0}.Debug|ARM.ActiveCfg = Debug|Any CPU
		{1CE2D235-8072-4649-BA5A-CFB1AF8776E0}.Debug|iPhone.ActiveCfg = Debug|Any CPU
		{1CE2D235-8072-4649-BA5A-CFB1AF8776E0}.Debug|iPhoneSimulator.ActiveCfg = Debug|Any CPU
		{1CE2D235-8072-4649-BA5A-CFB1AF8776E0}.Debug|Mixed Platforms.ActiveCfg = Debug|Any CPU
		{1CE2D235-8072-4649-BA5A-CFB1AF8776E0}.Debug|Mixed Platforms.Build.0 = Debug|Any CPU
		{1CE2D235-8072-4649-BA5A-CFB1AF8776E0}.Debug|x64.ActiveCfg = Debug|Any CPU
		{1CE2D235-8072-4649-BA5A-CFB1AF8776E0}.Debug|x86.ActiveCfg = Debug|Any CPU
		{1CE2D235-8072-4649-BA5A-CFB1AF8776E0}.Release|Any CPU.ActiveCfg = Release|Any CPU
		{1CE2D235-8072-4649-BA5A-CFB1AF8776E0}.Release|Any CPU.Build.0 = Release|Any CPU
		{1CE2D235-8072-4649-BA5A-CFB1AF8776E0}.Release|ARM.ActiveCfg = Release|Any CPU
		{1CE2D235-8072-4649-BA5A-CFB1AF8776E0}.Release|iPhone.ActiveCfg = Release|Any CPU
		{1CE2D235-8072-4649-BA5A-CFB1AF8776E0}.Release|iPhoneSimulator.ActiveCfg = Release|Any CPU
		{1CE2D235-8072-4649-BA5A-CFB1AF8776E0}.Release|Mixed Platforms.ActiveCfg = Release|Any CPU
		{1CE2D235-8072-4649-BA5A-CFB1AF8776E0}.Release|Mixed Platforms.Build.0 = Release|Any CPU
		{1CE2D235-8072-4649-BA5A-CFB1AF8776E0}.Release|x64.ActiveCfg = Release|Any CPU
		{1CE2D235-8072-4649-BA5A-CFB1AF8776E0}.Release|x86.ActiveCfg = Release|Any CPU
		{987AD32C-C854-4350-B427-059924717484}.Ad-Hoc|Any CPU.ActiveCfg = Release|Any CPU
		{987AD32C-C854-4350-B427-059924717484}.Ad-Hoc|Any CPU.Build.0 = Release|Any CPU
		{987AD32C-C854-4350-B427-059924717484}.Ad-Hoc|ARM.ActiveCfg = Release|ARM
		{987AD32C-C854-4350-B427-059924717484}.Ad-Hoc|ARM.Build.0 = Release|ARM
		{987AD32C-C854-4350-B427-059924717484}.Ad-Hoc|iPhone.ActiveCfg = Release|Any CPU
		{987AD32C-C854-4350-B427-059924717484}.Ad-Hoc|iPhoneSimulator.ActiveCfg = Release|Any CPU
		{987AD32C-C854-4350-B427-059924717484}.Ad-Hoc|Mixed Platforms.ActiveCfg = Release|x86
		{987AD32C-C854-4350-B427-059924717484}.Ad-Hoc|Mixed Platforms.Build.0 = Release|x86
		{987AD32C-C854-4350-B427-059924717484}.Ad-Hoc|x64.ActiveCfg = Release|Any CPU
		{987AD32C-C854-4350-B427-059924717484}.Ad-Hoc|x86.ActiveCfg = Release|x86
		{987AD32C-C854-4350-B427-059924717484}.Ad-Hoc|x86.Build.0 = Release|x86
		{987AD32C-C854-4350-B427-059924717484}.AppStore|Any CPU.ActiveCfg = Release|Any CPU
		{987AD32C-C854-4350-B427-059924717484}.AppStore|Any CPU.Build.0 = Release|Any CPU
		{987AD32C-C854-4350-B427-059924717484}.AppStore|ARM.ActiveCfg = Release|ARM
		{987AD32C-C854-4350-B427-059924717484}.AppStore|ARM.Build.0 = Release|ARM
		{987AD32C-C854-4350-B427-059924717484}.AppStore|iPhone.ActiveCfg = Release|Any CPU
		{987AD32C-C854-4350-B427-059924717484}.AppStore|iPhoneSimulator.ActiveCfg = Release|Any CPU
		{987AD32C-C854-4350-B427-059924717484}.AppStore|Mixed Platforms.ActiveCfg = Release|x86
		{987AD32C-C854-4350-B427-059924717484}.AppStore|Mixed Platforms.Build.0 = Release|x86
		{987AD32C-C854-4350-B427-059924717484}.AppStore|x64.ActiveCfg = Release|Any CPU
		{987AD32C-C854-4350-B427-059924717484}.AppStore|x86.ActiveCfg = Release|x86
		{987AD32C-C854-4350-B427-059924717484}.AppStore|x86.Build.0 = Release|x86
		{987AD32C-C854-4350-B427-059924717484}.Debug|Any CPU.ActiveCfg = Debug|Any CPU
		{987AD32C-C854-4350-B427-059924717484}.Debug|Any CPU.Build.0 = Debug|Any CPU
		{987AD32C-C854-4350-B427-059924717484}.Debug|ARM.ActiveCfg = Debug|ARM
		{987AD32C-C854-4350-B427-059924717484}.Debug|ARM.Build.0 = Debug|ARM
		{987AD32C-C854-4350-B427-059924717484}.Debug|iPhone.ActiveCfg = Debug|Any CPU
		{987AD32C-C854-4350-B427-059924717484}.Debug|iPhoneSimulator.ActiveCfg = Debug|Any CPU
		{987AD32C-C854-4350-B427-059924717484}.Debug|Mixed Platforms.ActiveCfg = Debug|x86
		{987AD32C-C854-4350-B427-059924717484}.Debug|Mixed Platforms.Build.0 = Debug|x86
		{987AD32C-C854-4350-B427-059924717484}.Debug|x64.ActiveCfg = Debug|Any CPU
		{987AD32C-C854-4350-B427-059924717484}.Debug|x86.ActiveCfg = Debug|x86
		{987AD32C-C854-4350-B427-059924717484}.Debug|x86.Build.0 = Debug|x86
		{987AD32C-C854-4350-B427-059924717484}.Release|Any CPU.ActiveCfg = Release|Any CPU
		{987AD32C-C854-4350-B427-059924717484}.Release|Any CPU.Build.0 = Release|Any CPU
		{987AD32C-C854-4350-B427-059924717484}.Release|ARM.ActiveCfg = Release|ARM
		{987AD32C-C854-4350-B427-059924717484}.Release|ARM.Build.0 = Release|ARM
		{987AD32C-C854-4350-B427-059924717484}.Release|iPhone.ActiveCfg = Release|Any CPU
		{987AD32C-C854-4350-B427-059924717484}.Release|iPhoneSimulator.ActiveCfg = Release|Any CPU
		{987AD32C-C854-4350-B427-059924717484}.Release|Mixed Platforms.ActiveCfg = Release|Any CPU
		{987AD32C-C854-4350-B427-059924717484}.Release|Mixed Platforms.Build.0 = Release|Any CPU
		{987AD32C-C854-4350-B427-059924717484}.Release|x64.ActiveCfg = Release|Any CPU
		{987AD32C-C854-4350-B427-059924717484}.Release|x86.ActiveCfg = Release|x86
		{987AD32C-C854-4350-B427-059924717484}.Release|x86.Build.0 = Release|x86
		{DD99FD0F-82F6-4C30-930E-4A1D0DF01D65}.Ad-Hoc|Any CPU.ActiveCfg = Release|Any CPU
		{DD99FD0F-82F6-4C30-930E-4A1D0DF01D65}.Ad-Hoc|Any CPU.Build.0 = Release|Any CPU
		{DD99FD0F-82F6-4C30-930E-4A1D0DF01D65}.Ad-Hoc|ARM.ActiveCfg = Release|Any CPU
		{DD99FD0F-82F6-4C30-930E-4A1D0DF01D65}.Ad-Hoc|iPhone.ActiveCfg = Release|Any CPU
		{DD99FD0F-82F6-4C30-930E-4A1D0DF01D65}.Ad-Hoc|iPhoneSimulator.ActiveCfg = Release|Any CPU
		{DD99FD0F-82F6-4C30-930E-4A1D0DF01D65}.Ad-Hoc|Mixed Platforms.ActiveCfg = Release|Any CPU
		{DD99FD0F-82F6-4C30-930E-4A1D0DF01D65}.Ad-Hoc|Mixed Platforms.Build.0 = Release|Any CPU
		{DD99FD0F-82F6-4C30-930E-4A1D0DF01D65}.Ad-Hoc|x64.ActiveCfg = Release|Any CPU
		{DD99FD0F-82F6-4C30-930E-4A1D0DF01D65}.Ad-Hoc|x86.ActiveCfg = Release|Any CPU
		{DD99FD0F-82F6-4C30-930E-4A1D0DF01D65}.AppStore|Any CPU.ActiveCfg = Release|Any CPU
		{DD99FD0F-82F6-4C30-930E-4A1D0DF01D65}.AppStore|Any CPU.Build.0 = Release|Any CPU
		{DD99FD0F-82F6-4C30-930E-4A1D0DF01D65}.AppStore|ARM.ActiveCfg = Release|Any CPU
		{DD99FD0F-82F6-4C30-930E-4A1D0DF01D65}.AppStore|iPhone.ActiveCfg = Release|Any CPU
		{DD99FD0F-82F6-4C30-930E-4A1D0DF01D65}.AppStore|iPhoneSimulator.ActiveCfg = Release|Any CPU
		{DD99FD0F-82F6-4C30-930E-4A1D0DF01D65}.AppStore|Mixed Platforms.ActiveCfg = Release|Any CPU
		{DD99FD0F-82F6-4C30-930E-4A1D0DF01D65}.AppStore|Mixed Platforms.Build.0 = Release|Any CPU
		{DD99FD0F-82F6-4C30-930E-4A1D0DF01D65}.AppStore|x64.ActiveCfg = Release|Any CPU
		{DD99FD0F-82F6-4C30-930E-4A1D0DF01D65}.AppStore|x86.ActiveCfg = Release|Any CPU
		{DD99FD0F-82F6-4C30-930E-4A1D0DF01D65}.Debug|Any CPU.ActiveCfg = Debug|Any CPU
		{DD99FD0F-82F6-4C30-930E-4A1D0DF01D65}.Debug|Any CPU.Build.0 = Debug|Any CPU
		{DD99FD0F-82F6-4C30-930E-4A1D0DF01D65}.Debug|ARM.ActiveCfg = Debug|Any CPU
		{DD99FD0F-82F6-4C30-930E-4A1D0DF01D65}.Debug|iPhone.ActiveCfg = Debug|Any CPU
		{DD99FD0F-82F6-4C30-930E-4A1D0DF01D65}.Debug|iPhoneSimulator.ActiveCfg = Debug|Any CPU
		{DD99FD0F-82F6-4C30-930E-4A1D0DF01D65}.Debug|Mixed Platforms.ActiveCfg = Debug|Any CPU
		{DD99FD0F-82F6-4C30-930E-4A1D0DF01D65}.Debug|Mixed Platforms.Build.0 = Debug|Any CPU
		{DD99FD0F-82F6-4C30-930E-4A1D0DF01D65}.Debug|x64.ActiveCfg = Debug|Any CPU
		{DD99FD0F-82F6-4C30-930E-4A1D0DF01D65}.Debug|x86.ActiveCfg = Debug|Any CPU
		{DD99FD0F-82F6-4C30-930E-4A1D0DF01D65}.Release|Any CPU.ActiveCfg = Release|Any CPU
		{DD99FD0F-82F6-4C30-930E-4A1D0DF01D65}.Release|Any CPU.Build.0 = Release|Any CPU
		{DD99FD0F-82F6-4C30-930E-4A1D0DF01D65}.Release|ARM.ActiveCfg = Release|Any CPU
		{DD99FD0F-82F6-4C30-930E-4A1D0DF01D65}.Release|iPhone.ActiveCfg = Release|Any CPU
		{DD99FD0F-82F6-4C30-930E-4A1D0DF01D65}.Release|iPhoneSimulator.ActiveCfg = Release|Any CPU
		{DD99FD0F-82F6-4C30-930E-4A1D0DF01D65}.Release|Mixed Platforms.ActiveCfg = Release|Any CPU
		{DD99FD0F-82F6-4C30-930E-4A1D0DF01D65}.Release|Mixed Platforms.Build.0 = Release|Any CPU
		{DD99FD0F-82F6-4C30-930E-4A1D0DF01D65}.Release|x64.ActiveCfg = Release|Any CPU
		{DD99FD0F-82F6-4C30-930E-4A1D0DF01D65}.Release|x86.ActiveCfg = Release|Any CPU
		{584F60B1-C425-4D17-B90A-8C2AB1EC78D7}.Ad-Hoc|Any CPU.ActiveCfg = Release|Any CPU
		{584F60B1-C425-4D17-B90A-8C2AB1EC78D7}.Ad-Hoc|Any CPU.Build.0 = Release|Any CPU
		{584F60B1-C425-4D17-B90A-8C2AB1EC78D7}.Ad-Hoc|ARM.ActiveCfg = Release|ARM
		{584F60B1-C425-4D17-B90A-8C2AB1EC78D7}.Ad-Hoc|ARM.Build.0 = Release|ARM
		{584F60B1-C425-4D17-B90A-8C2AB1EC78D7}.Ad-Hoc|iPhone.ActiveCfg = Release|Any CPU
		{584F60B1-C425-4D17-B90A-8C2AB1EC78D7}.Ad-Hoc|iPhoneSimulator.ActiveCfg = Release|Any CPU
		{584F60B1-C425-4D17-B90A-8C2AB1EC78D7}.Ad-Hoc|Mixed Platforms.ActiveCfg = Release|x86
		{584F60B1-C425-4D17-B90A-8C2AB1EC78D7}.Ad-Hoc|Mixed Platforms.Build.0 = Release|x86
		{584F60B1-C425-4D17-B90A-8C2AB1EC78D7}.Ad-Hoc|x64.ActiveCfg = Release|Any CPU
		{584F60B1-C425-4D17-B90A-8C2AB1EC78D7}.Ad-Hoc|x86.ActiveCfg = Release|x86
		{584F60B1-C425-4D17-B90A-8C2AB1EC78D7}.Ad-Hoc|x86.Build.0 = Release|x86
		{584F60B1-C425-4D17-B90A-8C2AB1EC78D7}.AppStore|Any CPU.ActiveCfg = Release|Any CPU
		{584F60B1-C425-4D17-B90A-8C2AB1EC78D7}.AppStore|Any CPU.Build.0 = Release|Any CPU
		{584F60B1-C425-4D17-B90A-8C2AB1EC78D7}.AppStore|ARM.ActiveCfg = Release|ARM
		{584F60B1-C425-4D17-B90A-8C2AB1EC78D7}.AppStore|ARM.Build.0 = Release|ARM
		{584F60B1-C425-4D17-B90A-8C2AB1EC78D7}.AppStore|iPhone.ActiveCfg = Release|Any CPU
		{584F60B1-C425-4D17-B90A-8C2AB1EC78D7}.AppStore|iPhoneSimulator.ActiveCfg = Release|Any CPU
		{584F60B1-C425-4D17-B90A-8C2AB1EC78D7}.AppStore|Mixed Platforms.ActiveCfg = Release|x86
		{584F60B1-C425-4D17-B90A-8C2AB1EC78D7}.AppStore|Mixed Platforms.Build.0 = Release|x86
		{584F60B1-C425-4D17-B90A-8C2AB1EC78D7}.AppStore|x64.ActiveCfg = Release|Any CPU
		{584F60B1-C425-4D17-B90A-8C2AB1EC78D7}.AppStore|x86.ActiveCfg = Release|x86
		{584F60B1-C425-4D17-B90A-8C2AB1EC78D7}.AppStore|x86.Build.0 = Release|x86
		{584F60B1-C425-4D17-B90A-8C2AB1EC78D7}.Debug|Any CPU.ActiveCfg = Debug|Any CPU
		{584F60B1-C425-4D17-B90A-8C2AB1EC78D7}.Debug|Any CPU.Build.0 = Debug|Any CPU
		{584F60B1-C425-4D17-B90A-8C2AB1EC78D7}.Debug|ARM.ActiveCfg = Debug|ARM
		{584F60B1-C425-4D17-B90A-8C2AB1EC78D7}.Debug|ARM.Build.0 = Debug|ARM
		{584F60B1-C425-4D17-B90A-8C2AB1EC78D7}.Debug|iPhone.ActiveCfg = Debug|Any CPU
		{584F60B1-C425-4D17-B90A-8C2AB1EC78D7}.Debug|iPhoneSimulator.ActiveCfg = Debug|Any CPU
		{584F60B1-C425-4D17-B90A-8C2AB1EC78D7}.Debug|Mixed Platforms.ActiveCfg = Debug|x86
		{584F60B1-C425-4D17-B90A-8C2AB1EC78D7}.Debug|Mixed Platforms.Build.0 = Debug|x86
		{584F60B1-C425-4D17-B90A-8C2AB1EC78D7}.Debug|x64.ActiveCfg = Debug|Any CPU
		{584F60B1-C425-4D17-B90A-8C2AB1EC78D7}.Debug|x86.ActiveCfg = Debug|x86
		{584F60B1-C425-4D17-B90A-8C2AB1EC78D7}.Debug|x86.Build.0 = Debug|x86
		{584F60B1-C425-4D17-B90A-8C2AB1EC78D7}.Release|Any CPU.ActiveCfg = Release|Any CPU
		{584F60B1-C425-4D17-B90A-8C2AB1EC78D7}.Release|Any CPU.Build.0 = Release|Any CPU
		{584F60B1-C425-4D17-B90A-8C2AB1EC78D7}.Release|ARM.ActiveCfg = Release|ARM
		{584F60B1-C425-4D17-B90A-8C2AB1EC78D7}.Release|ARM.Build.0 = Release|ARM
		{584F60B1-C425-4D17-B90A-8C2AB1EC78D7}.Release|iPhone.ActiveCfg = Release|Any CPU
		{584F60B1-C425-4D17-B90A-8C2AB1EC78D7}.Release|iPhoneSimulator.ActiveCfg = Release|Any CPU
		{584F60B1-C425-4D17-B90A-8C2AB1EC78D7}.Release|Mixed Platforms.ActiveCfg = Release|Any CPU
		{584F60B1-C425-4D17-B90A-8C2AB1EC78D7}.Release|Mixed Platforms.Build.0 = Release|Any CPU
		{584F60B1-C425-4D17-B90A-8C2AB1EC78D7}.Release|x64.ActiveCfg = Release|Any CPU
		{584F60B1-C425-4D17-B90A-8C2AB1EC78D7}.Release|x86.ActiveCfg = Release|x86
		{584F60B1-C425-4D17-B90A-8C2AB1EC78D7}.Release|x86.Build.0 = Release|x86
		{08D3606B-EE79-43EE-8382-72A1091F1F30}.Ad-Hoc|Any CPU.ActiveCfg = Release|Any CPU
		{08D3606B-EE79-43EE-8382-72A1091F1F30}.Ad-Hoc|Any CPU.Build.0 = Release|Any CPU
		{08D3606B-EE79-43EE-8382-72A1091F1F30}.Ad-Hoc|ARM.ActiveCfg = Release|Any CPU
		{08D3606B-EE79-43EE-8382-72A1091F1F30}.Ad-Hoc|iPhone.ActiveCfg = Release|Any CPU
		{08D3606B-EE79-43EE-8382-72A1091F1F30}.Ad-Hoc|iPhoneSimulator.ActiveCfg = Release|Any CPU
		{08D3606B-EE79-43EE-8382-72A1091F1F30}.Ad-Hoc|Mixed Platforms.ActiveCfg = Release|Any CPU
		{08D3606B-EE79-43EE-8382-72A1091F1F30}.Ad-Hoc|Mixed Platforms.Build.0 = Release|Any CPU
		{08D3606B-EE79-43EE-8382-72A1091F1F30}.Ad-Hoc|x64.ActiveCfg = Release|Any CPU
		{08D3606B-EE79-43EE-8382-72A1091F1F30}.Ad-Hoc|x86.ActiveCfg = Release|Any CPU
		{08D3606B-EE79-43EE-8382-72A1091F1F30}.AppStore|Any CPU.ActiveCfg = Release|Any CPU
		{08D3606B-EE79-43EE-8382-72A1091F1F30}.AppStore|Any CPU.Build.0 = Release|Any CPU
		{08D3606B-EE79-43EE-8382-72A1091F1F30}.AppStore|ARM.ActiveCfg = Release|Any CPU
		{08D3606B-EE79-43EE-8382-72A1091F1F30}.AppStore|iPhone.ActiveCfg = Release|Any CPU
		{08D3606B-EE79-43EE-8382-72A1091F1F30}.AppStore|iPhoneSimulator.ActiveCfg = Release|Any CPU
		{08D3606B-EE79-43EE-8382-72A1091F1F30}.AppStore|Mixed Platforms.ActiveCfg = Release|Any CPU
		{08D3606B-EE79-43EE-8382-72A1091F1F30}.AppStore|Mixed Platforms.Build.0 = Release|Any CPU
		{08D3606B-EE79-43EE-8382-72A1091F1F30}.AppStore|x64.ActiveCfg = Release|Any CPU
		{08D3606B-EE79-43EE-8382-72A1091F1F30}.AppStore|x86.ActiveCfg = Release|Any CPU
		{08D3606B-EE79-43EE-8382-72A1091F1F30}.Debug|Any CPU.ActiveCfg = Debug|Any CPU
		{08D3606B-EE79-43EE-8382-72A1091F1F30}.Debug|Any CPU.Build.0 = Debug|Any CPU
		{08D3606B-EE79-43EE-8382-72A1091F1F30}.Debug|ARM.ActiveCfg = Debug|Any CPU
		{08D3606B-EE79-43EE-8382-72A1091F1F30}.Debug|iPhone.ActiveCfg = Debug|Any CPU
		{08D3606B-EE79-43EE-8382-72A1091F1F30}.Debug|iPhoneSimulator.ActiveCfg = Debug|Any CPU
		{08D3606B-EE79-43EE-8382-72A1091F1F30}.Debug|Mixed Platforms.ActiveCfg = Debug|Any CPU
		{08D3606B-EE79-43EE-8382-72A1091F1F30}.Debug|Mixed Platforms.Build.0 = Debug|Any CPU
		{08D3606B-EE79-43EE-8382-72A1091F1F30}.Debug|x64.ActiveCfg = Debug|Any CPU
		{08D3606B-EE79-43EE-8382-72A1091F1F30}.Debug|x86.ActiveCfg = Debug|Any CPU
		{08D3606B-EE79-43EE-8382-72A1091F1F30}.Release|Any CPU.ActiveCfg = Release|Any CPU
		{08D3606B-EE79-43EE-8382-72A1091F1F30}.Release|Any CPU.Build.0 = Release|Any CPU
		{08D3606B-EE79-43EE-8382-72A1091F1F30}.Release|ARM.ActiveCfg = Release|Any CPU
		{08D3606B-EE79-43EE-8382-72A1091F1F30}.Release|iPhone.ActiveCfg = Release|Any CPU
		{08D3606B-EE79-43EE-8382-72A1091F1F30}.Release|iPhoneSimulator.ActiveCfg = Release|Any CPU
		{08D3606B-EE79-43EE-8382-72A1091F1F30}.Release|Mixed Platforms.ActiveCfg = Release|Any CPU
		{08D3606B-EE79-43EE-8382-72A1091F1F30}.Release|Mixed Platforms.Build.0 = Release|Any CPU
		{08D3606B-EE79-43EE-8382-72A1091F1F30}.Release|x64.ActiveCfg = Release|Any CPU
		{08D3606B-EE79-43EE-8382-72A1091F1F30}.Release|x86.ActiveCfg = Release|Any CPU
		{685E862E-AA12-4D05-AD27-61AB2D71E411}.Ad-Hoc|Any CPU.ActiveCfg = Release|Any CPU
		{685E862E-AA12-4D05-AD27-61AB2D71E411}.Ad-Hoc|Any CPU.Build.0 = Release|Any CPU
		{685E862E-AA12-4D05-AD27-61AB2D71E411}.Ad-Hoc|ARM.ActiveCfg = Release|ARM
		{685E862E-AA12-4D05-AD27-61AB2D71E411}.Ad-Hoc|ARM.Build.0 = Release|ARM
		{685E862E-AA12-4D05-AD27-61AB2D71E411}.Ad-Hoc|iPhone.ActiveCfg = Release|Any CPU
		{685E862E-AA12-4D05-AD27-61AB2D71E411}.Ad-Hoc|iPhoneSimulator.ActiveCfg = Release|Any CPU
		{685E862E-AA12-4D05-AD27-61AB2D71E411}.Ad-Hoc|Mixed Platforms.ActiveCfg = Release|x86
		{685E862E-AA12-4D05-AD27-61AB2D71E411}.Ad-Hoc|Mixed Platforms.Build.0 = Release|x86
		{685E862E-AA12-4D05-AD27-61AB2D71E411}.Ad-Hoc|x64.ActiveCfg = Release|Any CPU
		{685E862E-AA12-4D05-AD27-61AB2D71E411}.Ad-Hoc|x86.ActiveCfg = Release|x86
		{685E862E-AA12-4D05-AD27-61AB2D71E411}.Ad-Hoc|x86.Build.0 = Release|x86
		{685E862E-AA12-4D05-AD27-61AB2D71E411}.AppStore|Any CPU.ActiveCfg = Release|Any CPU
		{685E862E-AA12-4D05-AD27-61AB2D71E411}.AppStore|Any CPU.Build.0 = Release|Any CPU
		{685E862E-AA12-4D05-AD27-61AB2D71E411}.AppStore|ARM.ActiveCfg = Release|ARM
		{685E862E-AA12-4D05-AD27-61AB2D71E411}.AppStore|ARM.Build.0 = Release|ARM
		{685E862E-AA12-4D05-AD27-61AB2D71E411}.AppStore|iPhone.ActiveCfg = Release|Any CPU
		{685E862E-AA12-4D05-AD27-61AB2D71E411}.AppStore|iPhoneSimulator.ActiveCfg = Release|Any CPU
		{685E862E-AA12-4D05-AD27-61AB2D71E411}.AppStore|Mixed Platforms.ActiveCfg = Release|x86
		{685E862E-AA12-4D05-AD27-61AB2D71E411}.AppStore|Mixed Platforms.Build.0 = Release|x86
		{685E862E-AA12-4D05-AD27-61AB2D71E411}.AppStore|x64.ActiveCfg = Release|Any CPU
		{685E862E-AA12-4D05-AD27-61AB2D71E411}.AppStore|x86.ActiveCfg = Release|x86
		{685E862E-AA12-4D05-AD27-61AB2D71E411}.AppStore|x86.Build.0 = Release|x86
		{685E862E-AA12-4D05-AD27-61AB2D71E411}.Debug|Any CPU.ActiveCfg = Debug|Any CPU
		{685E862E-AA12-4D05-AD27-61AB2D71E411}.Debug|Any CPU.Build.0 = Debug|Any CPU
		{685E862E-AA12-4D05-AD27-61AB2D71E411}.Debug|ARM.ActiveCfg = Debug|ARM
		{685E862E-AA12-4D05-AD27-61AB2D71E411}.Debug|ARM.Build.0 = Debug|ARM
		{685E862E-AA12-4D05-AD27-61AB2D71E411}.Debug|iPhone.ActiveCfg = Debug|Any CPU
		{685E862E-AA12-4D05-AD27-61AB2D71E411}.Debug|iPhoneSimulator.ActiveCfg = Debug|Any CPU
		{685E862E-AA12-4D05-AD27-61AB2D71E411}.Debug|Mixed Platforms.ActiveCfg = Debug|x86
		{685E862E-AA12-4D05-AD27-61AB2D71E411}.Debug|Mixed Platforms.Build.0 = Debug|x86
		{685E862E-AA12-4D05-AD27-61AB2D71E411}.Debug|x64.ActiveCfg = Debug|Any CPU
		{685E862E-AA12-4D05-AD27-61AB2D71E411}.Debug|x86.ActiveCfg = Debug|x86
		{685E862E-AA12-4D05-AD27-61AB2D71E411}.Debug|x86.Build.0 = Debug|x86
		{685E862E-AA12-4D05-AD27-61AB2D71E411}.Release|Any CPU.ActiveCfg = Release|Any CPU
		{685E862E-AA12-4D05-AD27-61AB2D71E411}.Release|Any CPU.Build.0 = Release|Any CPU
		{685E862E-AA12-4D05-AD27-61AB2D71E411}.Release|ARM.ActiveCfg = Release|ARM
		{685E862E-AA12-4D05-AD27-61AB2D71E411}.Release|ARM.Build.0 = Release|ARM
		{685E862E-AA12-4D05-AD27-61AB2D71E411}.Release|iPhone.ActiveCfg = Release|Any CPU
		{685E862E-AA12-4D05-AD27-61AB2D71E411}.Release|iPhoneSimulator.ActiveCfg = Release|Any CPU
		{685E862E-AA12-4D05-AD27-61AB2D71E411}.Release|Mixed Platforms.ActiveCfg = Release|Any CPU
		{685E862E-AA12-4D05-AD27-61AB2D71E411}.Release|Mixed Platforms.Build.0 = Release|Any CPU
		{685E862E-AA12-4D05-AD27-61AB2D71E411}.Release|x64.ActiveCfg = Release|Any CPU
		{685E862E-AA12-4D05-AD27-61AB2D71E411}.Release|x86.ActiveCfg = Release|x86
		{685E862E-AA12-4D05-AD27-61AB2D71E411}.Release|x86.Build.0 = Release|x86
		{7866B5B1-5457-43A2-976A-E784EB10F2DA}.Ad-Hoc|Any CPU.ActiveCfg = Release|Any CPU
		{7866B5B1-5457-43A2-976A-E784EB10F2DA}.Ad-Hoc|Any CPU.Build.0 = Release|Any CPU
		{7866B5B1-5457-43A2-976A-E784EB10F2DA}.Ad-Hoc|ARM.ActiveCfg = Release|Any CPU
		{7866B5B1-5457-43A2-976A-E784EB10F2DA}.Ad-Hoc|iPhone.ActiveCfg = Release|Any CPU
		{7866B5B1-5457-43A2-976A-E784EB10F2DA}.Ad-Hoc|iPhoneSimulator.ActiveCfg = Release|Any CPU
		{7866B5B1-5457-43A2-976A-E784EB10F2DA}.Ad-Hoc|Mixed Platforms.ActiveCfg = Release|Any CPU
		{7866B5B1-5457-43A2-976A-E784EB10F2DA}.Ad-Hoc|Mixed Platforms.Build.0 = Release|Any CPU
		{7866B5B1-5457-43A2-976A-E784EB10F2DA}.Ad-Hoc|x64.ActiveCfg = Release|Any CPU
		{7866B5B1-5457-43A2-976A-E784EB10F2DA}.Ad-Hoc|x86.ActiveCfg = Release|Any CPU
		{7866B5B1-5457-43A2-976A-E784EB10F2DA}.AppStore|Any CPU.ActiveCfg = Release|Any CPU
		{7866B5B1-5457-43A2-976A-E784EB10F2DA}.AppStore|Any CPU.Build.0 = Release|Any CPU
		{7866B5B1-5457-43A2-976A-E784EB10F2DA}.AppStore|ARM.ActiveCfg = Release|Any CPU
		{7866B5B1-5457-43A2-976A-E784EB10F2DA}.AppStore|iPhone.ActiveCfg = Release|Any CPU
		{7866B5B1-5457-43A2-976A-E784EB10F2DA}.AppStore|iPhoneSimulator.ActiveCfg = Release|Any CPU
		{7866B5B1-5457-43A2-976A-E784EB10F2DA}.AppStore|Mixed Platforms.ActiveCfg = Release|Any CPU
		{7866B5B1-5457-43A2-976A-E784EB10F2DA}.AppStore|Mixed Platforms.Build.0 = Release|Any CPU
		{7866B5B1-5457-43A2-976A-E784EB10F2DA}.AppStore|x64.ActiveCfg = Release|Any CPU
		{7866B5B1-5457-43A2-976A-E784EB10F2DA}.AppStore|x86.ActiveCfg = Release|Any CPU
		{7866B5B1-5457-43A2-976A-E784EB10F2DA}.Debug|Any CPU.ActiveCfg = Debug|Any CPU
		{7866B5B1-5457-43A2-976A-E784EB10F2DA}.Debug|Any CPU.Build.0 = Debug|Any CPU
		{7866B5B1-5457-43A2-976A-E784EB10F2DA}.Debug|ARM.ActiveCfg = Debug|Any CPU
		{7866B5B1-5457-43A2-976A-E784EB10F2DA}.Debug|iPhone.ActiveCfg = Debug|Any CPU
		{7866B5B1-5457-43A2-976A-E784EB10F2DA}.Debug|iPhoneSimulator.ActiveCfg = Debug|Any CPU
		{7866B5B1-5457-43A2-976A-E784EB10F2DA}.Debug|Mixed Platforms.ActiveCfg = Debug|Any CPU
		{7866B5B1-5457-43A2-976A-E784EB10F2DA}.Debug|Mixed Platforms.Build.0 = Debug|Any CPU
		{7866B5B1-5457-43A2-976A-E784EB10F2DA}.Debug|x64.ActiveCfg = Debug|Any CPU
		{7866B5B1-5457-43A2-976A-E784EB10F2DA}.Debug|x86.ActiveCfg = Debug|Any CPU
		{7866B5B1-5457-43A2-976A-E784EB10F2DA}.Release|Any CPU.ActiveCfg = Release|Any CPU
		{7866B5B1-5457-43A2-976A-E784EB10F2DA}.Release|Any CPU.Build.0 = Release|Any CPU
		{7866B5B1-5457-43A2-976A-E784EB10F2DA}.Release|ARM.ActiveCfg = Release|Any CPU
		{7866B5B1-5457-43A2-976A-E784EB10F2DA}.Release|iPhone.ActiveCfg = Release|Any CPU
		{7866B5B1-5457-43A2-976A-E784EB10F2DA}.Release|iPhoneSimulator.ActiveCfg = Release|Any CPU
		{7866B5B1-5457-43A2-976A-E784EB10F2DA}.Release|Mixed Platforms.ActiveCfg = Release|Any CPU
		{7866B5B1-5457-43A2-976A-E784EB10F2DA}.Release|Mixed Platforms.Build.0 = Release|Any CPU
		{7866B5B1-5457-43A2-976A-E784EB10F2DA}.Release|x64.ActiveCfg = Release|Any CPU
		{7866B5B1-5457-43A2-976A-E784EB10F2DA}.Release|x86.ActiveCfg = Release|Any CPU
		{30540F2B-0F4C-40A0-B3B6-FFDDFA09D8FD}.Ad-Hoc|Any CPU.ActiveCfg = Release|Any CPU
		{30540F2B-0F4C-40A0-B3B6-FFDDFA09D8FD}.Ad-Hoc|Any CPU.Build.0 = Release|Any CPU
		{30540F2B-0F4C-40A0-B3B6-FFDDFA09D8FD}.Ad-Hoc|ARM.ActiveCfg = Release|ARM
		{30540F2B-0F4C-40A0-B3B6-FFDDFA09D8FD}.Ad-Hoc|ARM.Build.0 = Release|ARM
		{30540F2B-0F4C-40A0-B3B6-FFDDFA09D8FD}.Ad-Hoc|iPhone.ActiveCfg = Release|Any CPU
		{30540F2B-0F4C-40A0-B3B6-FFDDFA09D8FD}.Ad-Hoc|iPhoneSimulator.ActiveCfg = Release|Any CPU
		{30540F2B-0F4C-40A0-B3B6-FFDDFA09D8FD}.Ad-Hoc|Mixed Platforms.ActiveCfg = Release|x86
		{30540F2B-0F4C-40A0-B3B6-FFDDFA09D8FD}.Ad-Hoc|Mixed Platforms.Build.0 = Release|x86
		{30540F2B-0F4C-40A0-B3B6-FFDDFA09D8FD}.Ad-Hoc|x64.ActiveCfg = Release|x64
		{30540F2B-0F4C-40A0-B3B6-FFDDFA09D8FD}.Ad-Hoc|x64.Build.0 = Release|x64
		{30540F2B-0F4C-40A0-B3B6-FFDDFA09D8FD}.Ad-Hoc|x86.ActiveCfg = Release|x86
		{30540F2B-0F4C-40A0-B3B6-FFDDFA09D8FD}.Ad-Hoc|x86.Build.0 = Release|x86
		{30540F2B-0F4C-40A0-B3B6-FFDDFA09D8FD}.AppStore|Any CPU.ActiveCfg = Release|Any CPU
		{30540F2B-0F4C-40A0-B3B6-FFDDFA09D8FD}.AppStore|Any CPU.Build.0 = Release|Any CPU
		{30540F2B-0F4C-40A0-B3B6-FFDDFA09D8FD}.AppStore|ARM.ActiveCfg = Release|ARM
		{30540F2B-0F4C-40A0-B3B6-FFDDFA09D8FD}.AppStore|ARM.Build.0 = Release|ARM
		{30540F2B-0F4C-40A0-B3B6-FFDDFA09D8FD}.AppStore|iPhone.ActiveCfg = Release|Any CPU
		{30540F2B-0F4C-40A0-B3B6-FFDDFA09D8FD}.AppStore|iPhoneSimulator.ActiveCfg = Release|Any CPU
		{30540F2B-0F4C-40A0-B3B6-FFDDFA09D8FD}.AppStore|Mixed Platforms.ActiveCfg = Release|x86
		{30540F2B-0F4C-40A0-B3B6-FFDDFA09D8FD}.AppStore|Mixed Platforms.Build.0 = Release|x86
		{30540F2B-0F4C-40A0-B3B6-FFDDFA09D8FD}.AppStore|x64.ActiveCfg = Release|x64
		{30540F2B-0F4C-40A0-B3B6-FFDDFA09D8FD}.AppStore|x64.Build.0 = Release|x64
		{30540F2B-0F4C-40A0-B3B6-FFDDFA09D8FD}.AppStore|x86.ActiveCfg = Release|x86
		{30540F2B-0F4C-40A0-B3B6-FFDDFA09D8FD}.AppStore|x86.Build.0 = Release|x86
		{30540F2B-0F4C-40A0-B3B6-FFDDFA09D8FD}.Debug|Any CPU.ActiveCfg = Debug|Any CPU
		{30540F2B-0F4C-40A0-B3B6-FFDDFA09D8FD}.Debug|Any CPU.Build.0 = Debug|Any CPU
		{30540F2B-0F4C-40A0-B3B6-FFDDFA09D8FD}.Debug|ARM.ActiveCfg = Debug|ARM
		{30540F2B-0F4C-40A0-B3B6-FFDDFA09D8FD}.Debug|ARM.Build.0 = Debug|ARM
		{30540F2B-0F4C-40A0-B3B6-FFDDFA09D8FD}.Debug|iPhone.ActiveCfg = Debug|Any CPU
		{30540F2B-0F4C-40A0-B3B6-FFDDFA09D8FD}.Debug|iPhoneSimulator.ActiveCfg = Debug|Any CPU
		{30540F2B-0F4C-40A0-B3B6-FFDDFA09D8FD}.Debug|Mixed Platforms.ActiveCfg = Debug|x86
		{30540F2B-0F4C-40A0-B3B6-FFDDFA09D8FD}.Debug|Mixed Platforms.Build.0 = Debug|x86
		{30540F2B-0F4C-40A0-B3B6-FFDDFA09D8FD}.Debug|x64.ActiveCfg = Debug|x64
		{30540F2B-0F4C-40A0-B3B6-FFDDFA09D8FD}.Debug|x64.Build.0 = Debug|x64
		{30540F2B-0F4C-40A0-B3B6-FFDDFA09D8FD}.Debug|x86.ActiveCfg = Debug|x86
		{30540F2B-0F4C-40A0-B3B6-FFDDFA09D8FD}.Debug|x86.Build.0 = Debug|x86
		{30540F2B-0F4C-40A0-B3B6-FFDDFA09D8FD}.Release|Any CPU.ActiveCfg = Release|Any CPU
		{30540F2B-0F4C-40A0-B3B6-FFDDFA09D8FD}.Release|Any CPU.Build.0 = Release|Any CPU
		{30540F2B-0F4C-40A0-B3B6-FFDDFA09D8FD}.Release|ARM.ActiveCfg = Release|ARM
		{30540F2B-0F4C-40A0-B3B6-FFDDFA09D8FD}.Release|ARM.Build.0 = Release|ARM
		{30540F2B-0F4C-40A0-B3B6-FFDDFA09D8FD}.Release|iPhone.ActiveCfg = Release|Any CPU
		{30540F2B-0F4C-40A0-B3B6-FFDDFA09D8FD}.Release|iPhoneSimulator.ActiveCfg = Release|Any CPU
		{30540F2B-0F4C-40A0-B3B6-FFDDFA09D8FD}.Release|Mixed Platforms.ActiveCfg = Release|x86
		{30540F2B-0F4C-40A0-B3B6-FFDDFA09D8FD}.Release|Mixed Platforms.Build.0 = Release|x86
		{30540F2B-0F4C-40A0-B3B6-FFDDFA09D8FD}.Release|x64.ActiveCfg = Release|x64
		{30540F2B-0F4C-40A0-B3B6-FFDDFA09D8FD}.Release|x64.Build.0 = Release|x64
		{30540F2B-0F4C-40A0-B3B6-FFDDFA09D8FD}.Release|x86.ActiveCfg = Release|x86
		{30540F2B-0F4C-40A0-B3B6-FFDDFA09D8FD}.Release|x86.Build.0 = Release|x86
		{B90F3D02-1E3A-4DD7-8E00-30F28B6DCC1E}.Ad-Hoc|Any CPU.ActiveCfg = Release|Any CPU
		{B90F3D02-1E3A-4DD7-8E00-30F28B6DCC1E}.Ad-Hoc|Any CPU.Build.0 = Release|Any CPU
		{B90F3D02-1E3A-4DD7-8E00-30F28B6DCC1E}.Ad-Hoc|ARM.ActiveCfg = Release|ARM
		{B90F3D02-1E3A-4DD7-8E00-30F28B6DCC1E}.Ad-Hoc|ARM.Build.0 = Release|ARM
		{B90F3D02-1E3A-4DD7-8E00-30F28B6DCC1E}.Ad-Hoc|iPhone.ActiveCfg = Release|Any CPU
		{B90F3D02-1E3A-4DD7-8E00-30F28B6DCC1E}.Ad-Hoc|iPhoneSimulator.ActiveCfg = Release|Any CPU
		{B90F3D02-1E3A-4DD7-8E00-30F28B6DCC1E}.Ad-Hoc|Mixed Platforms.ActiveCfg = Release|x86
		{B90F3D02-1E3A-4DD7-8E00-30F28B6DCC1E}.Ad-Hoc|Mixed Platforms.Build.0 = Release|x86
		{B90F3D02-1E3A-4DD7-8E00-30F28B6DCC1E}.Ad-Hoc|x64.ActiveCfg = Release|Any CPU
		{B90F3D02-1E3A-4DD7-8E00-30F28B6DCC1E}.Ad-Hoc|x86.ActiveCfg = Release|x86
		{B90F3D02-1E3A-4DD7-8E00-30F28B6DCC1E}.Ad-Hoc|x86.Build.0 = Release|x86
		{B90F3D02-1E3A-4DD7-8E00-30F28B6DCC1E}.AppStore|Any CPU.ActiveCfg = Release|Any CPU
		{B90F3D02-1E3A-4DD7-8E00-30F28B6DCC1E}.AppStore|Any CPU.Build.0 = Release|Any CPU
		{B90F3D02-1E3A-4DD7-8E00-30F28B6DCC1E}.AppStore|ARM.ActiveCfg = Release|ARM
		{B90F3D02-1E3A-4DD7-8E00-30F28B6DCC1E}.AppStore|ARM.Build.0 = Release|ARM
		{B90F3D02-1E3A-4DD7-8E00-30F28B6DCC1E}.AppStore|iPhone.ActiveCfg = Release|Any CPU
		{B90F3D02-1E3A-4DD7-8E00-30F28B6DCC1E}.AppStore|iPhoneSimulator.ActiveCfg = Release|Any CPU
		{B90F3D02-1E3A-4DD7-8E00-30F28B6DCC1E}.AppStore|Mixed Platforms.ActiveCfg = Release|x86
		{B90F3D02-1E3A-4DD7-8E00-30F28B6DCC1E}.AppStore|Mixed Platforms.Build.0 = Release|x86
		{B90F3D02-1E3A-4DD7-8E00-30F28B6DCC1E}.AppStore|x64.ActiveCfg = Release|Any CPU
		{B90F3D02-1E3A-4DD7-8E00-30F28B6DCC1E}.AppStore|x86.ActiveCfg = Release|x86
		{B90F3D02-1E3A-4DD7-8E00-30F28B6DCC1E}.AppStore|x86.Build.0 = Release|x86
		{B90F3D02-1E3A-4DD7-8E00-30F28B6DCC1E}.Debug|Any CPU.ActiveCfg = Debug|Any CPU
		{B90F3D02-1E3A-4DD7-8E00-30F28B6DCC1E}.Debug|Any CPU.Build.0 = Debug|Any CPU
		{B90F3D02-1E3A-4DD7-8E00-30F28B6DCC1E}.Debug|ARM.ActiveCfg = Debug|ARM
		{B90F3D02-1E3A-4DD7-8E00-30F28B6DCC1E}.Debug|ARM.Build.0 = Debug|ARM
		{B90F3D02-1E3A-4DD7-8E00-30F28B6DCC1E}.Debug|iPhone.ActiveCfg = Debug|Any CPU
		{B90F3D02-1E3A-4DD7-8E00-30F28B6DCC1E}.Debug|iPhoneSimulator.ActiveCfg = Debug|Any CPU
		{B90F3D02-1E3A-4DD7-8E00-30F28B6DCC1E}.Debug|Mixed Platforms.ActiveCfg = Debug|x86
		{B90F3D02-1E3A-4DD7-8E00-30F28B6DCC1E}.Debug|Mixed Platforms.Build.0 = Debug|x86
		{B90F3D02-1E3A-4DD7-8E00-30F28B6DCC1E}.Debug|x64.ActiveCfg = Debug|Any CPU
		{B90F3D02-1E3A-4DD7-8E00-30F28B6DCC1E}.Debug|x86.ActiveCfg = Debug|x86
		{B90F3D02-1E3A-4DD7-8E00-30F28B6DCC1E}.Debug|x86.Build.0 = Debug|x86
		{B90F3D02-1E3A-4DD7-8E00-30F28B6DCC1E}.Release|Any CPU.ActiveCfg = Release|Any CPU
		{B90F3D02-1E3A-4DD7-8E00-30F28B6DCC1E}.Release|Any CPU.Build.0 = Release|Any CPU
		{B90F3D02-1E3A-4DD7-8E00-30F28B6DCC1E}.Release|ARM.ActiveCfg = Release|ARM
		{B90F3D02-1E3A-4DD7-8E00-30F28B6DCC1E}.Release|ARM.Build.0 = Release|ARM
		{B90F3D02-1E3A-4DD7-8E00-30F28B6DCC1E}.Release|iPhone.ActiveCfg = Release|Any CPU
		{B90F3D02-1E3A-4DD7-8E00-30F28B6DCC1E}.Release|iPhoneSimulator.ActiveCfg = Release|Any CPU
		{B90F3D02-1E3A-4DD7-8E00-30F28B6DCC1E}.Release|Mixed Platforms.ActiveCfg = Release|x86
		{B90F3D02-1E3A-4DD7-8E00-30F28B6DCC1E}.Release|Mixed Platforms.Build.0 = Release|x86
		{B90F3D02-1E3A-4DD7-8E00-30F28B6DCC1E}.Release|x64.ActiveCfg = Release|Any CPU
		{B90F3D02-1E3A-4DD7-8E00-30F28B6DCC1E}.Release|x86.ActiveCfg = Release|x86
		{B90F3D02-1E3A-4DD7-8E00-30F28B6DCC1E}.Release|x86.Build.0 = Release|x86
		{B5708000-73EE-43A2-9830-454C74B037F1}.Ad-Hoc|Any CPU.ActiveCfg = Release|Any CPU
		{B5708000-73EE-43A2-9830-454C74B037F1}.Ad-Hoc|Any CPU.Build.0 = Release|Any CPU
		{B5708000-73EE-43A2-9830-454C74B037F1}.Ad-Hoc|Any CPU.Deploy.0 = Release|Any CPU
		{B5708000-73EE-43A2-9830-454C74B037F1}.Ad-Hoc|ARM.ActiveCfg = Release|ARM
		{B5708000-73EE-43A2-9830-454C74B037F1}.Ad-Hoc|ARM.Build.0 = Release|ARM
		{B5708000-73EE-43A2-9830-454C74B037F1}.Ad-Hoc|ARM.Deploy.0 = Release|ARM
		{B5708000-73EE-43A2-9830-454C74B037F1}.Ad-Hoc|iPhone.ActiveCfg = Release|Any CPU
		{B5708000-73EE-43A2-9830-454C74B037F1}.Ad-Hoc|iPhoneSimulator.ActiveCfg = Release|Any CPU
		{B5708000-73EE-43A2-9830-454C74B037F1}.Ad-Hoc|Mixed Platforms.ActiveCfg = Release|x86
		{B5708000-73EE-43A2-9830-454C74B037F1}.Ad-Hoc|Mixed Platforms.Build.0 = Release|x86
		{B5708000-73EE-43A2-9830-454C74B037F1}.Ad-Hoc|Mixed Platforms.Deploy.0 = Release|x86
		{B5708000-73EE-43A2-9830-454C74B037F1}.Ad-Hoc|x64.ActiveCfg = Release|Any CPU
		{B5708000-73EE-43A2-9830-454C74B037F1}.Ad-Hoc|x86.ActiveCfg = Release|x86
		{B5708000-73EE-43A2-9830-454C74B037F1}.Ad-Hoc|x86.Build.0 = Release|x86
		{B5708000-73EE-43A2-9830-454C74B037F1}.Ad-Hoc|x86.Deploy.0 = Release|x86
		{B5708000-73EE-43A2-9830-454C74B037F1}.AppStore|Any CPU.ActiveCfg = Release|Any CPU
		{B5708000-73EE-43A2-9830-454C74B037F1}.AppStore|Any CPU.Build.0 = Release|Any CPU
		{B5708000-73EE-43A2-9830-454C74B037F1}.AppStore|Any CPU.Deploy.0 = Release|Any CPU
		{B5708000-73EE-43A2-9830-454C74B037F1}.AppStore|ARM.ActiveCfg = Release|ARM
		{B5708000-73EE-43A2-9830-454C74B037F1}.AppStore|ARM.Build.0 = Release|ARM
		{B5708000-73EE-43A2-9830-454C74B037F1}.AppStore|ARM.Deploy.0 = Release|ARM
		{B5708000-73EE-43A2-9830-454C74B037F1}.AppStore|iPhone.ActiveCfg = Release|Any CPU
		{B5708000-73EE-43A2-9830-454C74B037F1}.AppStore|iPhoneSimulator.ActiveCfg = Release|Any CPU
		{B5708000-73EE-43A2-9830-454C74B037F1}.AppStore|Mixed Platforms.ActiveCfg = Release|x86
		{B5708000-73EE-43A2-9830-454C74B037F1}.AppStore|Mixed Platforms.Build.0 = Release|x86
		{B5708000-73EE-43A2-9830-454C74B037F1}.AppStore|Mixed Platforms.Deploy.0 = Release|x86
		{B5708000-73EE-43A2-9830-454C74B037F1}.AppStore|x64.ActiveCfg = Release|Any CPU
		{B5708000-73EE-43A2-9830-454C74B037F1}.AppStore|x86.ActiveCfg = Release|x86
		{B5708000-73EE-43A2-9830-454C74B037F1}.AppStore|x86.Build.0 = Release|x86
		{B5708000-73EE-43A2-9830-454C74B037F1}.AppStore|x86.Deploy.0 = Release|x86
		{B5708000-73EE-43A2-9830-454C74B037F1}.Debug|Any CPU.ActiveCfg = Debug|Any CPU
		{B5708000-73EE-43A2-9830-454C74B037F1}.Debug|Any CPU.Build.0 = Debug|Any CPU
		{B5708000-73EE-43A2-9830-454C74B037F1}.Debug|ARM.ActiveCfg = Debug|ARM
		{B5708000-73EE-43A2-9830-454C74B037F1}.Debug|ARM.Build.0 = Debug|ARM
		{B5708000-73EE-43A2-9830-454C74B037F1}.Debug|ARM.Deploy.0 = Debug|ARM
		{B5708000-73EE-43A2-9830-454C74B037F1}.Debug|iPhone.ActiveCfg = Debug|Any CPU
		{B5708000-73EE-43A2-9830-454C74B037F1}.Debug|iPhoneSimulator.ActiveCfg = Debug|Any CPU
		{B5708000-73EE-43A2-9830-454C74B037F1}.Debug|Mixed Platforms.ActiveCfg = Debug|x86
		{B5708000-73EE-43A2-9830-454C74B037F1}.Debug|Mixed Platforms.Build.0 = Debug|x86
		{B5708000-73EE-43A2-9830-454C74B037F1}.Debug|x64.ActiveCfg = Debug|Any CPU
		{B5708000-73EE-43A2-9830-454C74B037F1}.Debug|x86.ActiveCfg = Debug|x86
		{B5708000-73EE-43A2-9830-454C74B037F1}.Debug|x86.Build.0 = Debug|x86
		{B5708000-73EE-43A2-9830-454C74B037F1}.Debug|x86.Deploy.0 = Debug|x86
		{B5708000-73EE-43A2-9830-454C74B037F1}.Release|Any CPU.ActiveCfg = Release|Any CPU
		{B5708000-73EE-43A2-9830-454C74B037F1}.Release|Any CPU.Build.0 = Release|Any CPU
		{B5708000-73EE-43A2-9830-454C74B037F1}.Release|Any CPU.Deploy.0 = Release|Any CPU
		{B5708000-73EE-43A2-9830-454C74B037F1}.Release|ARM.ActiveCfg = Release|ARM
		{B5708000-73EE-43A2-9830-454C74B037F1}.Release|ARM.Build.0 = Release|ARM
		{B5708000-73EE-43A2-9830-454C74B037F1}.Release|ARM.Deploy.0 = Release|ARM
		{B5708000-73EE-43A2-9830-454C74B037F1}.Release|iPhone.ActiveCfg = Release|Any CPU
		{B5708000-73EE-43A2-9830-454C74B037F1}.Release|iPhoneSimulator.ActiveCfg = Release|Any CPU
		{B5708000-73EE-43A2-9830-454C74B037F1}.Release|Mixed Platforms.ActiveCfg = Release|x86
		{B5708000-73EE-43A2-9830-454C74B037F1}.Release|Mixed Platforms.Build.0 = Release|x86
		{B5708000-73EE-43A2-9830-454C74B037F1}.Release|Mixed Platforms.Deploy.0 = Release|x86
		{B5708000-73EE-43A2-9830-454C74B037F1}.Release|x64.ActiveCfg = Release|Any CPU
		{B5708000-73EE-43A2-9830-454C74B037F1}.Release|x86.ActiveCfg = Release|x86
		{B5708000-73EE-43A2-9830-454C74B037F1}.Release|x86.Build.0 = Release|x86
		{B5708000-73EE-43A2-9830-454C74B037F1}.Release|x86.Deploy.0 = Release|x86
		{E8C81219-761C-4749-B997-23E171B58D14}.Ad-Hoc|Any CPU.ActiveCfg = Release|Any CPU
		{E8C81219-761C-4749-B997-23E171B58D14}.Ad-Hoc|Any CPU.Build.0 = Release|Any CPU
		{E8C81219-761C-4749-B997-23E171B58D14}.Ad-Hoc|Any CPU.Deploy.0 = Release|Any CPU
		{E8C81219-761C-4749-B997-23E171B58D14}.Ad-Hoc|ARM.ActiveCfg = Release|ARM
		{E8C81219-761C-4749-B997-23E171B58D14}.Ad-Hoc|ARM.Build.0 = Release|ARM
		{E8C81219-761C-4749-B997-23E171B58D14}.Ad-Hoc|ARM.Deploy.0 = Release|ARM
		{E8C81219-761C-4749-B997-23E171B58D14}.Ad-Hoc|iPhone.ActiveCfg = Release|Any CPU
		{E8C81219-761C-4749-B997-23E171B58D14}.Ad-Hoc|iPhoneSimulator.ActiveCfg = Release|Any CPU
		{E8C81219-761C-4749-B997-23E171B58D14}.Ad-Hoc|Mixed Platforms.ActiveCfg = Release|x86
		{E8C81219-761C-4749-B997-23E171B58D14}.Ad-Hoc|Mixed Platforms.Build.0 = Release|x86
		{E8C81219-761C-4749-B997-23E171B58D14}.Ad-Hoc|Mixed Platforms.Deploy.0 = Release|x86
		{E8C81219-761C-4749-B997-23E171B58D14}.Ad-Hoc|x64.ActiveCfg = Release|x64
		{E8C81219-761C-4749-B997-23E171B58D14}.Ad-Hoc|x64.Build.0 = Release|x64
		{E8C81219-761C-4749-B997-23E171B58D14}.Ad-Hoc|x64.Deploy.0 = Release|x64
		{E8C81219-761C-4749-B997-23E171B58D14}.Ad-Hoc|x86.ActiveCfg = Release|x86
		{E8C81219-761C-4749-B997-23E171B58D14}.Ad-Hoc|x86.Build.0 = Release|x86
		{E8C81219-761C-4749-B997-23E171B58D14}.Ad-Hoc|x86.Deploy.0 = Release|x86
		{E8C81219-761C-4749-B997-23E171B58D14}.AppStore|Any CPU.ActiveCfg = Release|Any CPU
		{E8C81219-761C-4749-B997-23E171B58D14}.AppStore|Any CPU.Build.0 = Release|Any CPU
		{E8C81219-761C-4749-B997-23E171B58D14}.AppStore|Any CPU.Deploy.0 = Release|Any CPU
		{E8C81219-761C-4749-B997-23E171B58D14}.AppStore|ARM.ActiveCfg = Release|ARM
		{E8C81219-761C-4749-B997-23E171B58D14}.AppStore|ARM.Build.0 = Release|ARM
		{E8C81219-761C-4749-B997-23E171B58D14}.AppStore|ARM.Deploy.0 = Release|ARM
		{E8C81219-761C-4749-B997-23E171B58D14}.AppStore|iPhone.ActiveCfg = Release|Any CPU
		{E8C81219-761C-4749-B997-23E171B58D14}.AppStore|iPhoneSimulator.ActiveCfg = Release|Any CPU
		{E8C81219-761C-4749-B997-23E171B58D14}.AppStore|Mixed Platforms.ActiveCfg = Release|x86
		{E8C81219-761C-4749-B997-23E171B58D14}.AppStore|Mixed Platforms.Build.0 = Release|x86
		{E8C81219-761C-4749-B997-23E171B58D14}.AppStore|Mixed Platforms.Deploy.0 = Release|x86
		{E8C81219-761C-4749-B997-23E171B58D14}.AppStore|x64.ActiveCfg = Release|x64
		{E8C81219-761C-4749-B997-23E171B58D14}.AppStore|x64.Build.0 = Release|x64
		{E8C81219-761C-4749-B997-23E171B58D14}.AppStore|x64.Deploy.0 = Release|x64
		{E8C81219-761C-4749-B997-23E171B58D14}.AppStore|x86.ActiveCfg = Release|x86
		{E8C81219-761C-4749-B997-23E171B58D14}.AppStore|x86.Build.0 = Release|x86
		{E8C81219-761C-4749-B997-23E171B58D14}.AppStore|x86.Deploy.0 = Release|x86
		{E8C81219-761C-4749-B997-23E171B58D14}.Debug|Any CPU.ActiveCfg = Debug|Any CPU
		{E8C81219-761C-4749-B997-23E171B58D14}.Debug|Any CPU.Build.0 = Debug|Any CPU
		{E8C81219-761C-4749-B997-23E171B58D14}.Debug|Any CPU.Deploy.0 = Debug|Any CPU
		{E8C81219-761C-4749-B997-23E171B58D14}.Debug|ARM.ActiveCfg = Debug|ARM
		{E8C81219-761C-4749-B997-23E171B58D14}.Debug|ARM.Build.0 = Debug|ARM
		{E8C81219-761C-4749-B997-23E171B58D14}.Debug|ARM.Deploy.0 = Debug|ARM
		{E8C81219-761C-4749-B997-23E171B58D14}.Debug|iPhone.ActiveCfg = Debug|Any CPU
		{E8C81219-761C-4749-B997-23E171B58D14}.Debug|iPhoneSimulator.ActiveCfg = Debug|Any CPU
		{E8C81219-761C-4749-B997-23E171B58D14}.Debug|Mixed Platforms.ActiveCfg = Debug|x86
		{E8C81219-761C-4749-B997-23E171B58D14}.Debug|Mixed Platforms.Build.0 = Debug|x86
		{E8C81219-761C-4749-B997-23E171B58D14}.Debug|Mixed Platforms.Deploy.0 = Debug|x86
		{E8C81219-761C-4749-B997-23E171B58D14}.Debug|x64.ActiveCfg = Debug|x64
		{E8C81219-761C-4749-B997-23E171B58D14}.Debug|x64.Build.0 = Debug|x64
		{E8C81219-761C-4749-B997-23E171B58D14}.Debug|x64.Deploy.0 = Debug|x64
		{E8C81219-761C-4749-B997-23E171B58D14}.Debug|x86.ActiveCfg = Debug|x86
		{E8C81219-761C-4749-B997-23E171B58D14}.Debug|x86.Build.0 = Debug|x86
		{E8C81219-761C-4749-B997-23E171B58D14}.Debug|x86.Deploy.0 = Debug|x86
		{E8C81219-761C-4749-B997-23E171B58D14}.Release|Any CPU.ActiveCfg = Release|Any CPU
		{E8C81219-761C-4749-B997-23E171B58D14}.Release|Any CPU.Build.0 = Release|Any CPU
		{E8C81219-761C-4749-B997-23E171B58D14}.Release|Any CPU.Deploy.0 = Release|Any CPU
		{E8C81219-761C-4749-B997-23E171B58D14}.Release|ARM.ActiveCfg = Release|ARM
		{E8C81219-761C-4749-B997-23E171B58D14}.Release|ARM.Build.0 = Release|ARM
		{E8C81219-761C-4749-B997-23E171B58D14}.Release|ARM.Deploy.0 = Release|ARM
		{E8C81219-761C-4749-B997-23E171B58D14}.Release|iPhone.ActiveCfg = Release|Any CPU
		{E8C81219-761C-4749-B997-23E171B58D14}.Release|iPhoneSimulator.ActiveCfg = Release|Any CPU
		{E8C81219-761C-4749-B997-23E171B58D14}.Release|Mixed Platforms.ActiveCfg = Release|x86
		{E8C81219-761C-4749-B997-23E171B58D14}.Release|Mixed Platforms.Build.0 = Release|x86
		{E8C81219-761C-4749-B997-23E171B58D14}.Release|Mixed Platforms.Deploy.0 = Release|x86
		{E8C81219-761C-4749-B997-23E171B58D14}.Release|x64.ActiveCfg = Release|x64
		{E8C81219-761C-4749-B997-23E171B58D14}.Release|x64.Build.0 = Release|x64
		{E8C81219-761C-4749-B997-23E171B58D14}.Release|x64.Deploy.0 = Release|x64
		{E8C81219-761C-4749-B997-23E171B58D14}.Release|x86.ActiveCfg = Release|x86
		{E8C81219-761C-4749-B997-23E171B58D14}.Release|x86.Build.0 = Release|x86
		{E8C81219-761C-4749-B997-23E171B58D14}.Release|x86.Deploy.0 = Release|x86
		{464CB812-F99F-401B-BE4C-E8F0515CD19D}.Ad-Hoc|Any CPU.ActiveCfg = Release|Any CPU
		{464CB812-F99F-401B-BE4C-E8F0515CD19D}.Ad-Hoc|Any CPU.Build.0 = Release|Any CPU
		{464CB812-F99F-401B-BE4C-E8F0515CD19D}.Ad-Hoc|ARM.ActiveCfg = Release|Any CPU
		{464CB812-F99F-401B-BE4C-E8F0515CD19D}.Ad-Hoc|iPhone.ActiveCfg = Release|Any CPU
		{464CB812-F99F-401B-BE4C-E8F0515CD19D}.Ad-Hoc|iPhoneSimulator.ActiveCfg = Release|Any CPU
		{464CB812-F99F-401B-BE4C-E8F0515CD19D}.Ad-Hoc|Mixed Platforms.ActiveCfg = Release|Any CPU
		{464CB812-F99F-401B-BE4C-E8F0515CD19D}.Ad-Hoc|Mixed Platforms.Build.0 = Release|Any CPU
		{464CB812-F99F-401B-BE4C-E8F0515CD19D}.Ad-Hoc|x64.ActiveCfg = Release|Any CPU
		{464CB812-F99F-401B-BE4C-E8F0515CD19D}.Ad-Hoc|x86.ActiveCfg = Release|Any CPU
		{464CB812-F99F-401B-BE4C-E8F0515CD19D}.AppStore|Any CPU.ActiveCfg = Release|Any CPU
		{464CB812-F99F-401B-BE4C-E8F0515CD19D}.AppStore|Any CPU.Build.0 = Release|Any CPU
		{464CB812-F99F-401B-BE4C-E8F0515CD19D}.AppStore|ARM.ActiveCfg = Release|Any CPU
		{464CB812-F99F-401B-BE4C-E8F0515CD19D}.AppStore|iPhone.ActiveCfg = Release|Any CPU
		{464CB812-F99F-401B-BE4C-E8F0515CD19D}.AppStore|iPhoneSimulator.ActiveCfg = Release|Any CPU
		{464CB812-F99F-401B-BE4C-E8F0515CD19D}.AppStore|Mixed Platforms.ActiveCfg = Release|Any CPU
		{464CB812-F99F-401B-BE4C-E8F0515CD19D}.AppStore|Mixed Platforms.Build.0 = Release|Any CPU
		{464CB812-F99F-401B-BE4C-E8F0515CD19D}.AppStore|x64.ActiveCfg = Release|Any CPU
		{464CB812-F99F-401B-BE4C-E8F0515CD19D}.AppStore|x86.ActiveCfg = Release|Any CPU
		{464CB812-F99F-401B-BE4C-E8F0515CD19D}.Debug|Any CPU.ActiveCfg = Debug|Any CPU
		{464CB812-F99F-401B-BE4C-E8F0515CD19D}.Debug|Any CPU.Build.0 = Debug|Any CPU
		{464CB812-F99F-401B-BE4C-E8F0515CD19D}.Debug|ARM.ActiveCfg = Debug|Any CPU
		{464CB812-F99F-401B-BE4C-E8F0515CD19D}.Debug|iPhone.ActiveCfg = Debug|Any CPU
		{464CB812-F99F-401B-BE4C-E8F0515CD19D}.Debug|iPhoneSimulator.ActiveCfg = Debug|Any CPU
		{464CB812-F99F-401B-BE4C-E8F0515CD19D}.Debug|Mixed Platforms.ActiveCfg = Debug|Any CPU
		{464CB812-F99F-401B-BE4C-E8F0515CD19D}.Debug|Mixed Platforms.Build.0 = Debug|Any CPU
		{464CB812-F99F-401B-BE4C-E8F0515CD19D}.Debug|x64.ActiveCfg = Debug|Any CPU
		{464CB812-F99F-401B-BE4C-E8F0515CD19D}.Debug|x86.ActiveCfg = Debug|Any CPU
		{464CB812-F99F-401B-BE4C-E8F0515CD19D}.Release|Any CPU.ActiveCfg = Release|Any CPU
		{464CB812-F99F-401B-BE4C-E8F0515CD19D}.Release|Any CPU.Build.0 = Release|Any CPU
		{464CB812-F99F-401B-BE4C-E8F0515CD19D}.Release|ARM.ActiveCfg = Release|Any CPU
		{464CB812-F99F-401B-BE4C-E8F0515CD19D}.Release|iPhone.ActiveCfg = Release|Any CPU
		{464CB812-F99F-401B-BE4C-E8F0515CD19D}.Release|iPhoneSimulator.ActiveCfg = Release|Any CPU
		{464CB812-F99F-401B-BE4C-E8F0515CD19D}.Release|Mixed Platforms.ActiveCfg = Release|Any CPU
		{464CB812-F99F-401B-BE4C-E8F0515CD19D}.Release|Mixed Platforms.Build.0 = Release|Any CPU
		{464CB812-F99F-401B-BE4C-E8F0515CD19D}.Release|x64.ActiveCfg = Release|Any CPU
		{464CB812-F99F-401B-BE4C-E8F0515CD19D}.Release|x86.ActiveCfg = Release|Any CPU
		{600998C4-54DD-4755-BFA8-6F44544D8E2E}.Ad-Hoc|Any CPU.ActiveCfg = Release|Any CPU
		{600998C4-54DD-4755-BFA8-6F44544D8E2E}.Ad-Hoc|Any CPU.Build.0 = Release|Any CPU
		{600998C4-54DD-4755-BFA8-6F44544D8E2E}.Ad-Hoc|ARM.ActiveCfg = Release|Any CPU
		{600998C4-54DD-4755-BFA8-6F44544D8E2E}.Ad-Hoc|iPhone.ActiveCfg = Release|Any CPU
		{600998C4-54DD-4755-BFA8-6F44544D8E2E}.Ad-Hoc|iPhoneSimulator.ActiveCfg = Release|Any CPU
		{600998C4-54DD-4755-BFA8-6F44544D8E2E}.Ad-Hoc|Mixed Platforms.ActiveCfg = Release|Any CPU
		{600998C4-54DD-4755-BFA8-6F44544D8E2E}.Ad-Hoc|Mixed Platforms.Build.0 = Release|Any CPU
		{600998C4-54DD-4755-BFA8-6F44544D8E2E}.Ad-Hoc|x64.ActiveCfg = Release|Any CPU
		{600998C4-54DD-4755-BFA8-6F44544D8E2E}.Ad-Hoc|x86.ActiveCfg = Release|Any CPU
		{600998C4-54DD-4755-BFA8-6F44544D8E2E}.AppStore|Any CPU.ActiveCfg = Release|Any CPU
		{600998C4-54DD-4755-BFA8-6F44544D8E2E}.AppStore|Any CPU.Build.0 = Release|Any CPU
		{600998C4-54DD-4755-BFA8-6F44544D8E2E}.AppStore|ARM.ActiveCfg = Release|Any CPU
		{600998C4-54DD-4755-BFA8-6F44544D8E2E}.AppStore|iPhone.ActiveCfg = Release|Any CPU
		{600998C4-54DD-4755-BFA8-6F44544D8E2E}.AppStore|iPhoneSimulator.ActiveCfg = Release|Any CPU
		{600998C4-54DD-4755-BFA8-6F44544D8E2E}.AppStore|Mixed Platforms.ActiveCfg = Release|Any CPU
		{600998C4-54DD-4755-BFA8-6F44544D8E2E}.AppStore|Mixed Platforms.Build.0 = Release|Any CPU
		{600998C4-54DD-4755-BFA8-6F44544D8E2E}.AppStore|x64.ActiveCfg = Release|Any CPU
		{600998C4-54DD-4755-BFA8-6F44544D8E2E}.AppStore|x86.ActiveCfg = Release|Any CPU
		{600998C4-54DD-4755-BFA8-6F44544D8E2E}.Debug|Any CPU.ActiveCfg = Debug|Any CPU
		{600998C4-54DD-4755-BFA8-6F44544D8E2E}.Debug|Any CPU.Build.0 = Debug|Any CPU
		{600998C4-54DD-4755-BFA8-6F44544D8E2E}.Debug|ARM.ActiveCfg = Debug|Any CPU
		{600998C4-54DD-4755-BFA8-6F44544D8E2E}.Debug|iPhone.ActiveCfg = Debug|Any CPU
		{600998C4-54DD-4755-BFA8-6F44544D8E2E}.Debug|iPhoneSimulator.ActiveCfg = Debug|Any CPU
		{600998C4-54DD-4755-BFA8-6F44544D8E2E}.Debug|Mixed Platforms.ActiveCfg = Debug|Any CPU
		{600998C4-54DD-4755-BFA8-6F44544D8E2E}.Debug|Mixed Platforms.Build.0 = Debug|Any CPU
		{600998C4-54DD-4755-BFA8-6F44544D8E2E}.Debug|x64.ActiveCfg = Debug|Any CPU
		{600998C4-54DD-4755-BFA8-6F44544D8E2E}.Debug|x86.ActiveCfg = Debug|Any CPU
		{600998C4-54DD-4755-BFA8-6F44544D8E2E}.Release|Any CPU.ActiveCfg = Release|Any CPU
		{600998C4-54DD-4755-BFA8-6F44544D8E2E}.Release|Any CPU.Build.0 = Release|Any CPU
		{600998C4-54DD-4755-BFA8-6F44544D8E2E}.Release|ARM.ActiveCfg = Release|Any CPU
		{600998C4-54DD-4755-BFA8-6F44544D8E2E}.Release|iPhone.ActiveCfg = Release|Any CPU
		{600998C4-54DD-4755-BFA8-6F44544D8E2E}.Release|iPhoneSimulator.ActiveCfg = Release|Any CPU
		{600998C4-54DD-4755-BFA8-6F44544D8E2E}.Release|Mixed Platforms.ActiveCfg = Release|Any CPU
		{600998C4-54DD-4755-BFA8-6F44544D8E2E}.Release|Mixed Platforms.Build.0 = Release|Any CPU
		{600998C4-54DD-4755-BFA8-6F44544D8E2E}.Release|x64.ActiveCfg = Release|Any CPU
		{600998C4-54DD-4755-BFA8-6F44544D8E2E}.Release|x86.ActiveCfg = Release|Any CPU
		{689EC7CA-2D81-4124-929E-397B330CC358}.Ad-Hoc|Any CPU.ActiveCfg = Release|Any CPU
		{689EC7CA-2D81-4124-929E-397B330CC358}.Ad-Hoc|Any CPU.Build.0 = Release|Any CPU
		{689EC7CA-2D81-4124-929E-397B330CC358}.Ad-Hoc|ARM.ActiveCfg = Release|Any CPU
		{689EC7CA-2D81-4124-929E-397B330CC358}.Ad-Hoc|iPhone.ActiveCfg = Release|Any CPU
		{689EC7CA-2D81-4124-929E-397B330CC358}.Ad-Hoc|iPhoneSimulator.ActiveCfg = Release|Any CPU
		{689EC7CA-2D81-4124-929E-397B330CC358}.Ad-Hoc|Mixed Platforms.ActiveCfg = Release|Any CPU
		{689EC7CA-2D81-4124-929E-397B330CC358}.Ad-Hoc|Mixed Platforms.Build.0 = Release|Any CPU
		{689EC7CA-2D81-4124-929E-397B330CC358}.Ad-Hoc|x64.ActiveCfg = Release|Any CPU
		{689EC7CA-2D81-4124-929E-397B330CC358}.Ad-Hoc|x86.ActiveCfg = Release|Any CPU
		{689EC7CA-2D81-4124-929E-397B330CC358}.AppStore|Any CPU.ActiveCfg = Release|Any CPU
		{689EC7CA-2D81-4124-929E-397B330CC358}.AppStore|Any CPU.Build.0 = Release|Any CPU
		{689EC7CA-2D81-4124-929E-397B330CC358}.AppStore|ARM.ActiveCfg = Release|Any CPU
		{689EC7CA-2D81-4124-929E-397B330CC358}.AppStore|iPhone.ActiveCfg = Release|Any CPU
		{689EC7CA-2D81-4124-929E-397B330CC358}.AppStore|iPhoneSimulator.ActiveCfg = Release|Any CPU
		{689EC7CA-2D81-4124-929E-397B330CC358}.AppStore|Mixed Platforms.ActiveCfg = Release|Any CPU
		{689EC7CA-2D81-4124-929E-397B330CC358}.AppStore|Mixed Platforms.Build.0 = Release|Any CPU
		{689EC7CA-2D81-4124-929E-397B330CC358}.AppStore|x64.ActiveCfg = Release|Any CPU
		{689EC7CA-2D81-4124-929E-397B330CC358}.AppStore|x86.ActiveCfg = Release|Any CPU
		{689EC7CA-2D81-4124-929E-397B330CC358}.Debug|Any CPU.ActiveCfg = Debug|Any CPU
		{689EC7CA-2D81-4124-929E-397B330CC358}.Debug|Any CPU.Build.0 = Debug|Any CPU
		{689EC7CA-2D81-4124-929E-397B330CC358}.Debug|ARM.ActiveCfg = Debug|Any CPU
		{689EC7CA-2D81-4124-929E-397B330CC358}.Debug|iPhone.ActiveCfg = Debug|Any CPU
		{689EC7CA-2D81-4124-929E-397B330CC358}.Debug|iPhoneSimulator.ActiveCfg = Debug|Any CPU
		{689EC7CA-2D81-4124-929E-397B330CC358}.Debug|Mixed Platforms.ActiveCfg = Debug|Any CPU
		{689EC7CA-2D81-4124-929E-397B330CC358}.Debug|Mixed Platforms.Build.0 = Debug|Any CPU
		{689EC7CA-2D81-4124-929E-397B330CC358}.Debug|x64.ActiveCfg = Debug|Any CPU
		{689EC7CA-2D81-4124-929E-397B330CC358}.Debug|x86.ActiveCfg = Debug|Any CPU
		{689EC7CA-2D81-4124-929E-397B330CC358}.Release|Any CPU.ActiveCfg = Release|Any CPU
		{689EC7CA-2D81-4124-929E-397B330CC358}.Release|Any CPU.Build.0 = Release|Any CPU
		{689EC7CA-2D81-4124-929E-397B330CC358}.Release|ARM.ActiveCfg = Release|Any CPU
		{689EC7CA-2D81-4124-929E-397B330CC358}.Release|iPhone.ActiveCfg = Release|Any CPU
		{689EC7CA-2D81-4124-929E-397B330CC358}.Release|iPhoneSimulator.ActiveCfg = Release|Any CPU
		{689EC7CA-2D81-4124-929E-397B330CC358}.Release|Mixed Platforms.ActiveCfg = Release|Any CPU
		{689EC7CA-2D81-4124-929E-397B330CC358}.Release|Mixed Platforms.Build.0 = Release|Any CPU
		{689EC7CA-2D81-4124-929E-397B330CC358}.Release|x64.ActiveCfg = Release|Any CPU
		{689EC7CA-2D81-4124-929E-397B330CC358}.Release|x86.ActiveCfg = Release|Any CPU
		{A9459904-F785-4255-866A-A619787CB895}.Ad-Hoc|Any CPU.ActiveCfg = Release|Any CPU
		{A9459904-F785-4255-866A-A619787CB895}.Ad-Hoc|Any CPU.Build.0 = Release|Any CPU
		{A9459904-F785-4255-866A-A619787CB895}.Ad-Hoc|ARM.ActiveCfg = Release|ARM
		{A9459904-F785-4255-866A-A619787CB895}.Ad-Hoc|ARM.Build.0 = Release|ARM
		{A9459904-F785-4255-866A-A619787CB895}.Ad-Hoc|iPhone.ActiveCfg = Release|Any CPU
		{A9459904-F785-4255-866A-A619787CB895}.Ad-Hoc|iPhoneSimulator.ActiveCfg = Release|Any CPU
		{A9459904-F785-4255-866A-A619787CB895}.Ad-Hoc|Mixed Platforms.ActiveCfg = Release|x86
		{A9459904-F785-4255-866A-A619787CB895}.Ad-Hoc|Mixed Platforms.Build.0 = Release|x86
		{A9459904-F785-4255-866A-A619787CB895}.Ad-Hoc|x64.ActiveCfg = Release|Any CPU
		{A9459904-F785-4255-866A-A619787CB895}.Ad-Hoc|x86.ActiveCfg = Release|x86
		{A9459904-F785-4255-866A-A619787CB895}.Ad-Hoc|x86.Build.0 = Release|x86
		{A9459904-F785-4255-866A-A619787CB895}.AppStore|Any CPU.ActiveCfg = Release|Any CPU
		{A9459904-F785-4255-866A-A619787CB895}.AppStore|Any CPU.Build.0 = Release|Any CPU
		{A9459904-F785-4255-866A-A619787CB895}.AppStore|ARM.ActiveCfg = Release|ARM
		{A9459904-F785-4255-866A-A619787CB895}.AppStore|ARM.Build.0 = Release|ARM
		{A9459904-F785-4255-866A-A619787CB895}.AppStore|iPhone.ActiveCfg = Release|Any CPU
		{A9459904-F785-4255-866A-A619787CB895}.AppStore|iPhoneSimulator.ActiveCfg = Release|Any CPU
		{A9459904-F785-4255-866A-A619787CB895}.AppStore|Mixed Platforms.ActiveCfg = Release|x86
		{A9459904-F785-4255-866A-A619787CB895}.AppStore|Mixed Platforms.Build.0 = Release|x86
		{A9459904-F785-4255-866A-A619787CB895}.AppStore|x64.ActiveCfg = Release|Any CPU
		{A9459904-F785-4255-866A-A619787CB895}.AppStore|x86.ActiveCfg = Release|x86
		{A9459904-F785-4255-866A-A619787CB895}.AppStore|x86.Build.0 = Release|x86
		{A9459904-F785-4255-866A-A619787CB895}.Debug|Any CPU.ActiveCfg = Debug|Any CPU
		{A9459904-F785-4255-866A-A619787CB895}.Debug|Any CPU.Build.0 = Debug|Any CPU
		{A9459904-F785-4255-866A-A619787CB895}.Debug|ARM.ActiveCfg = Debug|ARM
		{A9459904-F785-4255-866A-A619787CB895}.Debug|ARM.Build.0 = Debug|ARM
		{A9459904-F785-4255-866A-A619787CB895}.Debug|iPhone.ActiveCfg = Debug|Any CPU
		{A9459904-F785-4255-866A-A619787CB895}.Debug|iPhoneSimulator.ActiveCfg = Debug|Any CPU
		{A9459904-F785-4255-866A-A619787CB895}.Debug|Mixed Platforms.ActiveCfg = Debug|x86
		{A9459904-F785-4255-866A-A619787CB895}.Debug|Mixed Platforms.Build.0 = Debug|x86
		{A9459904-F785-4255-866A-A619787CB895}.Debug|x64.ActiveCfg = Debug|Any CPU
		{A9459904-F785-4255-866A-A619787CB895}.Debug|x86.ActiveCfg = Debug|x86
		{A9459904-F785-4255-866A-A619787CB895}.Debug|x86.Build.0 = Debug|x86
		{A9459904-F785-4255-866A-A619787CB895}.Release|Any CPU.ActiveCfg = Release|Any CPU
		{A9459904-F785-4255-866A-A619787CB895}.Release|Any CPU.Build.0 = Release|Any CPU
		{A9459904-F785-4255-866A-A619787CB895}.Release|ARM.ActiveCfg = Release|ARM
		{A9459904-F785-4255-866A-A619787CB895}.Release|ARM.Build.0 = Release|ARM
		{A9459904-F785-4255-866A-A619787CB895}.Release|iPhone.ActiveCfg = Release|Any CPU
		{A9459904-F785-4255-866A-A619787CB895}.Release|iPhoneSimulator.ActiveCfg = Release|Any CPU
		{A9459904-F785-4255-866A-A619787CB895}.Release|Mixed Platforms.ActiveCfg = Release|x86
		{A9459904-F785-4255-866A-A619787CB895}.Release|Mixed Platforms.Build.0 = Release|x86
		{A9459904-F785-4255-866A-A619787CB895}.Release|x64.ActiveCfg = Release|Any CPU
		{A9459904-F785-4255-866A-A619787CB895}.Release|x86.ActiveCfg = Release|x86
		{A9459904-F785-4255-866A-A619787CB895}.Release|x86.Build.0 = Release|x86
		{EE7D7FD6-4475-4D1F-A000-9D684F8EC3C7}.Ad-Hoc|Any CPU.ActiveCfg = Release|Any CPU
		{EE7D7FD6-4475-4D1F-A000-9D684F8EC3C7}.Ad-Hoc|Any CPU.Build.0 = Release|Any CPU
		{EE7D7FD6-4475-4D1F-A000-9D684F8EC3C7}.Ad-Hoc|ARM.ActiveCfg = Release|Any CPU
		{EE7D7FD6-4475-4D1F-A000-9D684F8EC3C7}.Ad-Hoc|iPhone.ActiveCfg = Release|Any CPU
		{EE7D7FD6-4475-4D1F-A000-9D684F8EC3C7}.Ad-Hoc|iPhoneSimulator.ActiveCfg = Release|Any CPU
		{EE7D7FD6-4475-4D1F-A000-9D684F8EC3C7}.Ad-Hoc|Mixed Platforms.ActiveCfg = Release|Any CPU
		{EE7D7FD6-4475-4D1F-A000-9D684F8EC3C7}.Ad-Hoc|Mixed Platforms.Build.0 = Release|Any CPU
		{EE7D7FD6-4475-4D1F-A000-9D684F8EC3C7}.Ad-Hoc|x64.ActiveCfg = Release|Any CPU
		{EE7D7FD6-4475-4D1F-A000-9D684F8EC3C7}.Ad-Hoc|x86.ActiveCfg = Release|Any CPU
		{EE7D7FD6-4475-4D1F-A000-9D684F8EC3C7}.AppStore|Any CPU.ActiveCfg = Release|Any CPU
		{EE7D7FD6-4475-4D1F-A000-9D684F8EC3C7}.AppStore|Any CPU.Build.0 = Release|Any CPU
		{EE7D7FD6-4475-4D1F-A000-9D684F8EC3C7}.AppStore|ARM.ActiveCfg = Release|Any CPU
		{EE7D7FD6-4475-4D1F-A000-9D684F8EC3C7}.AppStore|iPhone.ActiveCfg = Release|Any CPU
		{EE7D7FD6-4475-4D1F-A000-9D684F8EC3C7}.AppStore|iPhoneSimulator.ActiveCfg = Release|Any CPU
		{EE7D7FD6-4475-4D1F-A000-9D684F8EC3C7}.AppStore|Mixed Platforms.ActiveCfg = Release|Any CPU
		{EE7D7FD6-4475-4D1F-A000-9D684F8EC3C7}.AppStore|Mixed Platforms.Build.0 = Release|Any CPU
		{EE7D7FD6-4475-4D1F-A000-9D684F8EC3C7}.AppStore|x64.ActiveCfg = Release|Any CPU
		{EE7D7FD6-4475-4D1F-A000-9D684F8EC3C7}.AppStore|x86.ActiveCfg = Release|Any CPU
		{EE7D7FD6-4475-4D1F-A000-9D684F8EC3C7}.Debug|Any CPU.ActiveCfg = Debug|Any CPU
		{EE7D7FD6-4475-4D1F-A000-9D684F8EC3C7}.Debug|Any CPU.Build.0 = Debug|Any CPU
		{EE7D7FD6-4475-4D1F-A000-9D684F8EC3C7}.Debug|ARM.ActiveCfg = Debug|Any CPU
		{EE7D7FD6-4475-4D1F-A000-9D684F8EC3C7}.Debug|iPhone.ActiveCfg = Debug|Any CPU
		{EE7D7FD6-4475-4D1F-A000-9D684F8EC3C7}.Debug|iPhoneSimulator.ActiveCfg = Debug|Any CPU
		{EE7D7FD6-4475-4D1F-A000-9D684F8EC3C7}.Debug|Mixed Platforms.ActiveCfg = Debug|Any CPU
		{EE7D7FD6-4475-4D1F-A000-9D684F8EC3C7}.Debug|Mixed Platforms.Build.0 = Debug|Any CPU
		{EE7D7FD6-4475-4D1F-A000-9D684F8EC3C7}.Debug|x64.ActiveCfg = Debug|Any CPU
		{EE7D7FD6-4475-4D1F-A000-9D684F8EC3C7}.Debug|x86.ActiveCfg = Debug|Any CPU
		{EE7D7FD6-4475-4D1F-A000-9D684F8EC3C7}.Release|Any CPU.ActiveCfg = Release|Any CPU
		{EE7D7FD6-4475-4D1F-A000-9D684F8EC3C7}.Release|Any CPU.Build.0 = Release|Any CPU
		{EE7D7FD6-4475-4D1F-A000-9D684F8EC3C7}.Release|ARM.ActiveCfg = Release|Any CPU
		{EE7D7FD6-4475-4D1F-A000-9D684F8EC3C7}.Release|iPhone.ActiveCfg = Release|Any CPU
		{EE7D7FD6-4475-4D1F-A000-9D684F8EC3C7}.Release|iPhoneSimulator.ActiveCfg = Release|Any CPU
		{EE7D7FD6-4475-4D1F-A000-9D684F8EC3C7}.Release|Mixed Platforms.ActiveCfg = Release|Any CPU
		{EE7D7FD6-4475-4D1F-A000-9D684F8EC3C7}.Release|Mixed Platforms.Build.0 = Release|Any CPU
		{EE7D7FD6-4475-4D1F-A000-9D684F8EC3C7}.Release|x64.ActiveCfg = Release|Any CPU
		{EE7D7FD6-4475-4D1F-A000-9D684F8EC3C7}.Release|x86.ActiveCfg = Release|Any CPU
		{F92A477B-BB94-43C1-984E-E177EF9FEDB7}.Ad-Hoc|Any CPU.ActiveCfg = Release|Any CPU
		{F92A477B-BB94-43C1-984E-E177EF9FEDB7}.Ad-Hoc|Any CPU.Build.0 = Release|Any CPU
		{F92A477B-BB94-43C1-984E-E177EF9FEDB7}.Ad-Hoc|ARM.ActiveCfg = Release|Any CPU
		{F92A477B-BB94-43C1-984E-E177EF9FEDB7}.Ad-Hoc|iPhone.ActiveCfg = Release|Any CPU
		{F92A477B-BB94-43C1-984E-E177EF9FEDB7}.Ad-Hoc|iPhoneSimulator.ActiveCfg = Release|Any CPU
		{F92A477B-BB94-43C1-984E-E177EF9FEDB7}.Ad-Hoc|Mixed Platforms.ActiveCfg = Release|Any CPU
		{F92A477B-BB94-43C1-984E-E177EF9FEDB7}.Ad-Hoc|Mixed Platforms.Build.0 = Release|Any CPU
		{F92A477B-BB94-43C1-984E-E177EF9FEDB7}.Ad-Hoc|x64.ActiveCfg = Release|Any CPU
		{F92A477B-BB94-43C1-984E-E177EF9FEDB7}.Ad-Hoc|x86.ActiveCfg = Release|Any CPU
		{F92A477B-BB94-43C1-984E-E177EF9FEDB7}.AppStore|Any CPU.ActiveCfg = Release|Any CPU
		{F92A477B-BB94-43C1-984E-E177EF9FEDB7}.AppStore|Any CPU.Build.0 = Release|Any CPU
		{F92A477B-BB94-43C1-984E-E177EF9FEDB7}.AppStore|ARM.ActiveCfg = Release|Any CPU
		{F92A477B-BB94-43C1-984E-E177EF9FEDB7}.AppStore|iPhone.ActiveCfg = Release|Any CPU
		{F92A477B-BB94-43C1-984E-E177EF9FEDB7}.AppStore|iPhoneSimulator.ActiveCfg = Release|Any CPU
		{F92A477B-BB94-43C1-984E-E177EF9FEDB7}.AppStore|Mixed Platforms.ActiveCfg = Release|Any CPU
		{F92A477B-BB94-43C1-984E-E177EF9FEDB7}.AppStore|Mixed Platforms.Build.0 = Release|Any CPU
		{F92A477B-BB94-43C1-984E-E177EF9FEDB7}.AppStore|x64.ActiveCfg = Release|Any CPU
		{F92A477B-BB94-43C1-984E-E177EF9FEDB7}.AppStore|x86.ActiveCfg = Release|Any CPU
		{F92A477B-BB94-43C1-984E-E177EF9FEDB7}.Debug|Any CPU.ActiveCfg = Debug|Any CPU
		{F92A477B-BB94-43C1-984E-E177EF9FEDB7}.Debug|Any CPU.Build.0 = Debug|Any CPU
		{F92A477B-BB94-43C1-984E-E177EF9FEDB7}.Debug|ARM.ActiveCfg = Debug|Any CPU
		{F92A477B-BB94-43C1-984E-E177EF9FEDB7}.Debug|iPhone.ActiveCfg = Debug|Any CPU
		{F92A477B-BB94-43C1-984E-E177EF9FEDB7}.Debug|iPhoneSimulator.ActiveCfg = Debug|Any CPU
		{F92A477B-BB94-43C1-984E-E177EF9FEDB7}.Debug|Mixed Platforms.ActiveCfg = Debug|Any CPU
		{F92A477B-BB94-43C1-984E-E177EF9FEDB7}.Debug|Mixed Platforms.Build.0 = Debug|Any CPU
		{F92A477B-BB94-43C1-984E-E177EF9FEDB7}.Debug|x64.ActiveCfg = Debug|Any CPU
		{F92A477B-BB94-43C1-984E-E177EF9FEDB7}.Debug|x86.ActiveCfg = Debug|Any CPU
		{F92A477B-BB94-43C1-984E-E177EF9FEDB7}.Release|Any CPU.ActiveCfg = Release|Any CPU
		{F92A477B-BB94-43C1-984E-E177EF9FEDB7}.Release|Any CPU.Build.0 = Release|Any CPU
		{F92A477B-BB94-43C1-984E-E177EF9FEDB7}.Release|ARM.ActiveCfg = Release|Any CPU
		{F92A477B-BB94-43C1-984E-E177EF9FEDB7}.Release|iPhone.ActiveCfg = Release|Any CPU
		{F92A477B-BB94-43C1-984E-E177EF9FEDB7}.Release|iPhoneSimulator.ActiveCfg = Release|Any CPU
		{F92A477B-BB94-43C1-984E-E177EF9FEDB7}.Release|Mixed Platforms.ActiveCfg = Release|Any CPU
		{F92A477B-BB94-43C1-984E-E177EF9FEDB7}.Release|Mixed Platforms.Build.0 = Release|Any CPU
		{F92A477B-BB94-43C1-984E-E177EF9FEDB7}.Release|x64.ActiveCfg = Release|Any CPU
		{F92A477B-BB94-43C1-984E-E177EF9FEDB7}.Release|x86.ActiveCfg = Release|Any CPU
		{9091337A-9E94-4DBD-801E-05E1FDA78FFC}.Ad-Hoc|Any CPU.ActiveCfg = Release|Any CPU
		{9091337A-9E94-4DBD-801E-05E1FDA78FFC}.Ad-Hoc|Any CPU.Build.0 = Release|Any CPU
		{9091337A-9E94-4DBD-801E-05E1FDA78FFC}.Ad-Hoc|ARM.ActiveCfg = Release|Any CPU
		{9091337A-9E94-4DBD-801E-05E1FDA78FFC}.Ad-Hoc|iPhone.ActiveCfg = Release|Any CPU
		{9091337A-9E94-4DBD-801E-05E1FDA78FFC}.Ad-Hoc|iPhoneSimulator.ActiveCfg = Release|Any CPU
		{9091337A-9E94-4DBD-801E-05E1FDA78FFC}.Ad-Hoc|Mixed Platforms.ActiveCfg = Release|Any CPU
		{9091337A-9E94-4DBD-801E-05E1FDA78FFC}.Ad-Hoc|Mixed Platforms.Build.0 = Release|Any CPU
		{9091337A-9E94-4DBD-801E-05E1FDA78FFC}.Ad-Hoc|x64.ActiveCfg = Release|Any CPU
		{9091337A-9E94-4DBD-801E-05E1FDA78FFC}.Ad-Hoc|x86.ActiveCfg = Release|Any CPU
		{9091337A-9E94-4DBD-801E-05E1FDA78FFC}.AppStore|Any CPU.ActiveCfg = Release|Any CPU
		{9091337A-9E94-4DBD-801E-05E1FDA78FFC}.AppStore|Any CPU.Build.0 = Release|Any CPU
		{9091337A-9E94-4DBD-801E-05E1FDA78FFC}.AppStore|ARM.ActiveCfg = Release|Any CPU
		{9091337A-9E94-4DBD-801E-05E1FDA78FFC}.AppStore|iPhone.ActiveCfg = Release|Any CPU
		{9091337A-9E94-4DBD-801E-05E1FDA78FFC}.AppStore|iPhoneSimulator.ActiveCfg = Release|Any CPU
		{9091337A-9E94-4DBD-801E-05E1FDA78FFC}.AppStore|Mixed Platforms.ActiveCfg = Release|Any CPU
		{9091337A-9E94-4DBD-801E-05E1FDA78FFC}.AppStore|Mixed Platforms.Build.0 = Release|Any CPU
		{9091337A-9E94-4DBD-801E-05E1FDA78FFC}.AppStore|x64.ActiveCfg = Release|Any CPU
		{9091337A-9E94-4DBD-801E-05E1FDA78FFC}.AppStore|x86.ActiveCfg = Release|Any CPU
		{9091337A-9E94-4DBD-801E-05E1FDA78FFC}.Debug|Any CPU.ActiveCfg = Debug|Any CPU
		{9091337A-9E94-4DBD-801E-05E1FDA78FFC}.Debug|Any CPU.Build.0 = Debug|Any CPU
		{9091337A-9E94-4DBD-801E-05E1FDA78FFC}.Debug|ARM.ActiveCfg = Debug|Any CPU
		{9091337A-9E94-4DBD-801E-05E1FDA78FFC}.Debug|iPhone.ActiveCfg = Debug|Any CPU
		{9091337A-9E94-4DBD-801E-05E1FDA78FFC}.Debug|iPhoneSimulator.ActiveCfg = Debug|Any CPU
		{9091337A-9E94-4DBD-801E-05E1FDA78FFC}.Debug|Mixed Platforms.ActiveCfg = Debug|Any CPU
		{9091337A-9E94-4DBD-801E-05E1FDA78FFC}.Debug|Mixed Platforms.Build.0 = Debug|Any CPU
		{9091337A-9E94-4DBD-801E-05E1FDA78FFC}.Debug|x64.ActiveCfg = Debug|Any CPU
		{9091337A-9E94-4DBD-801E-05E1FDA78FFC}.Debug|x86.ActiveCfg = Debug|Any CPU
		{9091337A-9E94-4DBD-801E-05E1FDA78FFC}.Release|Any CPU.ActiveCfg = Release|Any CPU
		{9091337A-9E94-4DBD-801E-05E1FDA78FFC}.Release|Any CPU.Build.0 = Release|Any CPU
		{9091337A-9E94-4DBD-801E-05E1FDA78FFC}.Release|ARM.ActiveCfg = Release|Any CPU
		{9091337A-9E94-4DBD-801E-05E1FDA78FFC}.Release|iPhone.ActiveCfg = Release|Any CPU
		{9091337A-9E94-4DBD-801E-05E1FDA78FFC}.Release|iPhoneSimulator.ActiveCfg = Release|Any CPU
		{9091337A-9E94-4DBD-801E-05E1FDA78FFC}.Release|Mixed Platforms.ActiveCfg = Release|Any CPU
		{9091337A-9E94-4DBD-801E-05E1FDA78FFC}.Release|Mixed Platforms.Build.0 = Release|Any CPU
		{9091337A-9E94-4DBD-801E-05E1FDA78FFC}.Release|x64.ActiveCfg = Release|Any CPU
		{9091337A-9E94-4DBD-801E-05E1FDA78FFC}.Release|x86.ActiveCfg = Release|Any CPU
		{F5A6E11B-B074-4A0B-B937-267D840E31DF}.Ad-Hoc|Any CPU.ActiveCfg = Release|Any CPU
		{F5A6E11B-B074-4A0B-B937-267D840E31DF}.Ad-Hoc|Any CPU.Build.0 = Release|Any CPU
		{F5A6E11B-B074-4A0B-B937-267D840E31DF}.Ad-Hoc|ARM.ActiveCfg = Release|Any CPU
		{F5A6E11B-B074-4A0B-B937-267D840E31DF}.Ad-Hoc|iPhone.ActiveCfg = Release|Any CPU
		{F5A6E11B-B074-4A0B-B937-267D840E31DF}.Ad-Hoc|iPhoneSimulator.ActiveCfg = Release|Any CPU
		{F5A6E11B-B074-4A0B-B937-267D840E31DF}.Ad-Hoc|Mixed Platforms.ActiveCfg = Release|Any CPU
		{F5A6E11B-B074-4A0B-B937-267D840E31DF}.Ad-Hoc|Mixed Platforms.Build.0 = Release|Any CPU
		{F5A6E11B-B074-4A0B-B937-267D840E31DF}.Ad-Hoc|x64.ActiveCfg = Release|Any CPU
		{F5A6E11B-B074-4A0B-B937-267D840E31DF}.Ad-Hoc|x86.ActiveCfg = Release|Any CPU
		{F5A6E11B-B074-4A0B-B937-267D840E31DF}.AppStore|Any CPU.ActiveCfg = Release|Any CPU
		{F5A6E11B-B074-4A0B-B937-267D840E31DF}.AppStore|Any CPU.Build.0 = Release|Any CPU
		{F5A6E11B-B074-4A0B-B937-267D840E31DF}.AppStore|ARM.ActiveCfg = Release|Any CPU
		{F5A6E11B-B074-4A0B-B937-267D840E31DF}.AppStore|iPhone.ActiveCfg = Release|Any CPU
		{F5A6E11B-B074-4A0B-B937-267D840E31DF}.AppStore|iPhoneSimulator.ActiveCfg = Release|Any CPU
		{F5A6E11B-B074-4A0B-B937-267D840E31DF}.AppStore|Mixed Platforms.ActiveCfg = Release|Any CPU
		{F5A6E11B-B074-4A0B-B937-267D840E31DF}.AppStore|Mixed Platforms.Build.0 = Release|Any CPU
		{F5A6E11B-B074-4A0B-B937-267D840E31DF}.AppStore|x64.ActiveCfg = Release|Any CPU
		{F5A6E11B-B074-4A0B-B937-267D840E31DF}.AppStore|x86.ActiveCfg = Release|Any CPU
		{F5A6E11B-B074-4A0B-B937-267D840E31DF}.Debug|Any CPU.ActiveCfg = Debug|Any CPU
		{F5A6E11B-B074-4A0B-B937-267D840E31DF}.Debug|Any CPU.Build.0 = Debug|Any CPU
		{F5A6E11B-B074-4A0B-B937-267D840E31DF}.Debug|ARM.ActiveCfg = Debug|Any CPU
		{F5A6E11B-B074-4A0B-B937-267D840E31DF}.Debug|iPhone.ActiveCfg = Debug|Any CPU
		{F5A6E11B-B074-4A0B-B937-267D840E31DF}.Debug|iPhoneSimulator.ActiveCfg = Debug|Any CPU
		{F5A6E11B-B074-4A0B-B937-267D840E31DF}.Debug|Mixed Platforms.ActiveCfg = Debug|Any CPU
		{F5A6E11B-B074-4A0B-B937-267D840E31DF}.Debug|Mixed Platforms.Build.0 = Debug|Any CPU
		{F5A6E11B-B074-4A0B-B937-267D840E31DF}.Debug|x64.ActiveCfg = Debug|Any CPU
		{F5A6E11B-B074-4A0B-B937-267D840E31DF}.Debug|x86.ActiveCfg = Debug|Any CPU
		{F5A6E11B-B074-4A0B-B937-267D840E31DF}.Release|Any CPU.ActiveCfg = Release|Any CPU
		{F5A6E11B-B074-4A0B-B937-267D840E31DF}.Release|Any CPU.Build.0 = Release|Any CPU
		{F5A6E11B-B074-4A0B-B937-267D840E31DF}.Release|ARM.ActiveCfg = Release|Any CPU
		{F5A6E11B-B074-4A0B-B937-267D840E31DF}.Release|iPhone.ActiveCfg = Release|Any CPU
		{F5A6E11B-B074-4A0B-B937-267D840E31DF}.Release|iPhoneSimulator.ActiveCfg = Release|Any CPU
		{F5A6E11B-B074-4A0B-B937-267D840E31DF}.Release|Mixed Platforms.ActiveCfg = Release|Any CPU
		{F5A6E11B-B074-4A0B-B937-267D840E31DF}.Release|Mixed Platforms.Build.0 = Release|Any CPU
		{F5A6E11B-B074-4A0B-B937-267D840E31DF}.Release|x64.ActiveCfg = Release|Any CPU
		{F5A6E11B-B074-4A0B-B937-267D840E31DF}.Release|x86.ActiveCfg = Release|Any CPU
		{9091337A-9E94-4DBD-801E-15E1FDA78FFC}.Ad-Hoc|Any CPU.ActiveCfg = Release|Any CPU
		{9091337A-9E94-4DBD-801E-15E1FDA78FFC}.Ad-Hoc|Any CPU.Build.0 = Release|Any CPU
		{9091337A-9E94-4DBD-801E-15E1FDA78FFC}.Ad-Hoc|ARM.ActiveCfg = Release|Any CPU
		{9091337A-9E94-4DBD-801E-15E1FDA78FFC}.Ad-Hoc|iPhone.ActiveCfg = Release|Any CPU
		{9091337A-9E94-4DBD-801E-15E1FDA78FFC}.Ad-Hoc|iPhoneSimulator.ActiveCfg = Release|Any CPU
		{9091337A-9E94-4DBD-801E-15E1FDA78FFC}.Ad-Hoc|Mixed Platforms.ActiveCfg = Release|Any CPU
		{9091337A-9E94-4DBD-801E-15E1FDA78FFC}.Ad-Hoc|Mixed Platforms.Build.0 = Release|Any CPU
		{9091337A-9E94-4DBD-801E-15E1FDA78FFC}.Ad-Hoc|x64.ActiveCfg = Release|Any CPU
		{9091337A-9E94-4DBD-801E-15E1FDA78FFC}.Ad-Hoc|x86.ActiveCfg = Release|Any CPU
		{9091337A-9E94-4DBD-801E-15E1FDA78FFC}.AppStore|Any CPU.ActiveCfg = Release|Any CPU
		{9091337A-9E94-4DBD-801E-15E1FDA78FFC}.AppStore|Any CPU.Build.0 = Release|Any CPU
		{9091337A-9E94-4DBD-801E-15E1FDA78FFC}.AppStore|ARM.ActiveCfg = Release|Any CPU
		{9091337A-9E94-4DBD-801E-15E1FDA78FFC}.AppStore|iPhone.ActiveCfg = Release|Any CPU
		{9091337A-9E94-4DBD-801E-15E1FDA78FFC}.AppStore|iPhoneSimulator.ActiveCfg = Release|Any CPU
		{9091337A-9E94-4DBD-801E-15E1FDA78FFC}.AppStore|Mixed Platforms.ActiveCfg = Release|Any CPU
		{9091337A-9E94-4DBD-801E-15E1FDA78FFC}.AppStore|Mixed Platforms.Build.0 = Release|Any CPU
		{9091337A-9E94-4DBD-801E-15E1FDA78FFC}.AppStore|x64.ActiveCfg = Release|Any CPU
		{9091337A-9E94-4DBD-801E-15E1FDA78FFC}.AppStore|x86.ActiveCfg = Release|Any CPU
		{9091337A-9E94-4DBD-801E-15E1FDA78FFC}.Debug|Any CPU.ActiveCfg = Debug|Any CPU
		{9091337A-9E94-4DBD-801E-15E1FDA78FFC}.Debug|Any CPU.Build.0 = Debug|Any CPU
		{9091337A-9E94-4DBD-801E-15E1FDA78FFC}.Debug|ARM.ActiveCfg = Debug|Any CPU
		{9091337A-9E94-4DBD-801E-15E1FDA78FFC}.Debug|iPhone.ActiveCfg = Debug|Any CPU
		{9091337A-9E94-4DBD-801E-15E1FDA78FFC}.Debug|iPhoneSimulator.ActiveCfg = Debug|Any CPU
		{9091337A-9E94-4DBD-801E-15E1FDA78FFC}.Debug|Mixed Platforms.ActiveCfg = Debug|Any CPU
		{9091337A-9E94-4DBD-801E-15E1FDA78FFC}.Debug|Mixed Platforms.Build.0 = Debug|Any CPU
		{9091337A-9E94-4DBD-801E-15E1FDA78FFC}.Debug|x64.ActiveCfg = Debug|Any CPU
		{9091337A-9E94-4DBD-801E-15E1FDA78FFC}.Debug|x86.ActiveCfg = Debug|Any CPU
		{9091337A-9E94-4DBD-801E-15E1FDA78FFC}.Release|Any CPU.ActiveCfg = Release|Any CPU
		{9091337A-9E94-4DBD-801E-15E1FDA78FFC}.Release|Any CPU.Build.0 = Release|Any CPU
		{9091337A-9E94-4DBD-801E-15E1FDA78FFC}.Release|ARM.ActiveCfg = Release|Any CPU
		{9091337A-9E94-4DBD-801E-15E1FDA78FFC}.Release|iPhone.ActiveCfg = Release|Any CPU
		{9091337A-9E94-4DBD-801E-15E1FDA78FFC}.Release|iPhoneSimulator.ActiveCfg = Release|Any CPU
		{9091337A-9E94-4DBD-801E-15E1FDA78FFC}.Release|Mixed Platforms.ActiveCfg = Release|Any CPU
		{9091337A-9E94-4DBD-801E-15E1FDA78FFC}.Release|Mixed Platforms.Build.0 = Release|Any CPU
		{9091337A-9E94-4DBD-801E-15E1FDA78FFC}.Release|x64.ActiveCfg = Release|Any CPU
		{9091337A-9E94-4DBD-801E-15E1FDA78FFC}.Release|x86.ActiveCfg = Release|Any CPU
		{A92E477B-BB94-43C1-984E-E177EF9FEDB1}.Ad-Hoc|Any CPU.ActiveCfg = Release|Any CPU
		{A92E477B-BB94-43C1-984E-E177EF9FEDB1}.Ad-Hoc|Any CPU.Build.0 = Release|Any CPU
		{A92E477B-BB94-43C1-984E-E177EF9FEDB1}.Ad-Hoc|ARM.ActiveCfg = Release|Any CPU
		{A92E477B-BB94-43C1-984E-E177EF9FEDB1}.Ad-Hoc|iPhone.ActiveCfg = Release|Any CPU
		{A92E477B-BB94-43C1-984E-E177EF9FEDB1}.Ad-Hoc|iPhoneSimulator.ActiveCfg = Release|Any CPU
		{A92E477B-BB94-43C1-984E-E177EF9FEDB1}.Ad-Hoc|Mixed Platforms.ActiveCfg = Release|Any CPU
		{A92E477B-BB94-43C1-984E-E177EF9FEDB1}.Ad-Hoc|Mixed Platforms.Build.0 = Release|Any CPU
		{A92E477B-BB94-43C1-984E-E177EF9FEDB1}.Ad-Hoc|x64.ActiveCfg = Release|Any CPU
		{A92E477B-BB94-43C1-984E-E177EF9FEDB1}.Ad-Hoc|x86.ActiveCfg = Release|Any CPU
		{A92E477B-BB94-43C1-984E-E177EF9FEDB1}.AppStore|Any CPU.ActiveCfg = Release|Any CPU
		{A92E477B-BB94-43C1-984E-E177EF9FEDB1}.AppStore|Any CPU.Build.0 = Release|Any CPU
		{A92E477B-BB94-43C1-984E-E177EF9FEDB1}.AppStore|ARM.ActiveCfg = Release|Any CPU
		{A92E477B-BB94-43C1-984E-E177EF9FEDB1}.AppStore|iPhone.ActiveCfg = Release|Any CPU
		{A92E477B-BB94-43C1-984E-E177EF9FEDB1}.AppStore|iPhoneSimulator.ActiveCfg = Release|Any CPU
		{A92E477B-BB94-43C1-984E-E177EF9FEDB1}.AppStore|Mixed Platforms.ActiveCfg = Release|Any CPU
		{A92E477B-BB94-43C1-984E-E177EF9FEDB1}.AppStore|Mixed Platforms.Build.0 = Release|Any CPU
		{A92E477B-BB94-43C1-984E-E177EF9FEDB1}.AppStore|x64.ActiveCfg = Release|Any CPU
		{A92E477B-BB94-43C1-984E-E177EF9FEDB1}.AppStore|x86.ActiveCfg = Release|Any CPU
		{A92E477B-BB94-43C1-984E-E177EF9FEDB1}.Debug|Any CPU.ActiveCfg = Debug|Any CPU
		{A92E477B-BB94-43C1-984E-E177EF9FEDB1}.Debug|Any CPU.Build.0 = Debug|Any CPU
		{A92E477B-BB94-43C1-984E-E177EF9FEDB1}.Debug|ARM.ActiveCfg = Debug|Any CPU
		{A92E477B-BB94-43C1-984E-E177EF9FEDB1}.Debug|iPhone.ActiveCfg = Debug|Any CPU
		{A92E477B-BB94-43C1-984E-E177EF9FEDB1}.Debug|iPhoneSimulator.ActiveCfg = Debug|Any CPU
		{A92E477B-BB94-43C1-984E-E177EF9FEDB1}.Debug|Mixed Platforms.ActiveCfg = Debug|Any CPU
		{A92E477B-BB94-43C1-984E-E177EF9FEDB1}.Debug|Mixed Platforms.Build.0 = Debug|Any CPU
		{A92E477B-BB94-43C1-984E-E177EF9FEDB1}.Debug|x64.ActiveCfg = Debug|Any CPU
		{A92E477B-BB94-43C1-984E-E177EF9FEDB1}.Debug|x86.ActiveCfg = Debug|Any CPU
		{A92E477B-BB94-43C1-984E-E177EF9FEDB1}.Release|Any CPU.ActiveCfg = Release|Any CPU
		{A92E477B-BB94-43C1-984E-E177EF9FEDB1}.Release|Any CPU.Build.0 = Release|Any CPU
		{A92E477B-BB94-43C1-984E-E177EF9FEDB1}.Release|ARM.ActiveCfg = Release|Any CPU
		{A92E477B-BB94-43C1-984E-E177EF9FEDB1}.Release|iPhone.ActiveCfg = Release|Any CPU
		{A92E477B-BB94-43C1-984E-E177EF9FEDB1}.Release|iPhoneSimulator.ActiveCfg = Release|Any CPU
		{A92E477B-BB94-43C1-984E-E177EF9FEDB1}.Release|Mixed Platforms.ActiveCfg = Release|Any CPU
		{A92E477B-BB94-43C1-984E-E177EF9FEDB1}.Release|Mixed Platforms.Build.0 = Release|Any CPU
		{A92E477B-BB94-43C1-984E-E177EF9FEDB1}.Release|x64.ActiveCfg = Release|Any CPU
		{A92E477B-BB94-43C1-984E-E177EF9FEDB1}.Release|x86.ActiveCfg = Release|Any CPU
		{9091337A-9E94-4DBD-801E-15E10DB72FFC}.Ad-Hoc|Any CPU.ActiveCfg = Release|Any CPU
		{9091337A-9E94-4DBD-801E-15E10DB72FFC}.Ad-Hoc|Any CPU.Build.0 = Release|Any CPU
		{9091337A-9E94-4DBD-801E-15E10DB72FFC}.Ad-Hoc|ARM.ActiveCfg = Release|Any CPU
		{9091337A-9E94-4DBD-801E-15E10DB72FFC}.Ad-Hoc|iPhone.ActiveCfg = Release|Any CPU
		{9091337A-9E94-4DBD-801E-15E10DB72FFC}.Ad-Hoc|iPhoneSimulator.ActiveCfg = Release|Any CPU
		{9091337A-9E94-4DBD-801E-15E10DB72FFC}.Ad-Hoc|Mixed Platforms.ActiveCfg = Release|Any CPU
		{9091337A-9E94-4DBD-801E-15E10DB72FFC}.Ad-Hoc|Mixed Platforms.Build.0 = Release|Any CPU
		{9091337A-9E94-4DBD-801E-15E10DB72FFC}.Ad-Hoc|x64.ActiveCfg = Release|Any CPU
		{9091337A-9E94-4DBD-801E-15E10DB72FFC}.Ad-Hoc|x86.ActiveCfg = Release|Any CPU
		{9091337A-9E94-4DBD-801E-15E10DB72FFC}.AppStore|Any CPU.ActiveCfg = Release|Any CPU
		{9091337A-9E94-4DBD-801E-15E10DB72FFC}.AppStore|Any CPU.Build.0 = Release|Any CPU
		{9091337A-9E94-4DBD-801E-15E10DB72FFC}.AppStore|ARM.ActiveCfg = Release|Any CPU
		{9091337A-9E94-4DBD-801E-15E10DB72FFC}.AppStore|iPhone.ActiveCfg = Release|Any CPU
		{9091337A-9E94-4DBD-801E-15E10DB72FFC}.AppStore|iPhoneSimulator.ActiveCfg = Release|Any CPU
		{9091337A-9E94-4DBD-801E-15E10DB72FFC}.AppStore|Mixed Platforms.ActiveCfg = Release|Any CPU
		{9091337A-9E94-4DBD-801E-15E10DB72FFC}.AppStore|Mixed Platforms.Build.0 = Release|Any CPU
		{9091337A-9E94-4DBD-801E-15E10DB72FFC}.AppStore|x64.ActiveCfg = Release|Any CPU
		{9091337A-9E94-4DBD-801E-15E10DB72FFC}.AppStore|x86.ActiveCfg = Release|Any CPU
		{9091337A-9E94-4DBD-801E-15E10DB72FFC}.Debug|Any CPU.ActiveCfg = Debug|Any CPU
		{9091337A-9E94-4DBD-801E-15E10DB72FFC}.Debug|Any CPU.Build.0 = Debug|Any CPU
		{9091337A-9E94-4DBD-801E-15E10DB72FFC}.Debug|ARM.ActiveCfg = Debug|Any CPU
		{9091337A-9E94-4DBD-801E-15E10DB72FFC}.Debug|iPhone.ActiveCfg = Debug|Any CPU
		{9091337A-9E94-4DBD-801E-15E10DB72FFC}.Debug|iPhoneSimulator.ActiveCfg = Debug|Any CPU
		{9091337A-9E94-4DBD-801E-15E10DB72FFC}.Debug|Mixed Platforms.ActiveCfg = Debug|Any CPU
		{9091337A-9E94-4DBD-801E-15E10DB72FFC}.Debug|Mixed Platforms.Build.0 = Debug|Any CPU
		{9091337A-9E94-4DBD-801E-15E10DB72FFC}.Debug|x64.ActiveCfg = Debug|Any CPU
		{9091337A-9E94-4DBD-801E-15E10DB72FFC}.Debug|x86.ActiveCfg = Debug|Any CPU
		{9091337A-9E94-4DBD-801E-15E10DB72FFC}.Release|Any CPU.ActiveCfg = Release|Any CPU
		{9091337A-9E94-4DBD-801E-15E10DB72FFC}.Release|Any CPU.Build.0 = Release|Any CPU
		{9091337A-9E94-4DBD-801E-15E10DB72FFC}.Release|ARM.ActiveCfg = Release|Any CPU
		{9091337A-9E94-4DBD-801E-15E10DB72FFC}.Release|iPhone.ActiveCfg = Release|Any CPU
		{9091337A-9E94-4DBD-801E-15E10DB72FFC}.Release|iPhoneSimulator.ActiveCfg = Release|Any CPU
		{9091337A-9E94-4DBD-801E-15E10DB72FFC}.Release|Mixed Platforms.ActiveCfg = Release|Any CPU
		{9091337A-9E94-4DBD-801E-15E10DB72FFC}.Release|Mixed Platforms.Build.0 = Release|Any CPU
		{9091337A-9E94-4DBD-801E-15E10DB72FFC}.Release|x64.ActiveCfg = Release|Any CPU
		{9091337A-9E94-4DBD-801E-15E10DB72FFC}.Release|x86.ActiveCfg = Release|Any CPU
		{A120F2EC-F343-47BD-9BD3-7572C1E58433}.Ad-Hoc|Any CPU.ActiveCfg = Release|Any CPU
		{A120F2EC-F343-47BD-9BD3-7572C1E58433}.Ad-Hoc|Any CPU.Build.0 = Release|Any CPU
		{A120F2EC-F343-47BD-9BD3-7572C1E58433}.Ad-Hoc|ARM.ActiveCfg = Release|Any CPU
		{A120F2EC-F343-47BD-9BD3-7572C1E58433}.Ad-Hoc|iPhone.ActiveCfg = Release|Any CPU
		{A120F2EC-F343-47BD-9BD3-7572C1E58433}.Ad-Hoc|iPhoneSimulator.ActiveCfg = Release|Any CPU
		{A120F2EC-F343-47BD-9BD3-7572C1E58433}.Ad-Hoc|Mixed Platforms.ActiveCfg = Release|Any CPU
		{A120F2EC-F343-47BD-9BD3-7572C1E58433}.Ad-Hoc|Mixed Platforms.Build.0 = Release|Any CPU
		{A120F2EC-F343-47BD-9BD3-7572C1E58433}.Ad-Hoc|x64.ActiveCfg = Release|Any CPU
		{A120F2EC-F343-47BD-9BD3-7572C1E58433}.Ad-Hoc|x86.ActiveCfg = Release|Any CPU
		{A120F2EC-F343-47BD-9BD3-7572C1E58433}.AppStore|Any CPU.ActiveCfg = Release|Any CPU
		{A120F2EC-F343-47BD-9BD3-7572C1E58433}.AppStore|Any CPU.Build.0 = Release|Any CPU
		{A120F2EC-F343-47BD-9BD3-7572C1E58433}.AppStore|ARM.ActiveCfg = Release|Any CPU
		{A120F2EC-F343-47BD-9BD3-7572C1E58433}.AppStore|iPhone.ActiveCfg = Release|Any CPU
		{A120F2EC-F343-47BD-9BD3-7572C1E58433}.AppStore|iPhoneSimulator.ActiveCfg = Release|Any CPU
		{A120F2EC-F343-47BD-9BD3-7572C1E58433}.AppStore|Mixed Platforms.ActiveCfg = Release|Any CPU
		{A120F2EC-F343-47BD-9BD3-7572C1E58433}.AppStore|Mixed Platforms.Build.0 = Release|Any CPU
		{A120F2EC-F343-47BD-9BD3-7572C1E58433}.AppStore|x64.ActiveCfg = Release|Any CPU
		{A120F2EC-F343-47BD-9BD3-7572C1E58433}.AppStore|x86.ActiveCfg = Release|Any CPU
		{A120F2EC-F343-47BD-9BD3-7572C1E58433}.Debug|Any CPU.ActiveCfg = Debug|Any CPU
		{A120F2EC-F343-47BD-9BD3-7572C1E58433}.Debug|Any CPU.Build.0 = Debug|Any CPU
		{A120F2EC-F343-47BD-9BD3-7572C1E58433}.Debug|ARM.ActiveCfg = Debug|Any CPU
		{A120F2EC-F343-47BD-9BD3-7572C1E58433}.Debug|iPhone.ActiveCfg = Debug|Any CPU
		{A120F2EC-F343-47BD-9BD3-7572C1E58433}.Debug|iPhoneSimulator.ActiveCfg = Debug|Any CPU
		{A120F2EC-F343-47BD-9BD3-7572C1E58433}.Debug|Mixed Platforms.ActiveCfg = Debug|Any CPU
		{A120F2EC-F343-47BD-9BD3-7572C1E58433}.Debug|Mixed Platforms.Build.0 = Debug|Any CPU
		{A120F2EC-F343-47BD-9BD3-7572C1E58433}.Debug|x64.ActiveCfg = Debug|Any CPU
		{A120F2EC-F343-47BD-9BD3-7572C1E58433}.Debug|x86.ActiveCfg = Debug|Any CPU
		{A120F2EC-F343-47BD-9BD3-7572C1E58433}.Release|Any CPU.ActiveCfg = Release|Any CPU
		{A120F2EC-F343-47BD-9BD3-7572C1E58433}.Release|Any CPU.Build.0 = Release|Any CPU
		{A120F2EC-F343-47BD-9BD3-7572C1E58433}.Release|ARM.ActiveCfg = Release|Any CPU
		{A120F2EC-F343-47BD-9BD3-7572C1E58433}.Release|iPhone.ActiveCfg = Release|Any CPU
		{A120F2EC-F343-47BD-9BD3-7572C1E58433}.Release|iPhoneSimulator.ActiveCfg = Release|Any CPU
		{A120F2EC-F343-47BD-9BD3-7572C1E58433}.Release|Mixed Platforms.ActiveCfg = Release|Any CPU
		{A120F2EC-F343-47BD-9BD3-7572C1E58433}.Release|Mixed Platforms.Build.0 = Release|Any CPU
		{A120F2EC-F343-47BD-9BD3-7572C1E58433}.Release|x64.ActiveCfg = Release|Any CPU
		{A120F2EC-F343-47BD-9BD3-7572C1E58433}.Release|x86.ActiveCfg = Release|Any CPU
	EndGlobalSection
	GlobalSection(SolutionProperties) = preSolution
		HideSolutionNode = FALSE
	EndGlobalSection
EndGlobal
