
Microsoft Visual Studio Solution File, Format Version 11.00
# Visual Studio 2010
Project("{FAE04EC0-301F-11D3-BF4B-00C04F79EFBC}") = "ReactiveUI", "ReactiveUI\ReactiveUI.csproj", "{292A477B-BB94-43C1-984E-E177EF9FEDB7}"
EndProject
Project("{FAE04EC0-301F-11D3-BF4B-00C04F79EFBC}") = "ReactiveUI.Tests", "ReactiveUI.Tests\ReactiveUI.Tests.csproj", "{6FBDE6EA-2202-4A70-8EE4-7BA6D515952E}"
EndProject
Project("{2150E333-8FDC-42A3-9474-1A3956D46DE8}") = "Solution Items", "Solution Items", "{BD9762CF-E104-481C-96A6-26E624B86283}"
	ProjectSection(SolutionItems) = preProject
		Local.testsettings = Local.testsettings
		ReactiveUI.vsmdi = ReactiveUI.vsmdi
		TraceAndTestImpact.testsettings = TraceAndTestImpact.testsettings
	EndProjectSection
EndProject
Project("{FAE04EC0-301F-11D3-BF4B-00C04F79EFBC}") = "ReactiveUI_SL5", "ReactiveUI\ReactiveUI_SL5.csproj", "{B3381C78-C099-4902-89D4-B879AA83BFC9}"
EndProject
Project("{FAE04EC0-301F-11D3-BF4B-00C04F79EFBC}") = "ReactiveUI.Blend", "ReactiveUI.Blend\ReactiveUI.Blend.csproj", "{3870EA63-AFDF-4D49-B4D6-8299506E67B4}"
EndProject
Project("{FAE04EC0-301F-11D3-BF4B-00C04F79EFBC}") = "ReactiveUI.Blend_SL5", "ReactiveUI.Blend\ReactiveUI.Blend_SL5.csproj", "{1E453720-AEE5-4B34-8660-7AD86E5E05AF}"
EndProject
Project("{FAE04EC0-301F-11D3-BF4B-00C04F79EFBC}") = "ReactiveUI_WP7", "ReactiveUI\ReactiveUI_WP7.csproj", "{FAEA4F2E-017C-47AF-B467-4D2C7210CDEF}"
EndProject
Project("{FAE04EC0-301F-11D3-BF4B-00C04F79EFBC}") = "ReactiveUI.Blend_WP7", "ReactiveUI.Blend\ReactiveUI.Blend_WP7.csproj", "{BA2FAC3E-23EF-4067-8D73-4607E5CD169C}"
EndProject
Project("{FAE04EC0-301F-11D3-BF4B-00C04F79EFBC}") = "ReactiveUI.Tests_SL5", "ReactiveUI.Tests\ReactiveUI.Tests_SL5.csproj", "{007E6D54-44FE-45BA-A364-AD108B7C6CDF}"
EndProject
Project("{FAE04EC0-301F-11D3-BF4B-00C04F79EFBC}") = "ReactiveUI.Xaml", "ReactiveUI.Xaml\ReactiveUI.Xaml.csproj", "{761AC9BA-4A9C-440C-9B6C-2569978F0610}"
EndProject
Project("{FAE04EC0-301F-11D3-BF4B-00C04F79EFBC}") = "ReactiveUI.Xaml_SL5", "ReactiveUI.Xaml\ReactiveUI.Xaml_SL5.csproj", "{73804A79-A9FC-48FD-8F7C-E796415A8B3A}"
EndProject
Project("{FAE04EC0-301F-11D3-BF4B-00C04F79EFBC}") = "ReactiveUI.Xaml_WP7", "ReactiveUI.Xaml\ReactiveUI.Xaml_WP7.csproj", "{06C34984-B706-49BF-85BB-9282DD6238D1}"
EndProject
Project("{FAE04EC0-301F-11D3-BF4B-00C04F79EFBC}") = "ReactiveUI.Testing", "ReactiveUI.Testing\ReactiveUI.Testing.csproj", "{E1F2AD19-276E-4D05-A41A-89AA133CECFC}"
EndProject
Project("{FAE04EC0-301F-11D3-BF4B-00C04F79EFBC}") = "ReactiveUI.Testing_SL5", "ReactiveUI.Testing\ReactiveUI.Testing_SL5.csproj", "{435E1011-E9FE-4E61-8B6D-2627DC6D1F06}"
EndProject
Project("{FAE04EC0-301F-11D3-BF4B-00C04F79EFBC}") = "ReactiveUI.Testing_WP7", "ReactiveUI.Testing\ReactiveUI.Testing_WP7.csproj", "{EDA0969D-5613-4F84-B97D-3658ACEE3D29}"
EndProject
Project("{FAE04EC0-301F-11D3-BF4B-00C04F79EFBC}") = "ReactiveUI.Routing", "ReactiveUI.Routing\ReactiveUI.Routing.csproj", "{67038157-092E-4D72-BAF4-049EB1532264}"
EndProject
Project("{FAE04EC0-301F-11D3-BF4B-00C04F79EFBC}") = "ReactiveUI.Routing_SL5", "ReactiveUI.Routing\ReactiveUI.Routing_SL5.csproj", "{2048F4B6-2063-4446-9605-A5B2BE4E9554}"
EndProject
Project("{FAE04EC0-301F-11D3-BF4B-00C04F79EFBC}") = "ReactiveUI.Routing_WP7", "ReactiveUI.Routing\ReactiveUI.Routing_WP7.csproj", "{2B1F887C-E4B9-441A-8147-6A3A00C30BBA}"
EndProject
Project("{FAE04EC0-301F-11D3-BF4B-00C04F79EFBC}") = "ReactiveUI.Routing.Tests", "ReactiveUI.Routing.Tests\ReactiveUI.Routing.Tests.csproj", "{7584D9EF-E24C-4A60-B617-C42CB1EA606E}"
EndProject
Project("{FAE04EC0-301F-11D3-BF4B-00C04F79EFBC}") = "ReactiveUI.NLog", "ReactiveUI.NLog\ReactiveUI.NLog.csproj", "{168E460F-6ABC-40AE-B1F4-1712C91952D9}"
EndProject
Project("{FAE04EC0-301F-11D3-BF4B-00C04F79EFBC}") = "ReactiveUI.NLog_SL5", "ReactiveUI.NLog\ReactiveUI.NLog_SL5.csproj", "{3A3429FB-14E1-4904-9FB1-E5AB81EB6D28}"
EndProject
Project("{FAE04EC0-301F-11D3-BF4B-00C04F79EFBC}") = "ReactiveUI.NLog_WP7", "ReactiveUI.NLog\ReactiveUI.NLog_WP7.csproj", "{9F347041-278A-4390-BF6C-3E12157DD084}"
EndProject
Global
	GlobalSection(TestCaseManagementSettings) = postSolution
		CategoryFile = ReactiveUI.vsmdi
	EndGlobalSection
	GlobalSection(SolutionConfigurationPlatforms) = preSolution
		Debug|Any CPU = Debug|Any CPU
		Debug|Mixed Platforms = Debug|Mixed Platforms
		Debug|x86 = Debug|x86
		Release|Any CPU = Release|Any CPU
		Release|Mixed Platforms = Release|Mixed Platforms
		Release|x86 = Release|x86
	EndGlobalSection
	GlobalSection(ProjectConfigurationPlatforms) = postSolution
		{292A477B-BB94-43C1-984E-E177EF9FEDB7}.Debug|Any CPU.ActiveCfg = Debug|Any CPU
		{292A477B-BB94-43C1-984E-E177EF9FEDB7}.Debug|Any CPU.Build.0 = Debug|Any CPU
		{292A477B-BB94-43C1-984E-E177EF9FEDB7}.Debug|Mixed Platforms.ActiveCfg = Debug|Any CPU
		{292A477B-BB94-43C1-984E-E177EF9FEDB7}.Debug|Mixed Platforms.Build.0 = Debug|Any CPU
		{292A477B-BB94-43C1-984E-E177EF9FEDB7}.Debug|x86.ActiveCfg = Debug|Any CPU
		{292A477B-BB94-43C1-984E-E177EF9FEDB7}.Release|Any CPU.ActiveCfg = Release|Any CPU
		{292A477B-BB94-43C1-984E-E177EF9FEDB7}.Release|Any CPU.Build.0 = Release|Any CPU
		{292A477B-BB94-43C1-984E-E177EF9FEDB7}.Release|Mixed Platforms.ActiveCfg = Release|Any CPU
		{292A477B-BB94-43C1-984E-E177EF9FEDB7}.Release|Mixed Platforms.Build.0 = Release|Any CPU
		{292A477B-BB94-43C1-984E-E177EF9FEDB7}.Release|x86.ActiveCfg = Release|Any CPU
		{6FBDE6EA-2202-4A70-8EE4-7BA6D515952E}.Debug|Any CPU.ActiveCfg = Debug|Any CPU
		{6FBDE6EA-2202-4A70-8EE4-7BA6D515952E}.Debug|Any CPU.Build.0 = Debug|Any CPU
		{6FBDE6EA-2202-4A70-8EE4-7BA6D515952E}.Debug|Mixed Platforms.ActiveCfg = Debug|Any CPU
		{6FBDE6EA-2202-4A70-8EE4-7BA6D515952E}.Debug|Mixed Platforms.Build.0 = Debug|Any CPU
		{6FBDE6EA-2202-4A70-8EE4-7BA6D515952E}.Debug|x86.ActiveCfg = Debug|Any CPU
		{6FBDE6EA-2202-4A70-8EE4-7BA6D515952E}.Release|Any CPU.ActiveCfg = Release|Any CPU
		{6FBDE6EA-2202-4A70-8EE4-7BA6D515952E}.Release|Any CPU.Build.0 = Release|Any CPU
		{6FBDE6EA-2202-4A70-8EE4-7BA6D515952E}.Release|Mixed Platforms.ActiveCfg = Release|Any CPU
		{6FBDE6EA-2202-4A70-8EE4-7BA6D515952E}.Release|Mixed Platforms.Build.0 = Release|Any CPU
		{6FBDE6EA-2202-4A70-8EE4-7BA6D515952E}.Release|x86.ActiveCfg = Release|Any CPU
		{B3381C78-C099-4902-89D4-B879AA83BFC9}.Debug|Any CPU.ActiveCfg = Debug|Any CPU
		{B3381C78-C099-4902-89D4-B879AA83BFC9}.Debug|Mixed Platforms.ActiveCfg = Debug|Any CPU
		{B3381C78-C099-4902-89D4-B879AA83BFC9}.Debug|Mixed Platforms.Build.0 = Debug|Any CPU
		{B3381C78-C099-4902-89D4-B879AA83BFC9}.Debug|x86.ActiveCfg = Debug|Any CPU
		{B3381C78-C099-4902-89D4-B879AA83BFC9}.Release|Any CPU.ActiveCfg = Release|Any CPU
		{B3381C78-C099-4902-89D4-B879AA83BFC9}.Release|Mixed Platforms.ActiveCfg = Release|Any CPU
		{B3381C78-C099-4902-89D4-B879AA83BFC9}.Release|x86.ActiveCfg = Release|Any CPU
		{3870EA63-AFDF-4D49-B4D6-8299506E67B4}.Debug|Any CPU.ActiveCfg = Debug|Any CPU
		{3870EA63-AFDF-4D49-B4D6-8299506E67B4}.Debug|Any CPU.Build.0 = Debug|Any CPU
		{3870EA63-AFDF-4D49-B4D6-8299506E67B4}.Debug|Mixed Platforms.ActiveCfg = Debug|Any CPU
		{3870EA63-AFDF-4D49-B4D6-8299506E67B4}.Debug|Mixed Platforms.Build.0 = Debug|Any CPU
		{3870EA63-AFDF-4D49-B4D6-8299506E67B4}.Debug|x86.ActiveCfg = Debug|Any CPU
		{3870EA63-AFDF-4D49-B4D6-8299506E67B4}.Release|Any CPU.ActiveCfg = Release|Any CPU
		{3870EA63-AFDF-4D49-B4D6-8299506E67B4}.Release|Any CPU.Build.0 = Release|Any CPU
		{3870EA63-AFDF-4D49-B4D6-8299506E67B4}.Release|Mixed Platforms.ActiveCfg = Release|Any CPU
		{3870EA63-AFDF-4D49-B4D6-8299506E67B4}.Release|Mixed Platforms.Build.0 = Release|Any CPU
		{3870EA63-AFDF-4D49-B4D6-8299506E67B4}.Release|x86.ActiveCfg = Release|Any CPU
		{1E453720-AEE5-4B34-8660-7AD86E5E05AF}.Debug|Any CPU.ActiveCfg = Debug|Any CPU
		{1E453720-AEE5-4B34-8660-7AD86E5E05AF}.Debug|Mixed Platforms.ActiveCfg = Debug|Any CPU
		{1E453720-AEE5-4B34-8660-7AD86E5E05AF}.Debug|Mixed Platforms.Build.0 = Debug|Any CPU
		{1E453720-AEE5-4B34-8660-7AD86E5E05AF}.Debug|x86.ActiveCfg = Debug|Any CPU
		{1E453720-AEE5-4B34-8660-7AD86E5E05AF}.Release|Any CPU.ActiveCfg = Release|Any CPU
		{1E453720-AEE5-4B34-8660-7AD86E5E05AF}.Release|Mixed Platforms.ActiveCfg = Release|Any CPU
		{1E453720-AEE5-4B34-8660-7AD86E5E05AF}.Release|x86.ActiveCfg = Release|Any CPU
		{FAEA4F2E-017C-47AF-B467-4D2C7210CDEF}.Debug|Any CPU.ActiveCfg = Debug|Any CPU
		{FAEA4F2E-017C-47AF-B467-4D2C7210CDEF}.Debug|Any CPU.Build.0 = Debug|Any CPU
		{FAEA4F2E-017C-47AF-B467-4D2C7210CDEF}.Debug|Mixed Platforms.ActiveCfg = Debug|Any CPU
		{FAEA4F2E-017C-47AF-B467-4D2C7210CDEF}.Debug|Mixed Platforms.Build.0 = Debug|Any CPU
		{FAEA4F2E-017C-47AF-B467-4D2C7210CDEF}.Debug|x86.ActiveCfg = Debug|Any CPU
		{FAEA4F2E-017C-47AF-B467-4D2C7210CDEF}.Release|Any CPU.ActiveCfg = Release|Any CPU
		{FAEA4F2E-017C-47AF-B467-4D2C7210CDEF}.Release|Any CPU.Build.0 = Release|Any CPU
		{FAEA4F2E-017C-47AF-B467-4D2C7210CDEF}.Release|Mixed Platforms.ActiveCfg = Release|Any CPU
		{FAEA4F2E-017C-47AF-B467-4D2C7210CDEF}.Release|Mixed Platforms.Build.0 = Release|Any CPU
		{FAEA4F2E-017C-47AF-B467-4D2C7210CDEF}.Release|x86.ActiveCfg = Release|Any CPU
		{BA2FAC3E-23EF-4067-8D73-4607E5CD169C}.Debug|Any CPU.ActiveCfg = Debug|Any CPU
		{BA2FAC3E-23EF-4067-8D73-4607E5CD169C}.Debug|Any CPU.Build.0 = Debug|Any CPU
		{BA2FAC3E-23EF-4067-8D73-4607E5CD169C}.Debug|Mixed Platforms.ActiveCfg = Debug|Any CPU
		{BA2FAC3E-23EF-4067-8D73-4607E5CD169C}.Debug|Mixed Platforms.Build.0 = Debug|Any CPU
		{BA2FAC3E-23EF-4067-8D73-4607E5CD169C}.Debug|x86.ActiveCfg = Debug|Any CPU
		{BA2FAC3E-23EF-4067-8D73-4607E5CD169C}.Release|Any CPU.ActiveCfg = Release|Any CPU
		{BA2FAC3E-23EF-4067-8D73-4607E5CD169C}.Release|Any CPU.Build.0 = Release|Any CPU
		{BA2FAC3E-23EF-4067-8D73-4607E5CD169C}.Release|Mixed Platforms.ActiveCfg = Release|Any CPU
		{BA2FAC3E-23EF-4067-8D73-4607E5CD169C}.Release|Mixed Platforms.Build.0 = Release|Any CPU
		{BA2FAC3E-23EF-4067-8D73-4607E5CD169C}.Release|x86.ActiveCfg = Release|Any CPU
		{007E6D54-44FE-45BA-A364-AD108B7C6CDF}.Debug|Any CPU.ActiveCfg = Debug|Any CPU
		{007E6D54-44FE-45BA-A364-AD108B7C6CDF}.Debug|Mixed Platforms.ActiveCfg = Debug|Any CPU
		{007E6D54-44FE-45BA-A364-AD108B7C6CDF}.Debug|Mixed Platforms.Build.0 = Debug|Any CPU
		{007E6D54-44FE-45BA-A364-AD108B7C6CDF}.Debug|x86.ActiveCfg = Debug|Any CPU
		{007E6D54-44FE-45BA-A364-AD108B7C6CDF}.Release|Any CPU.ActiveCfg = Release|Any CPU
		{007E6D54-44FE-45BA-A364-AD108B7C6CDF}.Release|Mixed Platforms.ActiveCfg = Release|Any CPU
		{007E6D54-44FE-45BA-A364-AD108B7C6CDF}.Release|x86.ActiveCfg = Release|Any CPU
		{761AC9BA-4A9C-440C-9B6C-2569978F0610}.Debug|Any CPU.ActiveCfg = Debug|Any CPU
		{761AC9BA-4A9C-440C-9B6C-2569978F0610}.Debug|Any CPU.Build.0 = Debug|Any CPU
		{761AC9BA-4A9C-440C-9B6C-2569978F0610}.Debug|Mixed Platforms.ActiveCfg = Debug|Any CPU
		{761AC9BA-4A9C-440C-9B6C-2569978F0610}.Debug|Mixed Platforms.Build.0 = Debug|Any CPU
		{761AC9BA-4A9C-440C-9B6C-2569978F0610}.Debug|x86.ActiveCfg = Debug|Any CPU
		{761AC9BA-4A9C-440C-9B6C-2569978F0610}.Release|Any CPU.ActiveCfg = Release|Any CPU
		{761AC9BA-4A9C-440C-9B6C-2569978F0610}.Release|Any CPU.Build.0 = Release|Any CPU
		{761AC9BA-4A9C-440C-9B6C-2569978F0610}.Release|Mixed Platforms.ActiveCfg = Release|Any CPU
		{761AC9BA-4A9C-440C-9B6C-2569978F0610}.Release|Mixed Platforms.Build.0 = Release|Any CPU
		{761AC9BA-4A9C-440C-9B6C-2569978F0610}.Release|x86.ActiveCfg = Release|Any CPU
		{73804A79-A9FC-48FD-8F7C-E796415A8B3A}.Debug|Any CPU.ActiveCfg = Debug|Any CPU
		{73804A79-A9FC-48FD-8F7C-E796415A8B3A}.Debug|Mixed Platforms.ActiveCfg = Debug|Any CPU
		{73804A79-A9FC-48FD-8F7C-E796415A8B3A}.Debug|Mixed Platforms.Build.0 = Debug|Any CPU
		{73804A79-A9FC-48FD-8F7C-E796415A8B3A}.Debug|x86.ActiveCfg = Debug|Any CPU
		{73804A79-A9FC-48FD-8F7C-E796415A8B3A}.Release|Any CPU.ActiveCfg = Release|Any CPU
		{73804A79-A9FC-48FD-8F7C-E796415A8B3A}.Release|Mixed Platforms.ActiveCfg = Release|Any CPU
		{73804A79-A9FC-48FD-8F7C-E796415A8B3A}.Release|x86.ActiveCfg = Release|Any CPU
		{06C34984-B706-49BF-85BB-9282DD6238D1}.Debug|Any CPU.ActiveCfg = Debug|Any CPU
		{06C34984-B706-49BF-85BB-9282DD6238D1}.Debug|Any CPU.Build.0 = Debug|Any CPU
		{06C34984-B706-49BF-85BB-9282DD6238D1}.Debug|Mixed Platforms.ActiveCfg = Debug|Any CPU
		{06C34984-B706-49BF-85BB-9282DD6238D1}.Debug|Mixed Platforms.Build.0 = Debug|Any CPU
		{06C34984-B706-49BF-85BB-9282DD6238D1}.Debug|x86.ActiveCfg = Debug|Any CPU
		{06C34984-B706-49BF-85BB-9282DD6238D1}.Release|Any CPU.ActiveCfg = Release|Any CPU
		{06C34984-B706-49BF-85BB-9282DD6238D1}.Release|Any CPU.Build.0 = Release|Any CPU
		{06C34984-B706-49BF-85BB-9282DD6238D1}.Release|Mixed Platforms.ActiveCfg = Release|Any CPU
		{06C34984-B706-49BF-85BB-9282DD6238D1}.Release|Mixed Platforms.Build.0 = Release|Any CPU
		{06C34984-B706-49BF-85BB-9282DD6238D1}.Release|x86.ActiveCfg = Release|Any CPU
		{E1F2AD19-276E-4D05-A41A-89AA133CECFC}.Debug|Any CPU.ActiveCfg = Debug|Any CPU
		{E1F2AD19-276E-4D05-A41A-89AA133CECFC}.Debug|Any CPU.Build.0 = Debug|Any CPU
		{E1F2AD19-276E-4D05-A41A-89AA133CECFC}.Debug|Mixed Platforms.ActiveCfg = Debug|Any CPU
		{E1F2AD19-276E-4D05-A41A-89AA133CECFC}.Debug|Mixed Platforms.Build.0 = Debug|Any CPU
		{E1F2AD19-276E-4D05-A41A-89AA133CECFC}.Debug|x86.ActiveCfg = Debug|Any CPU
		{E1F2AD19-276E-4D05-A41A-89AA133CECFC}.Release|Any CPU.ActiveCfg = Release|Any CPU
		{E1F2AD19-276E-4D05-A41A-89AA133CECFC}.Release|Any CPU.Build.0 = Release|Any CPU
		{E1F2AD19-276E-4D05-A41A-89AA133CECFC}.Release|Mixed Platforms.ActiveCfg = Release|Any CPU
		{E1F2AD19-276E-4D05-A41A-89AA133CECFC}.Release|Mixed Platforms.Build.0 = Release|Any CPU
		{E1F2AD19-276E-4D05-A41A-89AA133CECFC}.Release|x86.ActiveCfg = Release|Any CPU
		{435E1011-E9FE-4E61-8B6D-2627DC6D1F06}.Debug|Any CPU.ActiveCfg = Debug|Any CPU
		{435E1011-E9FE-4E61-8B6D-2627DC6D1F06}.Debug|Mixed Platforms.ActiveCfg = Debug|Any CPU
		{435E1011-E9FE-4E61-8B6D-2627DC6D1F06}.Debug|Mixed Platforms.Build.0 = Debug|Any CPU
		{435E1011-E9FE-4E61-8B6D-2627DC6D1F06}.Debug|x86.ActiveCfg = Debug|Any CPU
		{435E1011-E9FE-4E61-8B6D-2627DC6D1F06}.Release|Any CPU.ActiveCfg = Release|Any CPU
		{435E1011-E9FE-4E61-8B6D-2627DC6D1F06}.Release|Mixed Platforms.ActiveCfg = Release|Any CPU
		{435E1011-E9FE-4E61-8B6D-2627DC6D1F06}.Release|x86.ActiveCfg = Release|Any CPU
		{EDA0969D-5613-4F84-B97D-3658ACEE3D29}.Debug|Any CPU.ActiveCfg = Debug|Any CPU
		{EDA0969D-5613-4F84-B97D-3658ACEE3D29}.Debug|Any CPU.Build.0 = Debug|Any CPU
		{EDA0969D-5613-4F84-B97D-3658ACEE3D29}.Debug|Mixed Platforms.ActiveCfg = Debug|Any CPU
		{EDA0969D-5613-4F84-B97D-3658ACEE3D29}.Debug|Mixed Platforms.Build.0 = Debug|Any CPU
		{EDA0969D-5613-4F84-B97D-3658ACEE3D29}.Debug|x86.ActiveCfg = Debug|Any CPU
		{EDA0969D-5613-4F84-B97D-3658ACEE3D29}.Release|Any CPU.ActiveCfg = Release|Any CPU
		{EDA0969D-5613-4F84-B97D-3658ACEE3D29}.Release|Any CPU.Build.0 = Release|Any CPU
		{EDA0969D-5613-4F84-B97D-3658ACEE3D29}.Release|Mixed Platforms.ActiveCfg = Release|Any CPU
		{EDA0969D-5613-4F84-B97D-3658ACEE3D29}.Release|Mixed Platforms.Build.0 = Release|Any CPU
		{EDA0969D-5613-4F84-B97D-3658ACEE3D29}.Release|x86.ActiveCfg = Release|Any CPU
		{67038157-092E-4D72-BAF4-049EB1532264}.Debug|Any CPU.ActiveCfg = Debug|Any CPU
		{67038157-092E-4D72-BAF4-049EB1532264}.Debug|Any CPU.Build.0 = Debug|Any CPU
		{67038157-092E-4D72-BAF4-049EB1532264}.Debug|Mixed Platforms.ActiveCfg = Debug|Any CPU
		{67038157-092E-4D72-BAF4-049EB1532264}.Debug|Mixed Platforms.Build.0 = Debug|Any CPU
		{67038157-092E-4D72-BAF4-049EB1532264}.Debug|x86.ActiveCfg = Debug|Any CPU
		{67038157-092E-4D72-BAF4-049EB1532264}.Release|Any CPU.ActiveCfg = Release|Any CPU
		{67038157-092E-4D72-BAF4-049EB1532264}.Release|Any CPU.Build.0 = Release|Any CPU
		{67038157-092E-4D72-BAF4-049EB1532264}.Release|Mixed Platforms.ActiveCfg = Release|Any CPU
		{67038157-092E-4D72-BAF4-049EB1532264}.Release|Mixed Platforms.Build.0 = Release|Any CPU
		{67038157-092E-4D72-BAF4-049EB1532264}.Release|x86.ActiveCfg = Release|Any CPU
		{2048F4B6-2063-4446-9605-A5B2BE4E9554}.Debug|Any CPU.ActiveCfg = Debug|Any CPU
		{2048F4B6-2063-4446-9605-A5B2BE4E9554}.Debug|Any CPU.Build.0 = Debug|Any CPU
		{2048F4B6-2063-4446-9605-A5B2BE4E9554}.Debug|Mixed Platforms.ActiveCfg = Debug|Any CPU
		{2048F4B6-2063-4446-9605-A5B2BE4E9554}.Debug|Mixed Platforms.Build.0 = Debug|Any CPU
		{2048F4B6-2063-4446-9605-A5B2BE4E9554}.Debug|x86.ActiveCfg = Debug|Any CPU
		{2048F4B6-2063-4446-9605-A5B2BE4E9554}.Release|Any CPU.ActiveCfg = Release|Any CPU
		{2048F4B6-2063-4446-9605-A5B2BE4E9554}.Release|Any CPU.Build.0 = Release|Any CPU
		{2048F4B6-2063-4446-9605-A5B2BE4E9554}.Release|Mixed Platforms.ActiveCfg = Release|Any CPU
		{2048F4B6-2063-4446-9605-A5B2BE4E9554}.Release|Mixed Platforms.Build.0 = Release|Any CPU
		{2048F4B6-2063-4446-9605-A5B2BE4E9554}.Release|x86.ActiveCfg = Release|Any CPU
		{2B1F887C-E4B9-441A-8147-6A3A00C30BBA}.Debug|Any CPU.ActiveCfg = Debug|Any CPU
		{2B1F887C-E4B9-441A-8147-6A3A00C30BBA}.Debug|Any CPU.Build.0 = Debug|Any CPU
		{2B1F887C-E4B9-441A-8147-6A3A00C30BBA}.Debug|Mixed Platforms.ActiveCfg = Debug|Any CPU
		{2B1F887C-E4B9-441A-8147-6A3A00C30BBA}.Debug|Mixed Platforms.Build.0 = Debug|Any CPU
		{2B1F887C-E4B9-441A-8147-6A3A00C30BBA}.Debug|x86.ActiveCfg = Debug|Any CPU
		{2B1F887C-E4B9-441A-8147-6A3A00C30BBA}.Release|Any CPU.ActiveCfg = Release|Any CPU
		{2B1F887C-E4B9-441A-8147-6A3A00C30BBA}.Release|Any CPU.Build.0 = Release|Any CPU
		{2B1F887C-E4B9-441A-8147-6A3A00C30BBA}.Release|Mixed Platforms.ActiveCfg = Release|Any CPU
		{2B1F887C-E4B9-441A-8147-6A3A00C30BBA}.Release|Mixed Platforms.Build.0 = Release|Any CPU
		{2B1F887C-E4B9-441A-8147-6A3A00C30BBA}.Release|x86.ActiveCfg = Release|Any CPU
		{7584D9EF-E24C-4A60-B617-C42CB1EA606E}.Debug|Any CPU.ActiveCfg = Debug|Any CPU
		{7584D9EF-E24C-4A60-B617-C42CB1EA606E}.Debug|Any CPU.Build.0 = Debug|Any CPU
		{7584D9EF-E24C-4A60-B617-C42CB1EA606E}.Debug|Mixed Platforms.ActiveCfg = Debug|Any CPU
		{7584D9EF-E24C-4A60-B617-C42CB1EA606E}.Debug|Mixed Platforms.Build.0 = Debug|Any CPU
		{7584D9EF-E24C-4A60-B617-C42CB1EA606E}.Debug|x86.ActiveCfg = Debug|Any CPU
		{7584D9EF-E24C-4A60-B617-C42CB1EA606E}.Release|Any CPU.ActiveCfg = Release|Any CPU
		{7584D9EF-E24C-4A60-B617-C42CB1EA606E}.Release|Any CPU.Build.0 = Release|Any CPU
		{7584D9EF-E24C-4A60-B617-C42CB1EA606E}.Release|Mixed Platforms.ActiveCfg = Release|Any CPU
		{7584D9EF-E24C-4A60-B617-C42CB1EA606E}.Release|Mixed Platforms.Build.0 = Release|Any CPU
		{7584D9EF-E24C-4A60-B617-C42CB1EA606E}.Release|x86.ActiveCfg = Release|Any CPU
		{168E460F-6ABC-40AE-B1F4-1712C91952D9}.Debug|Any CPU.ActiveCfg = Debug|Any CPU
		{168E460F-6ABC-40AE-B1F4-1712C91952D9}.Debug|Any CPU.Build.0 = Debug|Any CPU
		{168E460F-6ABC-40AE-B1F4-1712C91952D9}.Debug|Mixed Platforms.ActiveCfg = Debug|Any CPU
		{168E460F-6ABC-40AE-B1F4-1712C91952D9}.Debug|Mixed Platforms.Build.0 = Debug|Any CPU
		{168E460F-6ABC-40AE-B1F4-1712C91952D9}.Debug|x86.ActiveCfg = Debug|Any CPU
		{168E460F-6ABC-40AE-B1F4-1712C91952D9}.Release|Any CPU.ActiveCfg = Release|Any CPU
		{168E460F-6ABC-40AE-B1F4-1712C91952D9}.Release|Any CPU.Build.0 = Release|Any CPU
		{168E460F-6ABC-40AE-B1F4-1712C91952D9}.Release|Mixed Platforms.ActiveCfg = Release|Any CPU
		{168E460F-6ABC-40AE-B1F4-1712C91952D9}.Release|Mixed Platforms.Build.0 = Release|Any CPU
		{168E460F-6ABC-40AE-B1F4-1712C91952D9}.Release|x86.ActiveCfg = Release|Any CPU
		{3A3429FB-14E1-4904-9FB1-E5AB81EB6D28}.Debug|Any CPU.ActiveCfg = Debug|Any CPU
		{3A3429FB-14E1-4904-9FB1-E5AB81EB6D28}.Debug|Any CPU.Build.0 = Debug|Any CPU
		{3A3429FB-14E1-4904-9FB1-E5AB81EB6D28}.Debug|Mixed Platforms.ActiveCfg = Debug|Any CPU
		{3A3429FB-14E1-4904-9FB1-E5AB81EB6D28}.Debug|Mixed Platforms.Build.0 = Debug|Any CPU
		{3A3429FB-14E1-4904-9FB1-E5AB81EB6D28}.Debug|x86.ActiveCfg = Debug|Any CPU
		{3A3429FB-14E1-4904-9FB1-E5AB81EB6D28}.Release|Any CPU.ActiveCfg = Release|Any CPU
		{3A3429FB-14E1-4904-9FB1-E5AB81EB6D28}.Release|Any CPU.Build.0 = Release|Any CPU
		{3A3429FB-14E1-4904-9FB1-E5AB81EB6D28}.Release|Mixed Platforms.ActiveCfg = Release|Any CPU
		{3A3429FB-14E1-4904-9FB1-E5AB81EB6D28}.Release|Mixed Platforms.Build.0 = Release|Any CPU
		{3A3429FB-14E1-4904-9FB1-E5AB81EB6D28}.Release|x86.ActiveCfg = Release|Any CPU
		{9F347041-278A-4390-BF6C-3E12157DD084}.Debug|Any CPU.ActiveCfg = Debug|Any CPU
		{9F347041-278A-4390-BF6C-3E12157DD084}.Debug|Any CPU.Build.0 = Debug|Any CPU
		{9F347041-278A-4390-BF6C-3E12157DD084}.Debug|Mixed Platforms.ActiveCfg = Debug|Any CPU
		{9F347041-278A-4390-BF6C-3E12157DD084}.Debug|Mixed Platforms.Build.0 = Debug|Any CPU
		{9F347041-278A-4390-BF6C-3E12157DD084}.Debug|x86.ActiveCfg = Debug|Any CPU
		{9F347041-278A-4390-BF6C-3E12157DD084}.Release|Any CPU.ActiveCfg = Release|Any CPU
		{9F347041-278A-4390-BF6C-3E12157DD084}.Release|Any CPU.Build.0 = Release|Any CPU
		{9F347041-278A-4390-BF6C-3E12157DD084}.Release|Mixed Platforms.ActiveCfg = Release|Any CPU
		{9F347041-278A-4390-BF6C-3E12157DD084}.Release|Mixed Platforms.Build.0 = Release|Any CPU
		{9F347041-278A-4390-BF6C-3E12157DD084}.Release|x86.ActiveCfg = Release|Any CPU
	EndGlobalSection
	GlobalSection(SolutionProperties) = preSolution
		HideSolutionNode = FALSE
	EndGlobalSection
EndGlobal
