
Microsoft Visual Studio Solution File, Format Version 11.00
# Visual Studio 2010
Project("{2150E333-8FDC-42A3-9474-1A3956D46DE8}") = "Solution Items", "Solution Items", "{BD9762CF-E104-481C-96A6-26E624B86283}"
	ProjectSection(SolutionItems) = preProject
		Local.testsettings = Local.testsettings
		ReactiveUI.vsmdi = ReactiveUI.vsmdi
		TraceAndTestImpact.testsettings = TraceAndTestImpact.testsettings
	EndProjectSection
EndProject
Project("{FAE04EC0-301F-11D3-BF4B-00C04F79EFBC}") = "ReactiveUI_SL5", "ReactiveUI\ReactiveUI_SL5.csproj", "{B3381C78-C099-4902-89D4-B879AA83BFC9}"
EndProject
Project("{FAE04EC0-301F-11D3-BF4B-00C04F79EFBC}") = "ReactiveUI.Blend_SL5", "ReactiveUI.Blend\ReactiveUI.Blend_SL5.csproj", "{1E453720-AEE5-4B34-8660-7AD86E5E05AF}"
EndProject
Project("{FAE04EC0-301F-11D3-BF4B-00C04F79EFBC}") = "ReactiveUI.Tests_SL5", "ReactiveUI.Tests\ReactiveUI.Tests_SL5.csproj", "{007E6D54-44FE-45BA-A364-AD108B7C6CDF}"
EndProject
Project("{FAE04EC0-301F-11D3-BF4B-00C04F79EFBC}") = "ReactiveUI.Serialization_SL5", "ReactiveUI.Serialization\ReactiveUI.Serialization_SL5.csproj", "{7AF8CC6E-C01D-4258-B40F-ADAA52F89632}"
EndProject
Project("{FAE04EC0-301F-11D3-BF4B-00C04F79EFBC}") = "ReactiveUI.Serialization.Tests_SL5", "ReactiveUI.Serialization.Tests\ReactiveUI.Serialization.Tests_SL5.csproj", "{63A24315-D896-4CD6-B98C-F31676F82898}"
EndProject
Project("{FAE04EC0-301F-11D3-BF4B-00C04F79EFBC}") = "ReactiveUI.Xaml_SL5", "ReactiveUI.Xaml\ReactiveUI.Xaml_SL5.csproj", "{73804A79-A9FC-48FD-8F7C-E796415A8B3A}"
EndProject
Project("{FAE04EC0-301F-11D3-BF4B-00C04F79EFBC}") = "ReactiveUI.Testing_SL5", "ReactiveUI.Testing\ReactiveUI.Testing_SL5.csproj", "{435E1011-E9FE-4E61-8B6D-2627DC6D1F06}"
EndProject
Project("{FAE04EC0-301F-11D3-BF4B-00C04F79EFBC}") = "ReactiveUI.Routing_SL5", "ReactiveUI.Routing\ReactiveUI.Routing_SL5.csproj", "{2048F4B6-2063-4446-9605-A5B2BE4E9554}"
EndProject
Global
	GlobalSection(TestCaseManagementSettings) = postSolution
		CategoryFile = ReactiveUI.vsmdi
	EndGlobalSection
	GlobalSection(SolutionConfigurationPlatforms) = preSolution
		Debug|Any CPU = Debug|Any CPU
		Debug|Mixed Platforms = Debug|Mixed Platforms
		Debug|x86 = Debug|x86
		Release|Any CPU = Release|Any CPU
		Release|Mixed Platforms = Release|Mixed Platforms
		Release|x86 = Release|x86
	EndGlobalSection
	GlobalSection(ProjectConfigurationPlatforms) = postSolution
		{B3381C78-C099-4902-89D4-B879AA83BFC9}.Debug|Any CPU.ActiveCfg = Debug|Any CPU
		{B3381C78-C099-4902-89D4-B879AA83BFC9}.Debug|Mixed Platforms.ActiveCfg = Debug|Any CPU
		{B3381C78-C099-4902-89D4-B879AA83BFC9}.Debug|Mixed Platforms.Build.0 = Debug|Any CPU
		{B3381C78-C099-4902-89D4-B879AA83BFC9}.Debug|x86.ActiveCfg = Debug|Any CPU
		{B3381C78-C099-4902-89D4-B879AA83BFC9}.Release|Any CPU.ActiveCfg = Release|Any CPU
		{B3381C78-C099-4902-89D4-B879AA83BFC9}.Release|Mixed Platforms.ActiveCfg = Release|Any CPU
		{B3381C78-C099-4902-89D4-B879AA83BFC9}.Release|x86.ActiveCfg = Release|Any CPU
		{1E453720-AEE5-4B34-8660-7AD86E5E05AF}.Debug|Any CPU.ActiveCfg = Debug|Any CPU
		{1E453720-AEE5-4B34-8660-7AD86E5E05AF}.Debug|Mixed Platforms.ActiveCfg = Debug|Any CPU
		{1E453720-AEE5-4B34-8660-7AD86E5E05AF}.Debug|Mixed Platforms.Build.0 = Debug|Any CPU
		{1E453720-AEE5-4B34-8660-7AD86E5E05AF}.Debug|x86.ActiveCfg = Debug|Any CPU
		{1E453720-AEE5-4B34-8660-7AD86E5E05AF}.Release|Any CPU.ActiveCfg = Release|Any CPU
		{1E453720-AEE5-4B34-8660-7AD86E5E05AF}.Release|Mixed Platforms.ActiveCfg = Release|Any CPU
		{1E453720-AEE5-4B34-8660-7AD86E5E05AF}.Release|x86.ActiveCfg = Release|Any CPU
		{007E6D54-44FE-45BA-A364-AD108B7C6CDF}.Debug|Any CPU.ActiveCfg = Debug|Any CPU
		{007E6D54-44FE-45BA-A364-AD108B7C6CDF}.Debug|Mixed Platforms.ActiveCfg = Debug|Any CPU
		{007E6D54-44FE-45BA-A364-AD108B7C6CDF}.Debug|Mixed Platforms.Build.0 = Debug|Any CPU
		{007E6D54-44FE-45BA-A364-AD108B7C6CDF}.Debug|x86.ActiveCfg = Debug|Any CPU
		{007E6D54-44FE-45BA-A364-AD108B7C6CDF}.Release|Any CPU.ActiveCfg = Release|Any CPU
		{007E6D54-44FE-45BA-A364-AD108B7C6CDF}.Release|Mixed Platforms.ActiveCfg = Release|Any CPU
		{007E6D54-44FE-45BA-A364-AD108B7C6CDF}.Release|x86.ActiveCfg = Release|Any CPU
		{7AF8CC6E-C01D-4258-B40F-ADAA52F89632}.Debug|Any CPU.ActiveCfg = Debug|Any CPU
		{7AF8CC6E-C01D-4258-B40F-ADAA52F89632}.Debug|Mixed Platforms.ActiveCfg = Debug|Any CPU
		{7AF8CC6E-C01D-4258-B40F-ADAA52F89632}.Debug|Mixed Platforms.Build.0 = Debug|Any CPU
		{7AF8CC6E-C01D-4258-B40F-ADAA52F89632}.Debug|x86.ActiveCfg = Debug|Any CPU
		{7AF8CC6E-C01D-4258-B40F-ADAA52F89632}.Release|Any CPU.ActiveCfg = Release|Any CPU
		{7AF8CC6E-C01D-4258-B40F-ADAA52F89632}.Release|Mixed Platforms.ActiveCfg = Release|Any CPU
		{7AF8CC6E-C01D-4258-B40F-ADAA52F89632}.Release|x86.ActiveCfg = Release|Any CPU
		{63A24315-D896-4CD6-B98C-F31676F82898}.Debug|Any CPU.ActiveCfg = Debug|Any CPU
		{63A24315-D896-4CD6-B98C-F31676F82898}.Debug|Mixed Platforms.ActiveCfg = Debug|Any CPU
		{63A24315-D896-4CD6-B98C-F31676F82898}.Debug|Mixed Platforms.Build.0 = Debug|Any CPU
		{63A24315-D896-4CD6-B98C-F31676F82898}.Debug|x86.ActiveCfg = Debug|Any CPU
		{63A24315-D896-4CD6-B98C-F31676F82898}.Release|Any CPU.ActiveCfg = Release|Any CPU
		{63A24315-D896-4CD6-B98C-F31676F82898}.Release|Mixed Platforms.ActiveCfg = Release|Any CPU
		{63A24315-D896-4CD6-B98C-F31676F82898}.Release|x86.ActiveCfg = Release|Any CPU
		{73804A79-A9FC-48FD-8F7C-E796415A8B3A}.Debug|Any CPU.ActiveCfg = Debug|Any CPU
		{73804A79-A9FC-48FD-8F7C-E796415A8B3A}.Debug|Mixed Platforms.ActiveCfg = Debug|Any CPU
		{73804A79-A9FC-48FD-8F7C-E796415A8B3A}.Debug|Mixed Platforms.Build.0 = Debug|Any CPU
		{73804A79-A9FC-48FD-8F7C-E796415A8B3A}.Debug|x86.ActiveCfg = Debug|Any CPU
		{73804A79-A9FC-48FD-8F7C-E796415A8B3A}.Release|Any CPU.ActiveCfg = Release|Any CPU
		{73804A79-A9FC-48FD-8F7C-E796415A8B3A}.Release|Mixed Platforms.ActiveCfg = Release|Any CPU
		{73804A79-A9FC-48FD-8F7C-E796415A8B3A}.Release|x86.ActiveCfg = Release|Any CPU
		{435E1011-E9FE-4E61-8B6D-2627DC6D1F06}.Debug|Any CPU.ActiveCfg = Debug|Any CPU
		{435E1011-E9FE-4E61-8B6D-2627DC6D1F06}.Debug|Mixed Platforms.ActiveCfg = Debug|Any CPU
		{435E1011-E9FE-4E61-8B6D-2627DC6D1F06}.Debug|Mixed Platforms.Build.0 = Debug|Any CPU
		{435E1011-E9FE-4E61-8B6D-2627DC6D1F06}.Debug|x86.ActiveCfg = Debug|Any CPU
		{435E1011-E9FE-4E61-8B6D-2627DC6D1F06}.Release|Any CPU.ActiveCfg = Release|Any CPU
		{435E1011-E9FE-4E61-8B6D-2627DC6D1F06}.Release|Mixed Platforms.ActiveCfg = Release|Any CPU
		{435E1011-E9FE-4E61-8B6D-2627DC6D1F06}.Release|x86.ActiveCfg = Release|Any CPU
		{2048F4B6-2063-4446-9605-A5B2BE4E9554}.Debug|Any CPU.ActiveCfg = Debug|Any CPU
		{2048F4B6-2063-4446-9605-A5B2BE4E9554}.Debug|Any CPU.Build.0 = Debug|Any CPU
		{2048F4B6-2063-4446-9605-A5B2BE4E9554}.Debug|Mixed Platforms.ActiveCfg = Debug|Any CPU
		{2048F4B6-2063-4446-9605-A5B2BE4E9554}.Debug|Mixed Platforms.Build.0 = Debug|Any CPU
		{2048F4B6-2063-4446-9605-A5B2BE4E9554}.Debug|x86.ActiveCfg = Debug|Any CPU
		{2048F4B6-2063-4446-9605-A5B2BE4E9554}.Release|Any CPU.ActiveCfg = Release|Any CPU
		{2048F4B6-2063-4446-9605-A5B2BE4E9554}.Release|Any CPU.Build.0 = Release|Any CPU
		{2048F4B6-2063-4446-9605-A5B2BE4E9554}.Release|Mixed Platforms.ActiveCfg = Release|Any CPU
		{2048F4B6-2063-4446-9605-A5B2BE4E9554}.Release|Mixed Platforms.Build.0 = Release|Any CPU
		{2048F4B6-2063-4446-9605-A5B2BE4E9554}.Release|x86.ActiveCfg = Release|Any CPU
	EndGlobalSection
	GlobalSection(SolutionProperties) = preSolution
		HideSolutionNode = FALSE
	EndGlobalSection
EndGlobal
