
Microsoft Visual Studio Solution File, Format Version 12.00
# Visual Studio Version 16
VisualStudioVersion = 16.0.31515.178
MinimumVisualStudioVersion = 10.0.40219.1
Project("{FAE04EC0-301F-11D3-BF4B-00C04F79EFBC}") = "IntegrationTests.Android", "IntegrationTests.Android\IntegrationTests.Android.csproj", "{3BC0AC7E-3B3B-4D3F-9CC0-B2BDECC460A6}"
EndProject
Project("{9A19103F-16F7-4668-BE54-9A1E7A4F7556}") = "IntegrationTests.Shared", "IntegrationTests.Shared\IntegrationTests.Shared.csproj", "{92988CE1-EA84-4A3A-8921-D3474CC0C87B}"
EndProject
Project("{9A19103F-16F7-4668-BE54-9A1E7A4F7556}") = "ReactiveUI", "..\src\ReactiveUI\ReactiveUI.csproj", "{F9808728-E148-438B-96EA-5F18C832CF4A}"
EndProject
Global
	GlobalSection(SolutionConfigurationPlatforms) = preSolution
		Debug|Any CPU = Debug|Any CPU
		Release|Any CPU = Release|Any CPU
	EndGlobalSection
	GlobalSection(ProjectConfigurationPlatforms) = postSolution
		{3BC0AC7E-3B3B-4D3F-9CC0-B2BDECC460A6}.Debug|Any CPU.ActiveCfg = Debug|Any CPU
		{3BC0AC7E-3B3B-4D3F-9CC0-B2BDECC460A6}.Debug|Any CPU.Build.0 = Debug|Any CPU
		{3BC0AC7E-3B3B-4D3F-9CC0-B2BDECC460A6}.Debug|Any CPU.Deploy.0 = Debug|Any CPU
		{3BC0AC7E-3B3B-4D3F-9CC0-B2BDECC460A6}.Release|Any CPU.ActiveCfg = Release|Any CPU
		{3BC0AC7E-3B3B-4D3F-9CC0-B2BDECC460A6}.Release|Any CPU.Build.0 = Release|Any CPU
		{3BC0AC7E-3B3B-4D3F-9CC0-B2BDECC460A6}.Release|Any CPU.Deploy.0 = Release|Any CPU
		{92988CE1-EA84-4A3A-8921-D3474CC0C87B}.Debug|Any CPU.ActiveCfg = Debug|Any CPU
		{92988CE1-EA84-4A3A-8921-D3474CC0C87B}.Debug|Any CPU.Build.0 = Debug|Any CPU
		{92988CE1-EA84-4A3A-8921-D3474CC0C87B}.Release|Any CPU.ActiveCfg = Release|Any CPU
		{92988CE1-EA84-4A3A-8921-D3474CC0C87B}.Release|Any CPU.Build.0 = Release|Any CPU
		{F9808728-E148-438B-96EA-5F18C832CF4A}.Debug|Any CPU.ActiveCfg = Debug|Any CPU
		{F9808728-E148-438B-96EA-5F18C832CF4A}.Debug|Any CPU.Build.0 = Debug|Any CPU
		{F9808728-E148-438B-96EA-5F18C832CF4A}.Release|Any CPU.ActiveCfg = Release|Any CPU
		{F9808728-E148-438B-96EA-5F18C832CF4A}.Release|Any CPU.Build.0 = Release|Any CPU
	EndGlobalSection
	GlobalSection(SolutionProperties) = preSolution
		HideSolutionNode = FALSE
	EndGlobalSection
	GlobalSection(ExtensibilityGlobals) = postSolution
		SolutionGuid = {98CE2128-E3D7-4F18-A7F7-46C95788C011}
	EndGlobalSection
EndGlobal
