
Microsoft Visual Studio Solution File, Format Version 12.00
# Visual Studio 15
VisualStudioVersion = 15.0.28010.2003
MinimumVisualStudioVersion = 10.0.40219.1
Project("{FAE04EC0-301F-11D3-BF4B-00C04F79EFBC}") = "ReactiveDemo", "ReactiveDemo\ReactiveDemo.csproj", "{996C151B-7AAF-4C5C-A786-52DF9C251A73}"
EndProject
Global
	GlobalSection(SolutionConfigurationPlatforms) = preSolution
		Debug|Any CPU = Debug|Any CPU
		Release|Any CPU = Release|Any CPU
	EndGlobalSection
	GlobalSection(ProjectConfigurationPlatforms) = postSolution
		{996C151B-7AAF-4C5C-A786-52DF9C251A73}.Debug|Any CPU.ActiveCfg = Debug|Any CPU
		{996C151B-7AAF-4C5C-A786-52DF9C251A73}.Debug|Any CPU.Build.0 = Debug|Any CPU
		{996C151B-7AAF-4C5C-A786-52DF9C251A73}.Release|Any CPU.ActiveCfg = Release|Any CPU
		{996C151B-7AAF-4C5C-A786-52DF9C251A73}.Release|Any CPU.Build.0 = Release|Any CPU
	EndGlobalSection
	GlobalSection(SolutionProperties) = preSolution
		HideSolutionNode = FALSE
	EndGlobalSection
	GlobalSection(ExtensibilityGlobals) = postSolution
		SolutionGuid = {D4A4A79B-20F4-41EC-BADF-141BA15D261F}
	EndGlobalSection
EndGlobal
