
Microsoft Visual Studio Solution File, Format Version 11.00
# Visual Studio 2010
Project("{FAE04EC0-301F-11D3-BF4B-00C04F79EFBC}") = "ReactiveUI.Events_Mac", "ReactiveUI.Events_Mac.csproj", "{20A2477A-BB94-43C1-F841-E177EF9FEDB8}"
EndProject
Global
	GlobalSection(SolutionConfigurationPlatforms) = preSolution
		Debug|Any CPU = Debug|Any CPU
		Release|Any CPU = Release|Any CPU
	EndGlobalSection
	GlobalSection(ProjectConfigurationPlatforms) = postSolution
		{20A2477A-BB94-43C1-F841-E177EF9FEDB8}.Debug|Any CPU.ActiveCfg = Debug|Any CPU
		{20A2477A-BB94-43C1-F841-E177EF9FEDB8}.Debug|Any CPU.Build.0 = Debug|Any CPU
		{20A2477A-BB94-43C1-F841-E177EF9FEDB8}.Release|Any CPU.ActiveCfg = Release|Any CPU
		{20A2477A-BB94-43C1-F841-E177EF9FEDB8}.Release|Any CPU.Build.0 = Release|Any CPU
	EndGlobalSection
EndGlobal
