
Microsoft Visual Studio Solution File, Format Version 12.00
# Visual Studio 14
VisualStudioVersion = 14.0.24720.0
MinimumVisualStudioVersion = 10.0.40219.1
Project("{FAE04EC0-301F-11D3-BF4B-00C04F79EFBC}") = "ReactiveUI.Events_Net45", "ReactiveUI.Events_Net45.csproj", "{600998C4-54DD-4755-BFA8-6F44544D8E2E}"
EndProject
Global
	GlobalSection(SolutionConfigurationPlatforms) = preSolution
		Debug|Any CPU = Debug|Any CPU
		Release|Any CPU = Release|Any CPU
	EndGlobalSection
	GlobalSection(ProjectConfigurationPlatforms) = postSolution
		{600998C4-54DD-4755-BFA8-6F44544D8E2E}.Debug|Any CPU.ActiveCfg = Debug|Any CPU
		{600998C4-54DD-4755-BFA8-6F44544D8E2E}.Debug|Any CPU.Build.0 = Debug|Any CPU
		{600998C4-54DD-4755-BFA8-6F44544D8E2E}.Release|Any CPU.ActiveCfg = Release|Any CPU
		{600998C4-54DD-4755-BFA8-6F44544D8E2E}.Release|Any CPU.Build.0 = Release|Any CPU
	EndGlobalSection
	GlobalSection(SolutionProperties) = preSolution
		HideSolutionNode = FALSE
	EndGlobalSection
EndGlobal
