Microsoft Visual Studio Solution File, Format Version 12.00
# Visual Studio 15
VisualStudioVersion = 15.0.26228.9
MinimumVisualStudioVersion = 10.0.40219.1
Project("{2150E333-8FDC-42A3-9474-1A3956D46DE8}") = "Solution Items", "Solution Items", "{BD9762CF-E104-481C-96A6-26E624B86283}"
	ProjectSection(SolutionItems) = preProject
		Directory.build.props = Directory.build.props
		Directory.build.targets = Directory.build.targets
		Rebracer.xml = Rebracer.xml
	EndProjectSection
EndProject
Project("{FAE04EC0-301F-11D3-BF4B-00C04F79EFBC}") = "ReactiveUI", "ReactiveUI\ReactiveUI.csproj", "{464CB812-F99F-401B-BE4C-E8F0515CD19D}"
EndProject
Project("{FAE04EC0-301F-11D3-BF4B-00C04F79EFBC}") = "ReactiveUI.AndroidSupport", "ReactiveUI.AndroidSupport\ReactiveUI.AndroidSupport.csproj", "{F5A6E11B-B074-4A1C-B937-267D840E31DF}"
EndProject
Project("{FAE04EC0-301F-11D3-BF4B-00C04F79EFBC}") = "ReactiveUI.Testing", "ReactiveUI.Testing\ReactiveUI.Testing.csproj", "{DDF89A7A-5CC9-4243-98E4-462860D5D963}"
EndProject
Project("{FAE04EC0-301F-11D3-BF4B-00C04F79EFBC}") = "ReactiveUI.Blend", "ReactiveUI.Blend\ReactiveUI.Blend.csproj", "{C11F6165-6142-476F-83F1-CFEBC330C769}"
EndProject
Project("{FAE04EC0-301F-11D3-BF4B-00C04F79EFBC}") = "ReactiveUI.XamForms", "ReactiveUI.XamForms\ReactiveUI.XamForms.csproj", "{84A9E530-93D7-4108-9887-690127F70AF5}"
EndProject
Project("{FAE04EC0-301F-11D3-BF4B-00C04F79EFBC}") = "ReactiveUI.Winforms", "ReactiveUI.Winforms\ReactiveUI.Winforms.csproj", "{B311B0EC-CEF3-45E6-BA7A-EC6AB58E7E7D}"
EndProject
Project("{FAE04EC0-301F-11D3-BF4B-00C04F79EFBC}") = "ReactiveUI.Tests", "ReactiveUI.Tests\ReactiveUI.Tests.csproj", "{2ADE0A50-5012-4341-8F4F-97597C2D6920}"
EndProject
Project("{FAE04EC0-301F-11D3-BF4B-00C04F79EFBC}") = "ReactiveUI.Events", "ReactiveUI.Events\ReactiveUI.Events.csproj", "{9B53B0DB-63ED-45D7-9180-DD893E99A2B5}"
EndProject
Project("{FAE04EC0-301F-11D3-BF4B-00C04F79EFBC}") = "ReactiveUI.Events.XamForms", "ReactiveUI.Events.XamForms\ReactiveUI.Events.XamForms.csproj", "{98C9965B-F1DA-4BBC-AF63-1565E22B1F12}"
EndProject
Global
	GlobalSection(SolutionConfigurationPlatforms) = preSolution
		Ad-Hoc|Any CPU = Ad-Hoc|Any CPU
		Ad-Hoc|ARM = Ad-Hoc|ARM
		Ad-Hoc|iPhone = Ad-Hoc|iPhone
		Ad-Hoc|iPhoneSimulator = Ad-Hoc|iPhoneSimulator
		Ad-Hoc|Mixed Platforms = Ad-Hoc|Mixed Platforms
		Ad-Hoc|x64 = Ad-Hoc|x64
		Ad-Hoc|x86 = Ad-Hoc|x86
		AppStore|Any CPU = AppStore|Any CPU
		AppStore|ARM = AppStore|ARM
		AppStore|iPhone = AppStore|iPhone
		AppStore|iPhoneSimulator = AppStore|iPhoneSimulator
		AppStore|Mixed Platforms = AppStore|Mixed Platforms
		AppStore|x64 = AppStore|x64
		AppStore|x86 = AppStore|x86
		Debug|Any CPU = Debug|Any CPU
		Debug|ARM = Debug|ARM
		Debug|iPhone = Debug|iPhone
		Debug|iPhoneSimulator = Debug|iPhoneSimulator
		Debug|Mixed Platforms = Debug|Mixed Platforms
		Debug|x64 = Debug|x64
		Debug|x86 = Debug|x86
		Release|Any CPU = Release|Any CPU
		Release|ARM = Release|ARM
		Release|iPhone = Release|iPhone
		Release|iPhoneSimulator = Release|iPhoneSimulator
		Release|Mixed Platforms = Release|Mixed Platforms
		Release|x64 = Release|x64
		Release|x86 = Release|x86
	EndGlobalSection
	GlobalSection(ProjectConfigurationPlatforms) = postSolution
		{464CB812-F99F-401B-BE4C-E8F0515CD19D}.Ad-Hoc|Any CPU.ActiveCfg = Release|Any CPU
		{464CB812-F99F-401B-BE4C-E8F0515CD19D}.Ad-Hoc|Any CPU.Build.0 = Release|Any CPU
		{464CB812-F99F-401B-BE4C-E8F0515CD19D}.Ad-Hoc|ARM.ActiveCfg = Release|Any CPU
		{464CB812-F99F-401B-BE4C-E8F0515CD19D}.Ad-Hoc|iPhone.ActiveCfg = Release|Any CPU
		{464CB812-F99F-401B-BE4C-E8F0515CD19D}.Ad-Hoc|iPhoneSimulator.ActiveCfg = Release|Any CPU
		{464CB812-F99F-401B-BE4C-E8F0515CD19D}.Ad-Hoc|Mixed Platforms.ActiveCfg = Release|Any CPU
		{464CB812-F99F-401B-BE4C-E8F0515CD19D}.Ad-Hoc|Mixed Platforms.Build.0 = Release|Any CPU
		{464CB812-F99F-401B-BE4C-E8F0515CD19D}.Ad-Hoc|x64.ActiveCfg = Release|Any CPU
		{464CB812-F99F-401B-BE4C-E8F0515CD19D}.Ad-Hoc|x86.ActiveCfg = Release|Any CPU
		{464CB812-F99F-401B-BE4C-E8F0515CD19D}.AppStore|Any CPU.ActiveCfg = Release|Any CPU
		{464CB812-F99F-401B-BE4C-E8F0515CD19D}.AppStore|Any CPU.Build.0 = Release|Any CPU
		{464CB812-F99F-401B-BE4C-E8F0515CD19D}.AppStore|ARM.ActiveCfg = Release|Any CPU
		{464CB812-F99F-401B-BE4C-E8F0515CD19D}.AppStore|iPhone.ActiveCfg = Release|Any CPU
		{464CB812-F99F-401B-BE4C-E8F0515CD19D}.AppStore|iPhoneSimulator.ActiveCfg = Release|Any CPU
		{464CB812-F99F-401B-BE4C-E8F0515CD19D}.AppStore|Mixed Platforms.ActiveCfg = Release|Any CPU
		{464CB812-F99F-401B-BE4C-E8F0515CD19D}.AppStore|Mixed Platforms.Build.0 = Release|Any CPU
		{464CB812-F99F-401B-BE4C-E8F0515CD19D}.AppStore|x64.ActiveCfg = Release|Any CPU
		{464CB812-F99F-401B-BE4C-E8F0515CD19D}.AppStore|x86.ActiveCfg = Release|Any CPU
		{464CB812-F99F-401B-BE4C-E8F0515CD19D}.Debug|Any CPU.ActiveCfg = Debug|Any CPU
		{464CB812-F99F-401B-BE4C-E8F0515CD19D}.Debug|Any CPU.Build.0 = Debug|Any CPU
		{464CB812-F99F-401B-BE4C-E8F0515CD19D}.Debug|ARM.ActiveCfg = Debug|Any CPU
		{464CB812-F99F-401B-BE4C-E8F0515CD19D}.Debug|iPhone.ActiveCfg = Debug|Any CPU
		{464CB812-F99F-401B-BE4C-E8F0515CD19D}.Debug|iPhoneSimulator.ActiveCfg = Debug|Any CPU
		{464CB812-F99F-401B-BE4C-E8F0515CD19D}.Debug|Mixed Platforms.ActiveCfg = Debug|Any CPU
		{464CB812-F99F-401B-BE4C-E8F0515CD19D}.Debug|Mixed Platforms.Build.0 = Debug|Any CPU
		{464CB812-F99F-401B-BE4C-E8F0515CD19D}.Debug|x64.ActiveCfg = Debug|Any CPU
		{464CB812-F99F-401B-BE4C-E8F0515CD19D}.Debug|x86.ActiveCfg = Debug|Any CPU
		{464CB812-F99F-401B-BE4C-E8F0515CD19D}.Release|Any CPU.ActiveCfg = Release|Any CPU
		{464CB812-F99F-401B-BE4C-E8F0515CD19D}.Release|Any CPU.Build.0 = Release|Any CPU
		{464CB812-F99F-401B-BE4C-E8F0515CD19D}.Release|ARM.ActiveCfg = Release|Any CPU
		{464CB812-F99F-401B-BE4C-E8F0515CD19D}.Release|iPhone.ActiveCfg = Release|Any CPU
		{464CB812-F99F-401B-BE4C-E8F0515CD19D}.Release|iPhoneSimulator.ActiveCfg = Release|Any CPU
		{464CB812-F99F-401B-BE4C-E8F0515CD19D}.Release|Mixed Platforms.ActiveCfg = Release|Any CPU
		{464CB812-F99F-401B-BE4C-E8F0515CD19D}.Release|Mixed Platforms.Build.0 = Release|Any CPU
		{464CB812-F99F-401B-BE4C-E8F0515CD19D}.Release|x64.ActiveCfg = Release|Any CPU
		{464CB812-F99F-401B-BE4C-E8F0515CD19D}.Release|x86.ActiveCfg = Release|Any CPU
		{F5A6E11B-B074-4A1C-B937-267D840E31DF}.Ad-Hoc|Any CPU.ActiveCfg = Release|Any CPU
		{F5A6E11B-B074-4A1C-B937-267D840E31DF}.Ad-Hoc|Any CPU.Build.0 = Release|Any CPU
		{F5A6E11B-B074-4A1C-B937-267D840E31DF}.Ad-Hoc|ARM.ActiveCfg = Release|Any CPU
		{F5A6E11B-B074-4A1C-B937-267D840E31DF}.Ad-Hoc|iPhone.ActiveCfg = Release|Any CPU
		{F5A6E11B-B074-4A1C-B937-267D840E31DF}.Ad-Hoc|iPhoneSimulator.ActiveCfg = Release|Any CPU
		{F5A6E11B-B074-4A1C-B937-267D840E31DF}.Ad-Hoc|Mixed Platforms.ActiveCfg = Release|Any CPU
		{F5A6E11B-B074-4A1C-B937-267D840E31DF}.Ad-Hoc|Mixed Platforms.Build.0 = Release|Any CPU
		{F5A6E11B-B074-4A1C-B937-267D840E31DF}.Ad-Hoc|x64.ActiveCfg = Release|Any CPU
		{F5A6E11B-B074-4A1C-B937-267D840E31DF}.Ad-Hoc|x86.ActiveCfg = Release|Any CPU
		{F5A6E11B-B074-4A1C-B937-267D840E31DF}.AppStore|Any CPU.ActiveCfg = Release|Any CPU
		{F5A6E11B-B074-4A1C-B937-267D840E31DF}.AppStore|Any CPU.Build.0 = Release|Any CPU
		{F5A6E11B-B074-4A1C-B937-267D840E31DF}.AppStore|ARM.ActiveCfg = Release|Any CPU
		{F5A6E11B-B074-4A1C-B937-267D840E31DF}.AppStore|iPhone.ActiveCfg = Release|Any CPU
		{F5A6E11B-B074-4A1C-B937-267D840E31DF}.AppStore|iPhoneSimulator.ActiveCfg = Release|Any CPU
		{F5A6E11B-B074-4A1C-B937-267D840E31DF}.AppStore|Mixed Platforms.ActiveCfg = Release|Any CPU
		{F5A6E11B-B074-4A1C-B937-267D840E31DF}.AppStore|Mixed Platforms.Build.0 = Release|Any CPU
		{F5A6E11B-B074-4A1C-B937-267D840E31DF}.AppStore|x64.ActiveCfg = Release|Any CPU
		{F5A6E11B-B074-4A1C-B937-267D840E31DF}.AppStore|x86.ActiveCfg = Release|Any CPU
		{F5A6E11B-B074-4A1C-B937-267D840E31DF}.Debug|Any CPU.ActiveCfg = Debug|Any CPU
		{F5A6E11B-B074-4A1C-B937-267D840E31DF}.Debug|Any CPU.Build.0 = Debug|Any CPU
		{F5A6E11B-B074-4A1C-B937-267D840E31DF}.Debug|ARM.ActiveCfg = Debug|Any CPU
		{F5A6E11B-B074-4A1C-B937-267D840E31DF}.Debug|iPhone.ActiveCfg = Debug|Any CPU
		{F5A6E11B-B074-4A1C-B937-267D840E31DF}.Debug|iPhoneSimulator.ActiveCfg = Debug|Any CPU
		{F5A6E11B-B074-4A1C-B937-267D840E31DF}.Debug|Mixed Platforms.ActiveCfg = Debug|Any CPU
		{F5A6E11B-B074-4A1C-B937-267D840E31DF}.Debug|Mixed Platforms.Build.0 = Debug|Any CPU
		{F5A6E11B-B074-4A1C-B937-267D840E31DF}.Debug|x64.ActiveCfg = Debug|Any CPU
		{F5A6E11B-B074-4A1C-B937-267D840E31DF}.Debug|x86.ActiveCfg = Debug|Any CPU
		{F5A6E11B-B074-4A1C-B937-267D840E31DF}.Release|Any CPU.ActiveCfg = Release|Any CPU
		{F5A6E11B-B074-4A1C-B937-267D840E31DF}.Release|Any CPU.Build.0 = Release|Any CPU
		{F5A6E11B-B074-4A1C-B937-267D840E31DF}.Release|ARM.ActiveCfg = Release|Any CPU
		{F5A6E11B-B074-4A1C-B937-267D840E31DF}.Release|iPhone.ActiveCfg = Release|Any CPU
		{F5A6E11B-B074-4A1C-B937-267D840E31DF}.Release|iPhoneSimulator.ActiveCfg = Release|Any CPU
		{F5A6E11B-B074-4A1C-B937-267D840E31DF}.Release|Mixed Platforms.ActiveCfg = Release|Any CPU
		{F5A6E11B-B074-4A1C-B937-267D840E31DF}.Release|Mixed Platforms.Build.0 = Release|Any CPU
		{F5A6E11B-B074-4A1C-B937-267D840E31DF}.Release|x64.ActiveCfg = Release|Any CPU
		{F5A6E11B-B074-4A1C-B937-267D840E31DF}.Release|x86.ActiveCfg = Release|Any CPU
		{DDF89A7A-5CC9-4243-98E4-462860D5D963}.Ad-Hoc|Any CPU.ActiveCfg = Debug|Any CPU
		{DDF89A7A-5CC9-4243-98E4-462860D5D963}.Ad-Hoc|Any CPU.Build.0 = Debug|Any CPU
		{DDF89A7A-5CC9-4243-98E4-462860D5D963}.Ad-Hoc|ARM.ActiveCfg = Debug|Any CPU
		{DDF89A7A-5CC9-4243-98E4-462860D5D963}.Ad-Hoc|ARM.Build.0 = Debug|Any CPU
		{DDF89A7A-5CC9-4243-98E4-462860D5D963}.Ad-Hoc|iPhone.ActiveCfg = Debug|Any CPU
		{DDF89A7A-5CC9-4243-98E4-462860D5D963}.Ad-Hoc|iPhone.Build.0 = Debug|Any CPU
		{DDF89A7A-5CC9-4243-98E4-462860D5D963}.Ad-Hoc|iPhoneSimulator.ActiveCfg = Debug|Any CPU
		{DDF89A7A-5CC9-4243-98E4-462860D5D963}.Ad-Hoc|iPhoneSimulator.Build.0 = Debug|Any CPU
		{DDF89A7A-5CC9-4243-98E4-462860D5D963}.Ad-Hoc|Mixed Platforms.ActiveCfg = Debug|Any CPU
		{DDF89A7A-5CC9-4243-98E4-462860D5D963}.Ad-Hoc|Mixed Platforms.Build.0 = Debug|Any CPU
		{DDF89A7A-5CC9-4243-98E4-462860D5D963}.Ad-Hoc|x64.ActiveCfg = Debug|Any CPU
		{DDF89A7A-5CC9-4243-98E4-462860D5D963}.Ad-Hoc|x64.Build.0 = Debug|Any CPU
		{DDF89A7A-5CC9-4243-98E4-462860D5D963}.Ad-Hoc|x86.ActiveCfg = Debug|Any CPU
		{DDF89A7A-5CC9-4243-98E4-462860D5D963}.Ad-Hoc|x86.Build.0 = Debug|Any CPU
		{DDF89A7A-5CC9-4243-98E4-462860D5D963}.AppStore|Any CPU.ActiveCfg = Debug|Any CPU
		{DDF89A7A-5CC9-4243-98E4-462860D5D963}.AppStore|Any CPU.Build.0 = Debug|Any CPU
		{DDF89A7A-5CC9-4243-98E4-462860D5D963}.AppStore|ARM.ActiveCfg = Debug|Any CPU
		{DDF89A7A-5CC9-4243-98E4-462860D5D963}.AppStore|ARM.Build.0 = Debug|Any CPU
		{DDF89A7A-5CC9-4243-98E4-462860D5D963}.AppStore|iPhone.ActiveCfg = Debug|Any CPU
		{DDF89A7A-5CC9-4243-98E4-462860D5D963}.AppStore|iPhone.Build.0 = Debug|Any CPU
		{DDF89A7A-5CC9-4243-98E4-462860D5D963}.AppStore|iPhoneSimulator.ActiveCfg = Debug|Any CPU
		{DDF89A7A-5CC9-4243-98E4-462860D5D963}.AppStore|iPhoneSimulator.Build.0 = Debug|Any CPU
		{DDF89A7A-5CC9-4243-98E4-462860D5D963}.AppStore|Mixed Platforms.ActiveCfg = Debug|Any CPU
		{DDF89A7A-5CC9-4243-98E4-462860D5D963}.AppStore|Mixed Platforms.Build.0 = Debug|Any CPU
		{DDF89A7A-5CC9-4243-98E4-462860D5D963}.AppStore|x64.ActiveCfg = Debug|Any CPU
		{DDF89A7A-5CC9-4243-98E4-462860D5D963}.AppStore|x64.Build.0 = Debug|Any CPU
		{DDF89A7A-5CC9-4243-98E4-462860D5D963}.AppStore|x86.ActiveCfg = Debug|Any CPU
		{DDF89A7A-5CC9-4243-98E4-462860D5D963}.AppStore|x86.Build.0 = Debug|Any CPU
		{DDF89A7A-5CC9-4243-98E4-462860D5D963}.Debug|Any CPU.ActiveCfg = Debug|Any CPU
		{DDF89A7A-5CC9-4243-98E4-462860D5D963}.Debug|Any CPU.Build.0 = Debug|Any CPU
		{DDF89A7A-5CC9-4243-98E4-462860D5D963}.Debug|ARM.ActiveCfg = Debug|Any CPU
		{DDF89A7A-5CC9-4243-98E4-462860D5D963}.Debug|ARM.Build.0 = Debug|Any CPU
		{DDF89A7A-5CC9-4243-98E4-462860D5D963}.Debug|iPhone.ActiveCfg = Debug|Any CPU
		{DDF89A7A-5CC9-4243-98E4-462860D5D963}.Debug|iPhone.Build.0 = Debug|Any CPU
		{DDF89A7A-5CC9-4243-98E4-462860D5D963}.Debug|iPhoneSimulator.ActiveCfg = Debug|Any CPU
		{DDF89A7A-5CC9-4243-98E4-462860D5D963}.Debug|iPhoneSimulator.Build.0 = Debug|Any CPU
		{DDF89A7A-5CC9-4243-98E4-462860D5D963}.Debug|Mixed Platforms.ActiveCfg = Debug|Any CPU
		{DDF89A7A-5CC9-4243-98E4-462860D5D963}.Debug|Mixed Platforms.Build.0 = Debug|Any CPU
		{DDF89A7A-5CC9-4243-98E4-462860D5D963}.Debug|x64.ActiveCfg = Debug|Any CPU
		{DDF89A7A-5CC9-4243-98E4-462860D5D963}.Debug|x64.Build.0 = Debug|Any CPU
		{DDF89A7A-5CC9-4243-98E4-462860D5D963}.Debug|x86.ActiveCfg = Debug|Any CPU
		{DDF89A7A-5CC9-4243-98E4-462860D5D963}.Debug|x86.Build.0 = Debug|Any CPU
		{DDF89A7A-5CC9-4243-98E4-462860D5D963}.Release|Any CPU.ActiveCfg = Release|Any CPU
		{DDF89A7A-5CC9-4243-98E4-462860D5D963}.Release|Any CPU.Build.0 = Release|Any CPU
		{DDF89A7A-5CC9-4243-98E4-462860D5D963}.Release|ARM.ActiveCfg = Release|Any CPU
		{DDF89A7A-5CC9-4243-98E4-462860D5D963}.Release|ARM.Build.0 = Release|Any CPU
		{DDF89A7A-5CC9-4243-98E4-462860D5D963}.Release|iPhone.ActiveCfg = Release|Any CPU
		{DDF89A7A-5CC9-4243-98E4-462860D5D963}.Release|iPhone.Build.0 = Release|Any CPU
		{DDF89A7A-5CC9-4243-98E4-462860D5D963}.Release|iPhoneSimulator.ActiveCfg = Release|Any CPU
		{DDF89A7A-5CC9-4243-98E4-462860D5D963}.Release|iPhoneSimulator.Build.0 = Release|Any CPU
		{DDF89A7A-5CC9-4243-98E4-462860D5D963}.Release|Mixed Platforms.ActiveCfg = Release|Any CPU
		{DDF89A7A-5CC9-4243-98E4-462860D5D963}.Release|Mixed Platforms.Build.0 = Release|Any CPU
		{DDF89A7A-5CC9-4243-98E4-462860D5D963}.Release|x64.ActiveCfg = Release|Any CPU
		{DDF89A7A-5CC9-4243-98E4-462860D5D963}.Release|x64.Build.0 = Release|Any CPU
		{DDF89A7A-5CC9-4243-98E4-462860D5D963}.Release|x86.ActiveCfg = Release|Any CPU
		{DDF89A7A-5CC9-4243-98E4-462860D5D963}.Release|x86.Build.0 = Release|Any CPU
		{C11F6165-6142-476F-83F1-CFEBC330C769}.Ad-Hoc|Any CPU.ActiveCfg = Debug|Any CPU
		{C11F6165-6142-476F-83F1-CFEBC330C769}.Ad-Hoc|Any CPU.Build.0 = Debug|Any CPU
		{C11F6165-6142-476F-83F1-CFEBC330C769}.Ad-Hoc|ARM.ActiveCfg = Debug|Any CPU
		{C11F6165-6142-476F-83F1-CFEBC330C769}.Ad-Hoc|ARM.Build.0 = Debug|Any CPU
		{C11F6165-6142-476F-83F1-CFEBC330C769}.Ad-Hoc|iPhone.ActiveCfg = Debug|Any CPU
		{C11F6165-6142-476F-83F1-CFEBC330C769}.Ad-Hoc|iPhone.Build.0 = Debug|Any CPU
		{C11F6165-6142-476F-83F1-CFEBC330C769}.Ad-Hoc|iPhoneSimulator.ActiveCfg = Debug|Any CPU
		{C11F6165-6142-476F-83F1-CFEBC330C769}.Ad-Hoc|iPhoneSimulator.Build.0 = Debug|Any CPU
		{C11F6165-6142-476F-83F1-CFEBC330C769}.Ad-Hoc|Mixed Platforms.ActiveCfg = Debug|Any CPU
		{C11F6165-6142-476F-83F1-CFEBC330C769}.Ad-Hoc|Mixed Platforms.Build.0 = Debug|Any CPU
		{C11F6165-6142-476F-83F1-CFEBC330C769}.Ad-Hoc|x64.ActiveCfg = Debug|Any CPU
		{C11F6165-6142-476F-83F1-CFEBC330C769}.Ad-Hoc|x64.Build.0 = Debug|Any CPU
		{C11F6165-6142-476F-83F1-CFEBC330C769}.Ad-Hoc|x86.ActiveCfg = Debug|Any CPU
		{C11F6165-6142-476F-83F1-CFEBC330C769}.Ad-Hoc|x86.Build.0 = Debug|Any CPU
		{C11F6165-6142-476F-83F1-CFEBC330C769}.AppStore|Any CPU.ActiveCfg = Debug|Any CPU
		{C11F6165-6142-476F-83F1-CFEBC330C769}.AppStore|Any CPU.Build.0 = Debug|Any CPU
		{C11F6165-6142-476F-83F1-CFEBC330C769}.AppStore|ARM.ActiveCfg = Debug|Any CPU
		{C11F6165-6142-476F-83F1-CFEBC330C769}.AppStore|ARM.Build.0 = Debug|Any CPU
		{C11F6165-6142-476F-83F1-CFEBC330C769}.AppStore|iPhone.ActiveCfg = Debug|Any CPU
		{C11F6165-6142-476F-83F1-CFEBC330C769}.AppStore|iPhone.Build.0 = Debug|Any CPU
		{C11F6165-6142-476F-83F1-CFEBC330C769}.AppStore|iPhoneSimulator.ActiveCfg = Debug|Any CPU
		{C11F6165-6142-476F-83F1-CFEBC330C769}.AppStore|iPhoneSimulator.Build.0 = Debug|Any CPU
		{C11F6165-6142-476F-83F1-CFEBC330C769}.AppStore|Mixed Platforms.ActiveCfg = Debug|Any CPU
		{C11F6165-6142-476F-83F1-CFEBC330C769}.AppStore|Mixed Platforms.Build.0 = Debug|Any CPU
		{C11F6165-6142-476F-83F1-CFEBC330C769}.AppStore|x64.ActiveCfg = Debug|Any CPU
		{C11F6165-6142-476F-83F1-CFEBC330C769}.AppStore|x64.Build.0 = Debug|Any CPU
		{C11F6165-6142-476F-83F1-CFEBC330C769}.AppStore|x86.ActiveCfg = Debug|Any CPU
		{C11F6165-6142-476F-83F1-CFEBC330C769}.AppStore|x86.Build.0 = Debug|Any CPU
		{C11F6165-6142-476F-83F1-CFEBC330C769}.Debug|Any CPU.ActiveCfg = Debug|Any CPU
		{C11F6165-6142-476F-83F1-CFEBC330C769}.Debug|Any CPU.Build.0 = Debug|Any CPU
		{C11F6165-6142-476F-83F1-CFEBC330C769}.Debug|ARM.ActiveCfg = Debug|Any CPU
		{C11F6165-6142-476F-83F1-CFEBC330C769}.Debug|ARM.Build.0 = Debug|Any CPU
		{C11F6165-6142-476F-83F1-CFEBC330C769}.Debug|iPhone.ActiveCfg = Debug|Any CPU
		{C11F6165-6142-476F-83F1-CFEBC330C769}.Debug|iPhone.Build.0 = Debug|Any CPU
		{C11F6165-6142-476F-83F1-CFEBC330C769}.Debug|iPhoneSimulator.ActiveCfg = Debug|Any CPU
		{C11F6165-6142-476F-83F1-CFEBC330C769}.Debug|iPhoneSimulator.Build.0 = Debug|Any CPU
		{C11F6165-6142-476F-83F1-CFEBC330C769}.Debug|Mixed Platforms.ActiveCfg = Debug|Any CPU
		{C11F6165-6142-476F-83F1-CFEBC330C769}.Debug|Mixed Platforms.Build.0 = Debug|Any CPU
		{C11F6165-6142-476F-83F1-CFEBC330C769}.Debug|x64.ActiveCfg = Debug|Any CPU
		{C11F6165-6142-476F-83F1-CFEBC330C769}.Debug|x64.Build.0 = Debug|Any CPU
		{C11F6165-6142-476F-83F1-CFEBC330C769}.Debug|x86.ActiveCfg = Debug|Any CPU
		{C11F6165-6142-476F-83F1-CFEBC330C769}.Debug|x86.Build.0 = Debug|Any CPU
		{C11F6165-6142-476F-83F1-CFEBC330C769}.Release|Any CPU.ActiveCfg = Release|Any CPU
		{C11F6165-6142-476F-83F1-CFEBC330C769}.Release|Any CPU.Build.0 = Release|Any CPU
		{C11F6165-6142-476F-83F1-CFEBC330C769}.Release|ARM.ActiveCfg = Release|Any CPU
		{C11F6165-6142-476F-83F1-CFEBC330C769}.Release|ARM.Build.0 = Release|Any CPU
		{C11F6165-6142-476F-83F1-CFEBC330C769}.Release|iPhone.ActiveCfg = Release|Any CPU
		{C11F6165-6142-476F-83F1-CFEBC330C769}.Release|iPhone.Build.0 = Release|Any CPU
		{C11F6165-6142-476F-83F1-CFEBC330C769}.Release|iPhoneSimulator.ActiveCfg = Release|Any CPU
		{C11F6165-6142-476F-83F1-CFEBC330C769}.Release|iPhoneSimulator.Build.0 = Release|Any CPU
		{C11F6165-6142-476F-83F1-CFEBC330C769}.Release|Mixed Platforms.ActiveCfg = Release|Any CPU
		{C11F6165-6142-476F-83F1-CFEBC330C769}.Release|Mixed Platforms.Build.0 = Release|Any CPU
		{C11F6165-6142-476F-83F1-CFEBC330C769}.Release|x64.ActiveCfg = Release|Any CPU
		{C11F6165-6142-476F-83F1-CFEBC330C769}.Release|x64.Build.0 = Release|Any CPU
		{C11F6165-6142-476F-83F1-CFEBC330C769}.Release|x86.ActiveCfg = Release|Any CPU
		{C11F6165-6142-476F-83F1-CFEBC330C769}.Release|x86.Build.0 = Release|Any CPU
		{84A9E530-93D7-4108-9887-690127F70AF5}.Ad-Hoc|Any CPU.ActiveCfg = Debug|Any CPU
		{84A9E530-93D7-4108-9887-690127F70AF5}.Ad-Hoc|Any CPU.Build.0 = Debug|Any CPU
		{84A9E530-93D7-4108-9887-690127F70AF5}.Ad-Hoc|ARM.ActiveCfg = Debug|Any CPU
		{84A9E530-93D7-4108-9887-690127F70AF5}.Ad-Hoc|ARM.Build.0 = Debug|Any CPU
		{84A9E530-93D7-4108-9887-690127F70AF5}.Ad-Hoc|iPhone.ActiveCfg = Debug|Any CPU
		{84A9E530-93D7-4108-9887-690127F70AF5}.Ad-Hoc|iPhone.Build.0 = Debug|Any CPU
		{84A9E530-93D7-4108-9887-690127F70AF5}.Ad-Hoc|iPhoneSimulator.ActiveCfg = Debug|Any CPU
		{84A9E530-93D7-4108-9887-690127F70AF5}.Ad-Hoc|iPhoneSimulator.Build.0 = Debug|Any CPU
		{84A9E530-93D7-4108-9887-690127F70AF5}.Ad-Hoc|Mixed Platforms.ActiveCfg = Debug|Any CPU
		{84A9E530-93D7-4108-9887-690127F70AF5}.Ad-Hoc|Mixed Platforms.Build.0 = Debug|Any CPU
		{84A9E530-93D7-4108-9887-690127F70AF5}.Ad-Hoc|x64.ActiveCfg = Debug|Any CPU
		{84A9E530-93D7-4108-9887-690127F70AF5}.Ad-Hoc|x64.Build.0 = Debug|Any CPU
		{84A9E530-93D7-4108-9887-690127F70AF5}.Ad-Hoc|x86.ActiveCfg = Debug|Any CPU
		{84A9E530-93D7-4108-9887-690127F70AF5}.Ad-Hoc|x86.Build.0 = Debug|Any CPU
		{84A9E530-93D7-4108-9887-690127F70AF5}.AppStore|Any CPU.ActiveCfg = Debug|Any CPU
		{84A9E530-93D7-4108-9887-690127F70AF5}.AppStore|Any CPU.Build.0 = Debug|Any CPU
		{84A9E530-93D7-4108-9887-690127F70AF5}.AppStore|ARM.ActiveCfg = Debug|Any CPU
		{84A9E530-93D7-4108-9887-690127F70AF5}.AppStore|ARM.Build.0 = Debug|Any CPU
		{84A9E530-93D7-4108-9887-690127F70AF5}.AppStore|iPhone.ActiveCfg = Debug|Any CPU
		{84A9E530-93D7-4108-9887-690127F70AF5}.AppStore|iPhone.Build.0 = Debug|Any CPU
		{84A9E530-93D7-4108-9887-690127F70AF5}.AppStore|iPhoneSimulator.ActiveCfg = Debug|Any CPU
		{84A9E530-93D7-4108-9887-690127F70AF5}.AppStore|iPhoneSimulator.Build.0 = Debug|Any CPU
		{84A9E530-93D7-4108-9887-690127F70AF5}.AppStore|Mixed Platforms.ActiveCfg = Debug|Any CPU
		{84A9E530-93D7-4108-9887-690127F70AF5}.AppStore|Mixed Platforms.Build.0 = Debug|Any CPU
		{84A9E530-93D7-4108-9887-690127F70AF5}.AppStore|x64.ActiveCfg = Debug|Any CPU
		{84A9E530-93D7-4108-9887-690127F70AF5}.AppStore|x64.Build.0 = Debug|Any CPU
		{84A9E530-93D7-4108-9887-690127F70AF5}.AppStore|x86.ActiveCfg = Debug|Any CPU
		{84A9E530-93D7-4108-9887-690127F70AF5}.AppStore|x86.Build.0 = Debug|Any CPU
		{84A9E530-93D7-4108-9887-690127F70AF5}.Debug|Any CPU.ActiveCfg = Debug|Any CPU
		{84A9E530-93D7-4108-9887-690127F70AF5}.Debug|Any CPU.Build.0 = Debug|Any CPU
		{84A9E530-93D7-4108-9887-690127F70AF5}.Debug|ARM.ActiveCfg = Debug|Any CPU
		{84A9E530-93D7-4108-9887-690127F70AF5}.Debug|ARM.Build.0 = Debug|Any CPU
		{84A9E530-93D7-4108-9887-690127F70AF5}.Debug|iPhone.ActiveCfg = Debug|Any CPU
		{84A9E530-93D7-4108-9887-690127F70AF5}.Debug|iPhone.Build.0 = Debug|Any CPU
		{84A9E530-93D7-4108-9887-690127F70AF5}.Debug|iPhoneSimulator.ActiveCfg = Debug|Any CPU
		{84A9E530-93D7-4108-9887-690127F70AF5}.Debug|iPhoneSimulator.Build.0 = Debug|Any CPU
		{84A9E530-93D7-4108-9887-690127F70AF5}.Debug|Mixed Platforms.ActiveCfg = Debug|Any CPU
		{84A9E530-93D7-4108-9887-690127F70AF5}.Debug|Mixed Platforms.Build.0 = Debug|Any CPU
		{84A9E530-93D7-4108-9887-690127F70AF5}.Debug|x64.ActiveCfg = Debug|Any CPU
		{84A9E530-93D7-4108-9887-690127F70AF5}.Debug|x64.Build.0 = Debug|Any CPU
		{84A9E530-93D7-4108-9887-690127F70AF5}.Debug|x86.ActiveCfg = Debug|Any CPU
		{84A9E530-93D7-4108-9887-690127F70AF5}.Debug|x86.Build.0 = Debug|Any CPU
		{84A9E530-93D7-4108-9887-690127F70AF5}.Release|Any CPU.ActiveCfg = Release|Any CPU
		{84A9E530-93D7-4108-9887-690127F70AF5}.Release|Any CPU.Build.0 = Release|Any CPU
		{84A9E530-93D7-4108-9887-690127F70AF5}.Release|ARM.ActiveCfg = Release|Any CPU
		{84A9E530-93D7-4108-9887-690127F70AF5}.Release|ARM.Build.0 = Release|Any CPU
		{84A9E530-93D7-4108-9887-690127F70AF5}.Release|iPhone.ActiveCfg = Release|Any CPU
		{84A9E530-93D7-4108-9887-690127F70AF5}.Release|iPhone.Build.0 = Release|Any CPU
		{84A9E530-93D7-4108-9887-690127F70AF5}.Release|iPhoneSimulator.ActiveCfg = Release|Any CPU
		{84A9E530-93D7-4108-9887-690127F70AF5}.Release|iPhoneSimulator.Build.0 = Release|Any CPU
		{84A9E530-93D7-4108-9887-690127F70AF5}.Release|Mixed Platforms.ActiveCfg = Release|Any CPU
		{84A9E530-93D7-4108-9887-690127F70AF5}.Release|Mixed Platforms.Build.0 = Release|Any CPU
		{84A9E530-93D7-4108-9887-690127F70AF5}.Release|x64.ActiveCfg = Release|Any CPU
		{84A9E530-93D7-4108-9887-690127F70AF5}.Release|x64.Build.0 = Release|Any CPU
		{84A9E530-93D7-4108-9887-690127F70AF5}.Release|x86.ActiveCfg = Release|Any CPU
		{84A9E530-93D7-4108-9887-690127F70AF5}.Release|x86.Build.0 = Release|Any CPU
		{B311B0EC-CEF3-45E6-BA7A-EC6AB58E7E7D}.Ad-Hoc|Any CPU.ActiveCfg = Debug|Any CPU
		{B311B0EC-CEF3-45E6-BA7A-EC6AB58E7E7D}.Ad-Hoc|Any CPU.Build.0 = Debug|Any CPU
		{B311B0EC-CEF3-45E6-BA7A-EC6AB58E7E7D}.Ad-Hoc|ARM.ActiveCfg = Debug|Any CPU
		{B311B0EC-CEF3-45E6-BA7A-EC6AB58E7E7D}.Ad-Hoc|ARM.Build.0 = Debug|Any CPU
		{B311B0EC-CEF3-45E6-BA7A-EC6AB58E7E7D}.Ad-Hoc|iPhone.ActiveCfg = Debug|Any CPU
		{B311B0EC-CEF3-45E6-BA7A-EC6AB58E7E7D}.Ad-Hoc|iPhone.Build.0 = Debug|Any CPU
		{B311B0EC-CEF3-45E6-BA7A-EC6AB58E7E7D}.Ad-Hoc|iPhoneSimulator.ActiveCfg = Debug|Any CPU
		{B311B0EC-CEF3-45E6-BA7A-EC6AB58E7E7D}.Ad-Hoc|iPhoneSimulator.Build.0 = Debug|Any CPU
		{B311B0EC-CEF3-45E6-BA7A-EC6AB58E7E7D}.Ad-Hoc|Mixed Platforms.ActiveCfg = Debug|Any CPU
		{B311B0EC-CEF3-45E6-BA7A-EC6AB58E7E7D}.Ad-Hoc|Mixed Platforms.Build.0 = Debug|Any CPU
		{B311B0EC-CEF3-45E6-BA7A-EC6AB58E7E7D}.Ad-Hoc|x64.ActiveCfg = Debug|Any CPU
		{B311B0EC-CEF3-45E6-BA7A-EC6AB58E7E7D}.Ad-Hoc|x64.Build.0 = Debug|Any CPU
		{B311B0EC-CEF3-45E6-BA7A-EC6AB58E7E7D}.Ad-Hoc|x86.ActiveCfg = Debug|Any CPU
		{B311B0EC-CEF3-45E6-BA7A-EC6AB58E7E7D}.Ad-Hoc|x86.Build.0 = Debug|Any CPU
		{B311B0EC-CEF3-45E6-BA7A-EC6AB58E7E7D}.AppStore|Any CPU.ActiveCfg = Debug|Any CPU
		{B311B0EC-CEF3-45E6-BA7A-EC6AB58E7E7D}.AppStore|Any CPU.Build.0 = Debug|Any CPU
		{B311B0EC-CEF3-45E6-BA7A-EC6AB58E7E7D}.AppStore|ARM.ActiveCfg = Debug|Any CPU
		{B311B0EC-CEF3-45E6-BA7A-EC6AB58E7E7D}.AppStore|ARM.Build.0 = Debug|Any CPU
		{B311B0EC-CEF3-45E6-BA7A-EC6AB58E7E7D}.AppStore|iPhone.ActiveCfg = Debug|Any CPU
		{B311B0EC-CEF3-45E6-BA7A-EC6AB58E7E7D}.AppStore|iPhone.Build.0 = Debug|Any CPU
		{B311B0EC-CEF3-45E6-BA7A-EC6AB58E7E7D}.AppStore|iPhoneSimulator.ActiveCfg = Debug|Any CPU
		{B311B0EC-CEF3-45E6-BA7A-EC6AB58E7E7D}.AppStore|iPhoneSimulator.Build.0 = Debug|Any CPU
		{B311B0EC-CEF3-45E6-BA7A-EC6AB58E7E7D}.AppStore|Mixed Platforms.ActiveCfg = Debug|Any CPU
		{B311B0EC-CEF3-45E6-BA7A-EC6AB58E7E7D}.AppStore|Mixed Platforms.Build.0 = Debug|Any CPU
		{B311B0EC-CEF3-45E6-BA7A-EC6AB58E7E7D}.AppStore|x64.ActiveCfg = Debug|Any CPU
		{B311B0EC-CEF3-45E6-BA7A-EC6AB58E7E7D}.AppStore|x64.Build.0 = Debug|Any CPU
		{B311B0EC-CEF3-45E6-BA7A-EC6AB58E7E7D}.AppStore|x86.ActiveCfg = Debug|Any CPU
		{B311B0EC-CEF3-45E6-BA7A-EC6AB58E7E7D}.AppStore|x86.Build.0 = Debug|Any CPU
		{B311B0EC-CEF3-45E6-BA7A-EC6AB58E7E7D}.Debug|Any CPU.ActiveCfg = Debug|Any CPU
		{B311B0EC-CEF3-45E6-BA7A-EC6AB58E7E7D}.Debug|Any CPU.Build.0 = Debug|Any CPU
		{B311B0EC-CEF3-45E6-BA7A-EC6AB58E7E7D}.Debug|ARM.ActiveCfg = Debug|Any CPU
		{B311B0EC-CEF3-45E6-BA7A-EC6AB58E7E7D}.Debug|ARM.Build.0 = Debug|Any CPU
		{B311B0EC-CEF3-45E6-BA7A-EC6AB58E7E7D}.Debug|iPhone.ActiveCfg = Debug|Any CPU
		{B311B0EC-CEF3-45E6-BA7A-EC6AB58E7E7D}.Debug|iPhone.Build.0 = Debug|Any CPU
		{B311B0EC-CEF3-45E6-BA7A-EC6AB58E7E7D}.Debug|iPhoneSimulator.ActiveCfg = Debug|Any CPU
		{B311B0EC-CEF3-45E6-BA7A-EC6AB58E7E7D}.Debug|iPhoneSimulator.Build.0 = Debug|Any CPU
		{B311B0EC-CEF3-45E6-BA7A-EC6AB58E7E7D}.Debug|Mixed Platforms.ActiveCfg = Debug|Any CPU
		{B311B0EC-CEF3-45E6-BA7A-EC6AB58E7E7D}.Debug|Mixed Platforms.Build.0 = Debug|Any CPU
		{B311B0EC-CEF3-45E6-BA7A-EC6AB58E7E7D}.Debug|x64.ActiveCfg = Debug|Any CPU
		{B311B0EC-CEF3-45E6-BA7A-EC6AB58E7E7D}.Debug|x64.Build.0 = Debug|Any CPU
		{B311B0EC-CEF3-45E6-BA7A-EC6AB58E7E7D}.Debug|x86.ActiveCfg = Debug|Any CPU
		{B311B0EC-CEF3-45E6-BA7A-EC6AB58E7E7D}.Debug|x86.Build.0 = Debug|Any CPU
		{B311B0EC-CEF3-45E6-BA7A-EC6AB58E7E7D}.Release|Any CPU.ActiveCfg = Release|Any CPU
		{B311B0EC-CEF3-45E6-BA7A-EC6AB58E7E7D}.Release|Any CPU.Build.0 = Release|Any CPU
		{B311B0EC-CEF3-45E6-BA7A-EC6AB58E7E7D}.Release|ARM.ActiveCfg = Release|Any CPU
		{B311B0EC-CEF3-45E6-BA7A-EC6AB58E7E7D}.Release|ARM.Build.0 = Release|Any CPU
		{B311B0EC-CEF3-45E6-BA7A-EC6AB58E7E7D}.Release|iPhone.ActiveCfg = Release|Any CPU
		{B311B0EC-CEF3-45E6-BA7A-EC6AB58E7E7D}.Release|iPhone.Build.0 = Release|Any CPU
		{B311B0EC-CEF3-45E6-BA7A-EC6AB58E7E7D}.Release|iPhoneSimulator.ActiveCfg = Release|Any CPU
		{B311B0EC-CEF3-45E6-BA7A-EC6AB58E7E7D}.Release|iPhoneSimulator.Build.0 = Release|Any CPU
		{B311B0EC-CEF3-45E6-BA7A-EC6AB58E7E7D}.Release|Mixed Platforms.ActiveCfg = Release|Any CPU
		{B311B0EC-CEF3-45E6-BA7A-EC6AB58E7E7D}.Release|Mixed Platforms.Build.0 = Release|Any CPU
		{B311B0EC-CEF3-45E6-BA7A-EC6AB58E7E7D}.Release|x64.ActiveCfg = Release|Any CPU
		{B311B0EC-CEF3-45E6-BA7A-EC6AB58E7E7D}.Release|x64.Build.0 = Release|Any CPU
		{B311B0EC-CEF3-45E6-BA7A-EC6AB58E7E7D}.Release|x86.ActiveCfg = Release|Any CPU
		{B311B0EC-CEF3-45E6-BA7A-EC6AB58E7E7D}.Release|x86.Build.0 = Release|Any CPU
		{2ADE0A50-5012-4341-8F4F-97597C2D6920}.Ad-Hoc|Any CPU.ActiveCfg = Debug|Any CPU
		{2ADE0A50-5012-4341-8F4F-97597C2D6920}.Ad-Hoc|Any CPU.Build.0 = Debug|Any CPU
		{2ADE0A50-5012-4341-8F4F-97597C2D6920}.Ad-Hoc|ARM.ActiveCfg = Debug|Any CPU
		{2ADE0A50-5012-4341-8F4F-97597C2D6920}.Ad-Hoc|ARM.Build.0 = Debug|Any CPU
		{2ADE0A50-5012-4341-8F4F-97597C2D6920}.Ad-Hoc|iPhone.ActiveCfg = Debug|Any CPU
		{2ADE0A50-5012-4341-8F4F-97597C2D6920}.Ad-Hoc|iPhone.Build.0 = Debug|Any CPU
		{2ADE0A50-5012-4341-8F4F-97597C2D6920}.Ad-Hoc|iPhoneSimulator.ActiveCfg = Debug|Any CPU
		{2ADE0A50-5012-4341-8F4F-97597C2D6920}.Ad-Hoc|iPhoneSimulator.Build.0 = Debug|Any CPU
		{2ADE0A50-5012-4341-8F4F-97597C2D6920}.Ad-Hoc|Mixed Platforms.ActiveCfg = Debug|Any CPU
		{2ADE0A50-5012-4341-8F4F-97597C2D6920}.Ad-Hoc|Mixed Platforms.Build.0 = Debug|Any CPU
		{2ADE0A50-5012-4341-8F4F-97597C2D6920}.Ad-Hoc|x64.ActiveCfg = Debug|Any CPU
		{2ADE0A50-5012-4341-8F4F-97597C2D6920}.Ad-Hoc|x64.Build.0 = Debug|Any CPU
		{2ADE0A50-5012-4341-8F4F-97597C2D6920}.Ad-Hoc|x86.ActiveCfg = Debug|Any CPU
		{2ADE0A50-5012-4341-8F4F-97597C2D6920}.Ad-Hoc|x86.Build.0 = Debug|Any CPU
		{2ADE0A50-5012-4341-8F4F-97597C2D6920}.AppStore|Any CPU.ActiveCfg = Debug|Any CPU
		{2ADE0A50-5012-4341-8F4F-97597C2D6920}.AppStore|Any CPU.Build.0 = Debug|Any CPU
		{2ADE0A50-5012-4341-8F4F-97597C2D6920}.AppStore|ARM.ActiveCfg = Debug|Any CPU
		{2ADE0A50-5012-4341-8F4F-97597C2D6920}.AppStore|ARM.Build.0 = Debug|Any CPU
		{2ADE0A50-5012-4341-8F4F-97597C2D6920}.AppStore|iPhone.ActiveCfg = Debug|Any CPU
		{2ADE0A50-5012-4341-8F4F-97597C2D6920}.AppStore|iPhone.Build.0 = Debug|Any CPU
		{2ADE0A50-5012-4341-8F4F-97597C2D6920}.AppStore|iPhoneSimulator.ActiveCfg = Debug|Any CPU
		{2ADE0A50-5012-4341-8F4F-97597C2D6920}.AppStore|iPhoneSimulator.Build.0 = Debug|Any CPU
		{2ADE0A50-5012-4341-8F4F-97597C2D6920}.AppStore|Mixed Platforms.ActiveCfg = Debug|Any CPU
		{2ADE0A50-5012-4341-8F4F-97597C2D6920}.AppStore|Mixed Platforms.Build.0 = Debug|Any CPU
		{2ADE0A50-5012-4341-8F4F-97597C2D6920}.AppStore|x64.ActiveCfg = Debug|Any CPU
		{2ADE0A50-5012-4341-8F4F-97597C2D6920}.AppStore|x64.Build.0 = Debug|Any CPU
		{2ADE0A50-5012-4341-8F4F-97597C2D6920}.AppStore|x86.ActiveCfg = Debug|Any CPU
		{2ADE0A50-5012-4341-8F4F-97597C2D6920}.AppStore|x86.Build.0 = Debug|Any CPU
		{2ADE0A50-5012-4341-8F4F-97597C2D6920}.Debug|Any CPU.ActiveCfg = Debug|Any CPU
		{2ADE0A50-5012-4341-8F4F-97597C2D6920}.Debug|Any CPU.Build.0 = Debug|Any CPU
		{2ADE0A50-5012-4341-8F4F-97597C2D6920}.Debug|ARM.ActiveCfg = Debug|Any CPU
		{2ADE0A50-5012-4341-8F4F-97597C2D6920}.Debug|ARM.Build.0 = Debug|Any CPU
		{2ADE0A50-5012-4341-8F4F-97597C2D6920}.Debug|iPhone.ActiveCfg = Debug|Any CPU
		{2ADE0A50-5012-4341-8F4F-97597C2D6920}.Debug|iPhone.Build.0 = Debug|Any CPU
		{2ADE0A50-5012-4341-8F4F-97597C2D6920}.Debug|iPhoneSimulator.ActiveCfg = Debug|Any CPU
		{2ADE0A50-5012-4341-8F4F-97597C2D6920}.Debug|iPhoneSimulator.Build.0 = Debug|Any CPU
		{2ADE0A50-5012-4341-8F4F-97597C2D6920}.Debug|Mixed Platforms.ActiveCfg = Debug|Any CPU
		{2ADE0A50-5012-4341-8F4F-97597C2D6920}.Debug|Mixed Platforms.Build.0 = Debug|Any CPU
		{2ADE0A50-5012-4341-8F4F-97597C2D6920}.Debug|x64.ActiveCfg = Debug|Any CPU
		{2ADE0A50-5012-4341-8F4F-97597C2D6920}.Debug|x64.Build.0 = Debug|Any CPU
		{2ADE0A50-5012-4341-8F4F-97597C2D6920}.Debug|x86.ActiveCfg = Debug|Any CPU
		{2ADE0A50-5012-4341-8F4F-97597C2D6920}.Debug|x86.Build.0 = Debug|Any CPU
		{2ADE0A50-5012-4341-8F4F-97597C2D6920}.Release|Any CPU.ActiveCfg = Release|Any CPU
		{2ADE0A50-5012-4341-8F4F-97597C2D6920}.Release|Any CPU.Build.0 = Release|Any CPU
		{2ADE0A50-5012-4341-8F4F-97597C2D6920}.Release|ARM.ActiveCfg = Release|Any CPU
		{2ADE0A50-5012-4341-8F4F-97597C2D6920}.Release|ARM.Build.0 = Release|Any CPU
		{2ADE0A50-5012-4341-8F4F-97597C2D6920}.Release|iPhone.ActiveCfg = Release|Any CPU
		{2ADE0A50-5012-4341-8F4F-97597C2D6920}.Release|iPhone.Build.0 = Release|Any CPU
		{2ADE0A50-5012-4341-8F4F-97597C2D6920}.Release|iPhoneSimulator.ActiveCfg = Release|Any CPU
		{2ADE0A50-5012-4341-8F4F-97597C2D6920}.Release|iPhoneSimulator.Build.0 = Release|Any CPU
		{2ADE0A50-5012-4341-8F4F-97597C2D6920}.Release|Mixed Platforms.ActiveCfg = Release|Any CPU
		{2ADE0A50-5012-4341-8F4F-97597C2D6920}.Release|Mixed Platforms.Build.0 = Release|Any CPU
		{2ADE0A50-5012-4341-8F4F-97597C2D6920}.Release|x64.ActiveCfg = Release|Any CPU
		{2ADE0A50-5012-4341-8F4F-97597C2D6920}.Release|x64.Build.0 = Release|Any CPU
		{2ADE0A50-5012-4341-8F4F-97597C2D6920}.Release|x86.ActiveCfg = Release|Any CPU
		{2ADE0A50-5012-4341-8F4F-97597C2D6920}.Release|x86.Build.0 = Release|Any CPU
		{9B53B0DB-63ED-45D7-9180-DD893E99A2B5}.Ad-Hoc|Any CPU.ActiveCfg = Release|Any CPU
		{9B53B0DB-63ED-45D7-9180-DD893E99A2B5}.Ad-Hoc|Any CPU.Build.0 = Release|Any CPU
		{9B53B0DB-63ED-45D7-9180-DD893E99A2B5}.Ad-Hoc|ARM.ActiveCfg = Release|Any CPU
		{9B53B0DB-63ED-45D7-9180-DD893E99A2B5}.Ad-Hoc|ARM.Build.0 = Release|Any CPU
		{9B53B0DB-63ED-45D7-9180-DD893E99A2B5}.Ad-Hoc|iPhone.ActiveCfg = Release|Any CPU
		{9B53B0DB-63ED-45D7-9180-DD893E99A2B5}.Ad-Hoc|iPhone.Build.0 = Release|Any CPU
		{9B53B0DB-63ED-45D7-9180-DD893E99A2B5}.Ad-Hoc|iPhoneSimulator.ActiveCfg = Release|Any CPU
		{9B53B0DB-63ED-45D7-9180-DD893E99A2B5}.Ad-Hoc|iPhoneSimulator.Build.0 = Release|Any CPU
		{9B53B0DB-63ED-45D7-9180-DD893E99A2B5}.Ad-Hoc|Mixed Platforms.ActiveCfg = Release|Any CPU
		{9B53B0DB-63ED-45D7-9180-DD893E99A2B5}.Ad-Hoc|Mixed Platforms.Build.0 = Release|Any CPU
		{9B53B0DB-63ED-45D7-9180-DD893E99A2B5}.Ad-Hoc|x64.ActiveCfg = Release|Any CPU
		{9B53B0DB-63ED-45D7-9180-DD893E99A2B5}.Ad-Hoc|x64.Build.0 = Release|Any CPU
		{9B53B0DB-63ED-45D7-9180-DD893E99A2B5}.Ad-Hoc|x86.ActiveCfg = Release|Any CPU
		{9B53B0DB-63ED-45D7-9180-DD893E99A2B5}.Ad-Hoc|x86.Build.0 = Release|Any CPU
		{9B53B0DB-63ED-45D7-9180-DD893E99A2B5}.AppStore|Any CPU.ActiveCfg = Release|Any CPU
		{9B53B0DB-63ED-45D7-9180-DD893E99A2B5}.AppStore|Any CPU.Build.0 = Release|Any CPU
		{9B53B0DB-63ED-45D7-9180-DD893E99A2B5}.AppStore|ARM.ActiveCfg = Release|Any CPU
		{9B53B0DB-63ED-45D7-9180-DD893E99A2B5}.AppStore|ARM.Build.0 = Release|Any CPU
		{9B53B0DB-63ED-45D7-9180-DD893E99A2B5}.AppStore|iPhone.ActiveCfg = Release|Any CPU
		{9B53B0DB-63ED-45D7-9180-DD893E99A2B5}.AppStore|iPhone.Build.0 = Release|Any CPU
		{9B53B0DB-63ED-45D7-9180-DD893E99A2B5}.AppStore|iPhoneSimulator.ActiveCfg = Release|Any CPU
		{9B53B0DB-63ED-45D7-9180-DD893E99A2B5}.AppStore|iPhoneSimulator.Build.0 = Release|Any CPU
		{9B53B0DB-63ED-45D7-9180-DD893E99A2B5}.AppStore|Mixed Platforms.ActiveCfg = Release|Any CPU
		{9B53B0DB-63ED-45D7-9180-DD893E99A2B5}.AppStore|Mixed Platforms.Build.0 = Release|Any CPU
		{9B53B0DB-63ED-45D7-9180-DD893E99A2B5}.AppStore|x64.ActiveCfg = Release|Any CPU
		{9B53B0DB-63ED-45D7-9180-DD893E99A2B5}.AppStore|x64.Build.0 = Release|Any CPU
		{9B53B0DB-63ED-45D7-9180-DD893E99A2B5}.AppStore|x86.ActiveCfg = Release|Any CPU
		{9B53B0DB-63ED-45D7-9180-DD893E99A2B5}.AppStore|x86.Build.0 = Release|Any CPU
		{9B53B0DB-63ED-45D7-9180-DD893E99A2B5}.Debug|Any CPU.ActiveCfg = Debug|Any CPU
		{9B53B0DB-63ED-45D7-9180-DD893E99A2B5}.Debug|Any CPU.Build.0 = Debug|Any CPU
		{9B53B0DB-63ED-45D7-9180-DD893E99A2B5}.Debug|ARM.ActiveCfg = Debug|Any CPU
		{9B53B0DB-63ED-45D7-9180-DD893E99A2B5}.Debug|ARM.Build.0 = Debug|Any CPU
		{9B53B0DB-63ED-45D7-9180-DD893E99A2B5}.Debug|iPhone.ActiveCfg = Debug|Any CPU
		{9B53B0DB-63ED-45D7-9180-DD893E99A2B5}.Debug|iPhone.Build.0 = Debug|Any CPU
		{9B53B0DB-63ED-45D7-9180-DD893E99A2B5}.Debug|iPhoneSimulator.ActiveCfg = Debug|Any CPU
		{9B53B0DB-63ED-45D7-9180-DD893E99A2B5}.Debug|iPhoneSimulator.Build.0 = Debug|Any CPU
		{9B53B0DB-63ED-45D7-9180-DD893E99A2B5}.Debug|Mixed Platforms.ActiveCfg = Debug|Any CPU
		{9B53B0DB-63ED-45D7-9180-DD893E99A2B5}.Debug|Mixed Platforms.Build.0 = Debug|Any CPU
		{9B53B0DB-63ED-45D7-9180-DD893E99A2B5}.Debug|x64.ActiveCfg = Debug|Any CPU
		{9B53B0DB-63ED-45D7-9180-DD893E99A2B5}.Debug|x64.Build.0 = Debug|Any CPU
		{9B53B0DB-63ED-45D7-9180-DD893E99A2B5}.Debug|x86.ActiveCfg = Debug|Any CPU
		{9B53B0DB-63ED-45D7-9180-DD893E99A2B5}.Debug|x86.Build.0 = Debug|Any CPU
		{9B53B0DB-63ED-45D7-9180-DD893E99A2B5}.Release|Any CPU.ActiveCfg = Release|Any CPU
		{9B53B0DB-63ED-45D7-9180-DD893E99A2B5}.Release|Any CPU.Build.0 = Release|Any CPU
		{9B53B0DB-63ED-45D7-9180-DD893E99A2B5}.Release|ARM.ActiveCfg = Release|Any CPU
		{9B53B0DB-63ED-45D7-9180-DD893E99A2B5}.Release|ARM.Build.0 = Release|Any CPU
		{9B53B0DB-63ED-45D7-9180-DD893E99A2B5}.Release|iPhone.ActiveCfg = Release|Any CPU
		{9B53B0DB-63ED-45D7-9180-DD893E99A2B5}.Release|iPhone.Build.0 = Release|Any CPU
		{9B53B0DB-63ED-45D7-9180-DD893E99A2B5}.Release|iPhoneSimulator.ActiveCfg = Release|Any CPU
		{9B53B0DB-63ED-45D7-9180-DD893E99A2B5}.Release|iPhoneSimulator.Build.0 = Release|Any CPU
		{9B53B0DB-63ED-45D7-9180-DD893E99A2B5}.Release|Mixed Platforms.ActiveCfg = Release|Any CPU
		{9B53B0DB-63ED-45D7-9180-DD893E99A2B5}.Release|Mixed Platforms.Build.0 = Release|Any CPU
		{9B53B0DB-63ED-45D7-9180-DD893E99A2B5}.Release|x64.ActiveCfg = Release|Any CPU
		{9B53B0DB-63ED-45D7-9180-DD893E99A2B5}.Release|x64.Build.0 = Release|Any CPU
		{9B53B0DB-63ED-45D7-9180-DD893E99A2B5}.Release|x86.ActiveCfg = Release|Any CPU
		{9B53B0DB-63ED-45D7-9180-DD893E99A2B5}.Release|x86.Build.0 = Release|Any CPU
		{98C9965B-F1DA-4BBC-AF63-1565E22B1F12}.Ad-Hoc|Any CPU.ActiveCfg = Debug|Any CPU
		{98C9965B-F1DA-4BBC-AF63-1565E22B1F12}.Ad-Hoc|Any CPU.Build.0 = Debug|Any CPU
		{98C9965B-F1DA-4BBC-AF63-1565E22B1F12}.Ad-Hoc|ARM.ActiveCfg = Debug|Any CPU
		{98C9965B-F1DA-4BBC-AF63-1565E22B1F12}.Ad-Hoc|ARM.Build.0 = Debug|Any CPU
		{98C9965B-F1DA-4BBC-AF63-1565E22B1F12}.Ad-Hoc|iPhone.ActiveCfg = Debug|Any CPU
		{98C9965B-F1DA-4BBC-AF63-1565E22B1F12}.Ad-Hoc|iPhone.Build.0 = Debug|Any CPU
		{98C9965B-F1DA-4BBC-AF63-1565E22B1F12}.Ad-Hoc|iPhoneSimulator.ActiveCfg = Debug|Any CPU
		{98C9965B-F1DA-4BBC-AF63-1565E22B1F12}.Ad-Hoc|iPhoneSimulator.Build.0 = Debug|Any CPU
		{98C9965B-F1DA-4BBC-AF63-1565E22B1F12}.Ad-Hoc|Mixed Platforms.ActiveCfg = Debug|Any CPU
		{98C9965B-F1DA-4BBC-AF63-1565E22B1F12}.Ad-Hoc|Mixed Platforms.Build.0 = Debug|Any CPU
		{98C9965B-F1DA-4BBC-AF63-1565E22B1F12}.Ad-Hoc|x64.ActiveCfg = Debug|Any CPU
		{98C9965B-F1DA-4BBC-AF63-1565E22B1F12}.Ad-Hoc|x64.Build.0 = Debug|Any CPU
		{98C9965B-F1DA-4BBC-AF63-1565E22B1F12}.Ad-Hoc|x86.ActiveCfg = Debug|Any CPU
		{98C9965B-F1DA-4BBC-AF63-1565E22B1F12}.Ad-Hoc|x86.Build.0 = Debug|Any CPU
		{98C9965B-F1DA-4BBC-AF63-1565E22B1F12}.AppStore|Any CPU.ActiveCfg = Debug|Any CPU
		{98C9965B-F1DA-4BBC-AF63-1565E22B1F12}.AppStore|Any CPU.Build.0 = Debug|Any CPU
		{98C9965B-F1DA-4BBC-AF63-1565E22B1F12}.AppStore|ARM.ActiveCfg = Debug|Any CPU
		{98C9965B-F1DA-4BBC-AF63-1565E22B1F12}.AppStore|ARM.Build.0 = Debug|Any CPU
		{98C9965B-F1DA-4BBC-AF63-1565E22B1F12}.AppStore|iPhone.ActiveCfg = Debug|Any CPU
		{98C9965B-F1DA-4BBC-AF63-1565E22B1F12}.AppStore|iPhone.Build.0 = Debug|Any CPU
		{98C9965B-F1DA-4BBC-AF63-1565E22B1F12}.AppStore|iPhoneSimulator.ActiveCfg = Debug|Any CPU
		{98C9965B-F1DA-4BBC-AF63-1565E22B1F12}.AppStore|iPhoneSimulator.Build.0 = Debug|Any CPU
		{98C9965B-F1DA-4BBC-AF63-1565E22B1F12}.AppStore|Mixed Platforms.ActiveCfg = Debug|Any CPU
		{98C9965B-F1DA-4BBC-AF63-1565E22B1F12}.AppStore|Mixed Platforms.Build.0 = Debug|Any CPU
		{98C9965B-F1DA-4BBC-AF63-1565E22B1F12}.AppStore|x64.ActiveCfg = Debug|Any CPU
		{98C9965B-F1DA-4BBC-AF63-1565E22B1F12}.AppStore|x64.Build.0 = Debug|Any CPU
		{98C9965B-F1DA-4BBC-AF63-1565E22B1F12}.AppStore|x86.ActiveCfg = Debug|Any CPU
		{98C9965B-F1DA-4BBC-AF63-1565E22B1F12}.AppStore|x86.Build.0 = Debug|Any CPU
		{98C9965B-F1DA-4BBC-AF63-1565E22B1F12}.Debug|Any CPU.ActiveCfg = Debug|Any CPU
		{98C9965B-F1DA-4BBC-AF63-1565E22B1F12}.Debug|Any CPU.Build.0 = Debug|Any CPU
		{98C9965B-F1DA-4BBC-AF63-1565E22B1F12}.Debug|ARM.ActiveCfg = Debug|Any CPU
		{98C9965B-F1DA-4BBC-AF63-1565E22B1F12}.Debug|ARM.Build.0 = Debug|Any CPU
		{98C9965B-F1DA-4BBC-AF63-1565E22B1F12}.Debug|iPhone.ActiveCfg = Debug|Any CPU
		{98C9965B-F1DA-4BBC-AF63-1565E22B1F12}.Debug|iPhone.Build.0 = Debug|Any CPU
		{98C9965B-F1DA-4BBC-AF63-1565E22B1F12}.Debug|iPhoneSimulator.ActiveCfg = Debug|Any CPU
		{98C9965B-F1DA-4BBC-AF63-1565E22B1F12}.Debug|iPhoneSimulator.Build.0 = Debug|Any CPU
		{98C9965B-F1DA-4BBC-AF63-1565E22B1F12}.Debug|Mixed Platforms.ActiveCfg = Debug|Any CPU
		{98C9965B-F1DA-4BBC-AF63-1565E22B1F12}.Debug|Mixed Platforms.Build.0 = Debug|Any CPU
		{98C9965B-F1DA-4BBC-AF63-1565E22B1F12}.Debug|x64.ActiveCfg = Debug|Any CPU
		{98C9965B-F1DA-4BBC-AF63-1565E22B1F12}.Debug|x64.Build.0 = Debug|Any CPU
		{98C9965B-F1DA-4BBC-AF63-1565E22B1F12}.Debug|x86.ActiveCfg = Debug|Any CPU
		{98C9965B-F1DA-4BBC-AF63-1565E22B1F12}.Debug|x86.Build.0 = Debug|Any CPU
		{98C9965B-F1DA-4BBC-AF63-1565E22B1F12}.Release|Any CPU.ActiveCfg = Release|Any CPU
		{98C9965B-F1DA-4BBC-AF63-1565E22B1F12}.Release|Any CPU.Build.0 = Release|Any CPU
		{98C9965B-F1DA-4BBC-AF63-1565E22B1F12}.Release|ARM.ActiveCfg = Release|Any CPU
		{98C9965B-F1DA-4BBC-AF63-1565E22B1F12}.Release|ARM.Build.0 = Release|Any CPU
		{98C9965B-F1DA-4BBC-AF63-1565E22B1F12}.Release|iPhone.ActiveCfg = Release|Any CPU
		{98C9965B-F1DA-4BBC-AF63-1565E22B1F12}.Release|iPhone.Build.0 = Release|Any CPU
		{98C9965B-F1DA-4BBC-AF63-1565E22B1F12}.Release|iPhoneSimulator.ActiveCfg = Release|Any CPU
		{98C9965B-F1DA-4BBC-AF63-1565E22B1F12}.Release|iPhoneSimulator.Build.0 = Release|Any CPU
		{98C9965B-F1DA-4BBC-AF63-1565E22B1F12}.Release|Mixed Platforms.ActiveCfg = Release|Any CPU
		{98C9965B-F1DA-4BBC-AF63-1565E22B1F12}.Release|Mixed Platforms.Build.0 = Release|Any CPU
		{98C9965B-F1DA-4BBC-AF63-1565E22B1F12}.Release|x64.ActiveCfg = Release|Any CPU
		{98C9965B-F1DA-4BBC-AF63-1565E22B1F12}.Release|x64.Build.0 = Release|Any CPU
		{98C9965B-F1DA-4BBC-AF63-1565E22B1F12}.Release|x86.ActiveCfg = Release|Any CPU
		{98C9965B-F1DA-4BBC-AF63-1565E22B1F12}.Release|x86.Build.0 = Release|Any CPU
	EndGlobalSection
	GlobalSection(SolutionProperties) = preSolution
		HideSolutionNode = FALSE
	EndGlobalSection
	GlobalSection(TestCaseManagementSettings) = postSolution
		CategoryFile = ReactiveUI.vsmdi
	EndGlobalSection
EndGlobal
